<?xml version="1.0" encoding="utf-8"?>
<Project ToolsVersion="15.0" xmlns="http://schemas.microsoft.com/developer/msbuild/2003">
  <ItemGroup>
    <ClCompile Include="F:\tt2g\Trinity2\src\server\scripts\World\achievement_scripts.cpp">
      <Filter>World</Filter>
    </ClCompile>
    <ClCompile Include="F:\tt2g\Trinity2\src\server\scripts\World\action_ip_logger.cpp">
      <Filter>World</Filter>
    </ClCompile>
    <ClCompile Include="F:\tt2g\Trinity2\src\server\scripts\World\areatrigger_scripts.cpp">
      <Filter>World</Filter>
    </ClCompile>
    <ClCompile Include="F:\tt2g\Trinity2\src\server\scripts\World\boss_emerald_dragons.cpp">
      <Filter>World</Filter>
    </ClCompile>
    <ClCompile Include="F:\tt2g\Trinity2\src\server\scripts\World\chat_log.cpp">
      <Filter>World</Filter>
    </ClCompile>
    <ClCompile Include="F:\tt2g\Trinity2\src\server\scripts\World\conversation_scripts.cpp">
      <Filter>World</Filter>
    </ClCompile>
    <ClCompile Include="F:\tt2g\Trinity2\src\server\scripts\World\duel_reset.cpp">
      <Filter>World</Filter>
    </ClCompile>
    <ClCompile Include="F:\tt2g\Trinity2\src\server\scripts\World\go_scripts.cpp">
      <Filter>World</Filter>
    </ClCompile>
    <ClCompile Include="F:\tt2g\Trinity2\src\server\scripts\World\guards.cpp">
      <Filter>World</Filter>
    </ClCompile>
    <ClCompile Include="F:\tt2g\Trinity2\src\server\scripts\World\item_scripts.cpp">
      <Filter>World</Filter>
    </ClCompile>
    <ClCompile Include="F:\tt2g\Trinity2\src\server\scripts\World\mob_generic_creature.cpp">
      <Filter>World</Filter>
    </ClCompile>
    <ClCompile Include="F:\tt2g\Trinity2\src\server\scripts\World\npc_innkeeper.cpp">
      <Filter>World</Filter>
    </ClCompile>
    <ClCompile Include="F:\tt2g\Trinity2\src\server\scripts\World\npc_professions.cpp">
      <Filter>World</Filter>
    </ClCompile>
    <ClCompile Include="F:\tt2g\Trinity2\src\server\scripts\World\npcs_special.cpp">
      <Filter>World</Filter>
    </ClCompile>
    <ClCompile Include="F:\tt2g\Trinity2\src\server\scripts\World\scene_scripts.cpp">
      <Filter>World</Filter>
    </ClCompile>
    <ClCompile Include="F:\tt2g\Trinity2\src\server\scripts\World\world_script_loader.cpp">
      <Filter>World</Filter>
    </ClCompile>
    <ClCompile Include="F:\tt2g\TC\DynamicLib_Build\src\server\scripts\gen_scriptloader\World\ScriptLoader.cpp">
      <Filter>Source Files</Filter>
    </ClCompile>
  </ItemGroup>
  <ItemGroup>
    <CustomBuild Include="F:\tt2g\TC\DynamicLib_Build\CMakeFiles\0cddcbf7994714881d1f9220de4ecd92\scripts_world_CXX_prefix.hxx.rule">
      <Filter>CMake Rules</Filter>
    </CustomBuild>
    <CustomBuild Include="F:\tt2g\Trinity2\src\server\scripts\CMakeLists.txt" />
  </ItemGroup>
  <ItemGroup>
    <Filter Include="CMake Rules">
      <UniqueIdentifier>{0C5CD29E-FB95-35DA-AEAB-014F6BCEE985}</UniqueIdentifier>
    </Filter>
    <Filter Include="Source Files">
      <UniqueIdentifier>{ECDD3141-97E1-34E9-B477-4ED06314660A}</UniqueIdentifier>
    </Filter>
    <Filter Include="World">
      <UniqueIdentifier>{29680D06-36D3-38A1-AC9F-0F91A27EB2BD}</UniqueIdentifier>
    </Filter>
  </ItemGroup>
</Project>
