<?xml version="1.0" encoding="utf-8"?>
<Project ToolsVersion="15.0" xmlns="http://schemas.microsoft.com/developer/msbuild/2003">
  <ItemGroup>
    <ClCompile Include="F:\tt2g\Trinity2\src\server\scripts\Kalimdor\kalimdor_script_loader.cpp">
      <Filter>Kalimdor</Filter>
    </ClCompile>
    <ClCompile Include="F:\tt2g\Trinity2\src\server\scripts\Kalimdor\zone_ashenvale.cpp">
      <Filter>Kalimdor</Filter>
    </ClCompile>
    <ClCompile Include="F:\tt2g\Trinity2\src\server\scripts\Kalimdor\zone_azshara.cpp">
      <Filter>Kalimdor</Filter>
    </ClCompile>
    <ClCompile Include="F:\tt2g\Trinity2\src\server\scripts\Kalimdor\zone_azuremyst_isle.cpp">
      <Filter>Kalimdor</Filter>
    </ClCompile>
    <ClCompile Include="F:\tt2g\Trinity2\src\server\scripts\Kalimdor\zone_bloodmyst_isle.cpp">
      <Filter>Kalimdor</Filter>
    </ClCompile>
    <ClCompile Include="F:\tt2g\Trinity2\src\server\scripts\Kalimdor\zone_darkshore.cpp">
      <Filter>Kalimdor</Filter>
    </ClCompile>
    <ClCompile Include="F:\tt2g\Trinity2\src\server\scripts\Kalimdor\zone_desolace.cpp">
      <Filter>Kalimdor</Filter>
    </ClCompile>
    <ClCompile Include="F:\tt2g\Trinity2\src\server\scripts\Kalimdor\zone_durotar.cpp">
      <Filter>Kalimdor</Filter>
    </ClCompile>
    <ClCompile Include="F:\tt2g\Trinity2\src\server\scripts\Kalimdor\zone_dustwallow_marsh.cpp">
      <Filter>Kalimdor</Filter>
    </ClCompile>
    <ClCompile Include="F:\tt2g\Trinity2\src\server\scripts\Kalimdor\zone_felwood.cpp">
      <Filter>Kalimdor</Filter>
    </ClCompile>
    <ClCompile Include="F:\tt2g\Trinity2\src\server\scripts\Kalimdor\zone_feralas.cpp">
      <Filter>Kalimdor</Filter>
    </ClCompile>
    <ClCompile Include="F:\tt2g\Trinity2\src\server\scripts\Kalimdor\zone_moonglade.cpp">
      <Filter>Kalimdor</Filter>
    </ClCompile>
    <ClCompile Include="F:\tt2g\Trinity2\src\server\scripts\Kalimdor\zone_mulgore.cpp">
      <Filter>Kalimdor</Filter>
    </ClCompile>
    <ClCompile Include="F:\tt2g\Trinity2\src\server\scripts\Kalimdor\zone_orgrimmar.cpp">
      <Filter>Kalimdor</Filter>
    </ClCompile>
    <ClCompile Include="F:\tt2g\Trinity2\src\server\scripts\Kalimdor\zone_silithus.cpp">
      <Filter>Kalimdor</Filter>
    </ClCompile>
    <ClCompile Include="F:\tt2g\Trinity2\src\server\scripts\Kalimdor\zone_stonetalon_mountains.cpp">
      <Filter>Kalimdor</Filter>
    </ClCompile>
    <ClCompile Include="F:\tt2g\Trinity2\src\server\scripts\Kalimdor\zone_tanaris.cpp">
      <Filter>Kalimdor</Filter>
    </ClCompile>
    <ClCompile Include="F:\tt2g\Trinity2\src\server\scripts\Kalimdor\zone_the_barrens.cpp">
      <Filter>Kalimdor</Filter>
    </ClCompile>
    <ClCompile Include="F:\tt2g\Trinity2\src\server\scripts\Kalimdor\zone_thousand_needles.cpp">
      <Filter>Kalimdor</Filter>
    </ClCompile>
    <ClCompile Include="F:\tt2g\Trinity2\src\server\scripts\Kalimdor\zone_thunder_bluff.cpp">
      <Filter>Kalimdor</Filter>
    </ClCompile>
    <ClCompile Include="F:\tt2g\Trinity2\src\server\scripts\Kalimdor\zone_ungoro_crater.cpp">
      <Filter>Kalimdor</Filter>
    </ClCompile>
    <ClCompile Include="F:\tt2g\Trinity2\src\server\scripts\Kalimdor\zone_winterspring.cpp">
      <Filter>Kalimdor</Filter>
    </ClCompile>
    <ClCompile Include="F:\tt2g\Trinity2\src\server\scripts\Kalimdor\BlackfathomDeeps\blackfathom_deeps.cpp">
      <Filter>Kalimdor\BlackfathomDeeps</Filter>
    </ClCompile>
    <ClCompile Include="F:\tt2g\Trinity2\src\server\scripts\Kalimdor\BlackfathomDeeps\boss_aku_mai.cpp">
      <Filter>Kalimdor\BlackfathomDeeps</Filter>
    </ClCompile>
    <ClCompile Include="F:\tt2g\Trinity2\src\server\scripts\Kalimdor\BlackfathomDeeps\boss_gelihast.cpp">
      <Filter>Kalimdor\BlackfathomDeeps</Filter>
    </ClCompile>
    <ClCompile Include="F:\tt2g\Trinity2\src\server\scripts\Kalimdor\BlackfathomDeeps\boss_kelris.cpp">
      <Filter>Kalimdor\BlackfathomDeeps</Filter>
    </ClCompile>
    <ClCompile Include="F:\tt2g\Trinity2\src\server\scripts\Kalimdor\BlackfathomDeeps\instance_blackfathom_deeps.cpp">
      <Filter>Kalimdor\BlackfathomDeeps</Filter>
    </ClCompile>
    <ClCompile Include="F:\tt2g\Trinity2\src\server\scripts\Kalimdor\CavernsOfTime\BattleForMountHyjal\boss_anetheron.cpp">
      <Filter>Kalimdor\CavernsOfTime\BattleForMountHyjal</Filter>
    </ClCompile>
    <ClCompile Include="F:\tt2g\Trinity2\src\server\scripts\Kalimdor\CavernsOfTime\BattleForMountHyjal\boss_archimonde.cpp">
      <Filter>Kalimdor\CavernsOfTime\BattleForMountHyjal</Filter>
    </ClCompile>
    <ClCompile Include="F:\tt2g\Trinity2\src\server\scripts\Kalimdor\CavernsOfTime\BattleForMountHyjal\boss_azgalor.cpp">
      <Filter>Kalimdor\CavernsOfTime\BattleForMountHyjal</Filter>
    </ClCompile>
    <ClCompile Include="F:\tt2g\Trinity2\src\server\scripts\Kalimdor\CavernsOfTime\BattleForMountHyjal\boss_kazrogal.cpp">
      <Filter>Kalimdor\CavernsOfTime\BattleForMountHyjal</Filter>
    </ClCompile>
    <ClCompile Include="F:\tt2g\Trinity2\src\server\scripts\Kalimdor\CavernsOfTime\BattleForMountHyjal\boss_rage_winterchill.cpp">
      <Filter>Kalimdor\CavernsOfTime\BattleForMountHyjal</Filter>
    </ClCompile>
    <ClCompile Include="F:\tt2g\Trinity2\src\server\scripts\Kalimdor\CavernsOfTime\BattleForMountHyjal\hyjal.cpp">
      <Filter>Kalimdor\CavernsOfTime\BattleForMountHyjal</Filter>
    </ClCompile>
    <ClCompile Include="F:\tt2g\Trinity2\src\server\scripts\Kalimdor\CavernsOfTime\BattleForMountHyjal\hyjalAI.cpp">
      <Filter>Kalimdor\CavernsOfTime\BattleForMountHyjal</Filter>
    </ClCompile>
    <ClCompile Include="F:\tt2g\Trinity2\src\server\scripts\Kalimdor\CavernsOfTime\BattleForMountHyjal\hyjal_trash.cpp">
      <Filter>Kalimdor\CavernsOfTime\BattleForMountHyjal</Filter>
    </ClCompile>
    <ClCompile Include="F:\tt2g\Trinity2\src\server\scripts\Kalimdor\CavernsOfTime\BattleForMountHyjal\instance_hyjal.cpp">
      <Filter>Kalimdor\CavernsOfTime\BattleForMountHyjal</Filter>
    </ClCompile>
    <ClCompile Include="F:\tt2g\Trinity2\src\server\scripts\Kalimdor\CavernsOfTime\CullingOfStratholme\boss_chrono_lord_epoch.cpp">
      <Filter>Kalimdor\CavernsOfTime\CullingOfStratholme</Filter>
    </ClCompile>
    <ClCompile Include="F:\tt2g\Trinity2\src\server\scripts\Kalimdor\CavernsOfTime\CullingOfStratholme\boss_infinite_corruptor.cpp">
      <Filter>Kalimdor\CavernsOfTime\CullingOfStratholme</Filter>
    </ClCompile>
    <ClCompile Include="F:\tt2g\Trinity2\src\server\scripts\Kalimdor\CavernsOfTime\CullingOfStratholme\boss_mal_ganis.cpp">
      <Filter>Kalimdor\CavernsOfTime\CullingOfStratholme</Filter>
    </ClCompile>
    <ClCompile Include="F:\tt2g\Trinity2\src\server\scripts\Kalimdor\CavernsOfTime\CullingOfStratholme\boss_meathook.cpp">
      <Filter>Kalimdor\CavernsOfTime\CullingOfStratholme</Filter>
    </ClCompile>
    <ClCompile Include="F:\tt2g\Trinity2\src\server\scripts\Kalimdor\CavernsOfTime\CullingOfStratholme\boss_salramm_the_fleshcrafter.cpp">
      <Filter>Kalimdor\CavernsOfTime\CullingOfStratholme</Filter>
    </ClCompile>
    <ClCompile Include="F:\tt2g\Trinity2\src\server\scripts\Kalimdor\CavernsOfTime\CullingOfStratholme\culling_of_stratholme.cpp">
      <Filter>Kalimdor\CavernsOfTime\CullingOfStratholme</Filter>
    </ClCompile>
    <ClCompile Include="F:\tt2g\Trinity2\src\server\scripts\Kalimdor\CavernsOfTime\CullingOfStratholme\instance_culling_of_stratholme.cpp">
      <Filter>Kalimdor\CavernsOfTime\CullingOfStratholme</Filter>
    </ClCompile>
    <ClCompile Include="F:\tt2g\Trinity2\src\server\scripts\Kalimdor\CavernsOfTime\EscapeFromDurnholdeKeep\boss_captain_skarloc.cpp">
      <Filter>Kalimdor\CavernsOfTime\EscapeFromDurnholdeKeep</Filter>
    </ClCompile>
    <ClCompile Include="F:\tt2g\Trinity2\src\server\scripts\Kalimdor\CavernsOfTime\EscapeFromDurnholdeKeep\boss_epoch_hunter.cpp">
      <Filter>Kalimdor\CavernsOfTime\EscapeFromDurnholdeKeep</Filter>
    </ClCompile>
    <ClCompile Include="F:\tt2g\Trinity2\src\server\scripts\Kalimdor\CavernsOfTime\EscapeFromDurnholdeKeep\boss_leutenant_drake.cpp">
      <Filter>Kalimdor\CavernsOfTime\EscapeFromDurnholdeKeep</Filter>
    </ClCompile>
    <ClCompile Include="F:\tt2g\Trinity2\src\server\scripts\Kalimdor\CavernsOfTime\EscapeFromDurnholdeKeep\instance_old_hillsbrad.cpp">
      <Filter>Kalimdor\CavernsOfTime\EscapeFromDurnholdeKeep</Filter>
    </ClCompile>
    <ClCompile Include="F:\tt2g\Trinity2\src\server\scripts\Kalimdor\CavernsOfTime\EscapeFromDurnholdeKeep\old_hillsbrad.cpp">
      <Filter>Kalimdor\CavernsOfTime\EscapeFromDurnholdeKeep</Filter>
    </ClCompile>
    <ClCompile Include="F:\tt2g\Trinity2\src\server\scripts\Kalimdor\CavernsOfTime\TheBlackMorass\boss_aeonus.cpp">
      <Filter>Kalimdor\CavernsOfTime\TheBlackMorass</Filter>
    </ClCompile>
    <ClCompile Include="F:\tt2g\Trinity2\src\server\scripts\Kalimdor\CavernsOfTime\TheBlackMorass\boss_chrono_lord_deja.cpp">
      <Filter>Kalimdor\CavernsOfTime\TheBlackMorass</Filter>
    </ClCompile>
    <ClCompile Include="F:\tt2g\Trinity2\src\server\scripts\Kalimdor\CavernsOfTime\TheBlackMorass\boss_temporus.cpp">
      <Filter>Kalimdor\CavernsOfTime\TheBlackMorass</Filter>
    </ClCompile>
    <ClCompile Include="F:\tt2g\Trinity2\src\server\scripts\Kalimdor\CavernsOfTime\TheBlackMorass\instance_the_black_morass.cpp">
      <Filter>Kalimdor\CavernsOfTime\TheBlackMorass</Filter>
    </ClCompile>
    <ClCompile Include="F:\tt2g\Trinity2\src\server\scripts\Kalimdor\CavernsOfTime\TheBlackMorass\the_black_morass.cpp">
      <Filter>Kalimdor\CavernsOfTime\TheBlackMorass</Filter>
    </ClCompile>
    <ClCompile Include="F:\tt2g\Trinity2\src\server\scripts\Kalimdor\DireMaul\instance_dire_maul.cpp">
      <Filter>Kalimdor\DireMaul</Filter>
    </ClCompile>
    <ClCompile Include="F:\tt2g\Trinity2\src\server\scripts\Kalimdor\Firelands\boss_alysrazor.cpp">
      <Filter>Kalimdor\Firelands</Filter>
    </ClCompile>
    <ClCompile Include="F:\tt2g\Trinity2\src\server\scripts\Kalimdor\Firelands\boss_baleroc.cpp">
      <Filter>Kalimdor\Firelands</Filter>
    </ClCompile>
    <ClCompile Include="F:\tt2g\Trinity2\src\server\scripts\Kalimdor\Firelands\firelands.cpp">
      <Filter>Kalimdor\Firelands</Filter>
    </ClCompile>
    <ClCompile Include="F:\tt2g\Trinity2\src\server\scripts\Kalimdor\Firelands\instance_firelands.cpp">
      <Filter>Kalimdor\Firelands</Filter>
    </ClCompile>
    <ClCompile Include="F:\tt2g\Trinity2\src\server\scripts\Kalimdor\HallsOfOrigination\boss_anraphet.cpp">
      <Filter>Kalimdor\HallsOfOrigination</Filter>
    </ClCompile>
    <ClCompile Include="F:\tt2g\Trinity2\src\server\scripts\Kalimdor\HallsOfOrigination\boss_earthrager_ptah.cpp">
      <Filter>Kalimdor\HallsOfOrigination</Filter>
    </ClCompile>
    <ClCompile Include="F:\tt2g\Trinity2\src\server\scripts\Kalimdor\HallsOfOrigination\boss_temple_guardian_anhuur.cpp">
      <Filter>Kalimdor\HallsOfOrigination</Filter>
    </ClCompile>
    <ClCompile Include="F:\tt2g\Trinity2\src\server\scripts\Kalimdor\HallsOfOrigination\instance_halls_of_origination.cpp">
      <Filter>Kalimdor\HallsOfOrigination</Filter>
    </ClCompile>
    <ClCompile Include="F:\tt2g\Trinity2\src\server\scripts\Kalimdor\Maraudon\boss_celebras_the_cursed.cpp">
      <Filter>Kalimdor\Maraudon</Filter>
    </ClCompile>
    <ClCompile Include="F:\tt2g\Trinity2\src\server\scripts\Kalimdor\Maraudon\boss_landslide.cpp">
      <Filter>Kalimdor\Maraudon</Filter>
    </ClCompile>
    <ClCompile Include="F:\tt2g\Trinity2\src\server\scripts\Kalimdor\Maraudon\boss_noxxion.cpp">
      <Filter>Kalimdor\Maraudon</Filter>
    </ClCompile>
    <ClCompile Include="F:\tt2g\Trinity2\src\server\scripts\Kalimdor\Maraudon\boss_princess_theradras.cpp">
      <Filter>Kalimdor\Maraudon</Filter>
    </ClCompile>
    <ClCompile Include="F:\tt2g\Trinity2\src\server\scripts\Kalimdor\Maraudon\instance_maraudon.cpp">
      <Filter>Kalimdor\Maraudon</Filter>
    </ClCompile>
    <ClCompile Include="F:\tt2g\Trinity2\src\server\scripts\Kalimdor\OnyxiasLair\boss_onyxia.cpp">
      <Filter>Kalimdor\OnyxiasLair</Filter>
    </ClCompile>
    <ClCompile Include="F:\tt2g\Trinity2\src\server\scripts\Kalimdor\OnyxiasLair\instance_onyxias_lair.cpp">
      <Filter>Kalimdor\OnyxiasLair</Filter>
    </ClCompile>
    <ClCompile Include="F:\tt2g\Trinity2\src\server\scripts\Kalimdor\RagefireChasm\instance_ragefire_chasm.cpp">
      <Filter>Kalimdor\RagefireChasm</Filter>
    </ClCompile>
    <ClCompile Include="F:\tt2g\Trinity2\src\server\scripts\Kalimdor\RazorfenDowns\boss_amnennar_the_coldbringer.cpp">
      <Filter>Kalimdor\RazorfenDowns</Filter>
    </ClCompile>
    <ClCompile Include="F:\tt2g\Trinity2\src\server\scripts\Kalimdor\RazorfenDowns\boss_glutton.cpp">
      <Filter>Kalimdor\RazorfenDowns</Filter>
    </ClCompile>
    <ClCompile Include="F:\tt2g\Trinity2\src\server\scripts\Kalimdor\RazorfenDowns\boss_mordresh_fire_eye.cpp">
      <Filter>Kalimdor\RazorfenDowns</Filter>
    </ClCompile>
    <ClCompile Include="F:\tt2g\Trinity2\src\server\scripts\Kalimdor\RazorfenDowns\boss_tuten_kash.cpp">
      <Filter>Kalimdor\RazorfenDowns</Filter>
    </ClCompile>
    <ClCompile Include="F:\tt2g\Trinity2\src\server\scripts\Kalimdor\RazorfenDowns\instance_razorfen_downs.cpp">
      <Filter>Kalimdor\RazorfenDowns</Filter>
    </ClCompile>
    <ClCompile Include="F:\tt2g\Trinity2\src\server\scripts\Kalimdor\RazorfenDowns\razorfen_downs.cpp">
      <Filter>Kalimdor\RazorfenDowns</Filter>
    </ClCompile>
    <ClCompile Include="F:\tt2g\Trinity2\src\server\scripts\Kalimdor\RazorfenKraul\instance_razorfen_kraul.cpp">
      <Filter>Kalimdor\RazorfenKraul</Filter>
    </ClCompile>
    <ClCompile Include="F:\tt2g\Trinity2\src\server\scripts\Kalimdor\RazorfenKraul\razorfen_kraul.cpp">
      <Filter>Kalimdor\RazorfenKraul</Filter>
    </ClCompile>
    <ClCompile Include="F:\tt2g\Trinity2\src\server\scripts\Kalimdor\RuinsOfAhnQiraj\boss_ayamiss.cpp">
      <Filter>Kalimdor\RuinsOfAhnQiraj</Filter>
    </ClCompile>
    <ClCompile Include="F:\tt2g\Trinity2\src\server\scripts\Kalimdor\RuinsOfAhnQiraj\boss_buru.cpp">
      <Filter>Kalimdor\RuinsOfAhnQiraj</Filter>
    </ClCompile>
    <ClCompile Include="F:\tt2g\Trinity2\src\server\scripts\Kalimdor\RuinsOfAhnQiraj\boss_kurinnaxx.cpp">
      <Filter>Kalimdor\RuinsOfAhnQiraj</Filter>
    </ClCompile>
    <ClCompile Include="F:\tt2g\Trinity2\src\server\scripts\Kalimdor\RuinsOfAhnQiraj\boss_moam.cpp">
      <Filter>Kalimdor\RuinsOfAhnQiraj</Filter>
    </ClCompile>
    <ClCompile Include="F:\tt2g\Trinity2\src\server\scripts\Kalimdor\RuinsOfAhnQiraj\boss_ossirian.cpp">
      <Filter>Kalimdor\RuinsOfAhnQiraj</Filter>
    </ClCompile>
    <ClCompile Include="F:\tt2g\Trinity2\src\server\scripts\Kalimdor\RuinsOfAhnQiraj\boss_rajaxx.cpp">
      <Filter>Kalimdor\RuinsOfAhnQiraj</Filter>
    </ClCompile>
    <ClCompile Include="F:\tt2g\Trinity2\src\server\scripts\Kalimdor\RuinsOfAhnQiraj\instance_ruins_of_ahnqiraj.cpp">
      <Filter>Kalimdor\RuinsOfAhnQiraj</Filter>
    </ClCompile>
    <ClCompile Include="F:\tt2g\Trinity2\src\server\scripts\Kalimdor\TempleOfAhnQiraj\boss_bug_trio.cpp">
      <Filter>Kalimdor\TempleOfAhnQiraj</Filter>
    </ClCompile>
    <ClCompile Include="F:\tt2g\Trinity2\src\server\scripts\Kalimdor\TempleOfAhnQiraj\boss_cthun.cpp">
      <Filter>Kalimdor\TempleOfAhnQiraj</Filter>
    </ClCompile>
    <ClCompile Include="F:\tt2g\Trinity2\src\server\scripts\Kalimdor\TempleOfAhnQiraj\boss_fankriss.cpp">
      <Filter>Kalimdor\TempleOfAhnQiraj</Filter>
    </ClCompile>
    <ClCompile Include="F:\tt2g\Trinity2\src\server\scripts\Kalimdor\TempleOfAhnQiraj\boss_huhuran.cpp">
      <Filter>Kalimdor\TempleOfAhnQiraj</Filter>
    </ClCompile>
    <ClCompile Include="F:\tt2g\Trinity2\src\server\scripts\Kalimdor\TempleOfAhnQiraj\boss_ouro.cpp">
      <Filter>Kalimdor\TempleOfAhnQiraj</Filter>
    </ClCompile>
    <ClCompile Include="F:\tt2g\Trinity2\src\server\scripts\Kalimdor\TempleOfAhnQiraj\boss_sartura.cpp">
      <Filter>Kalimdor\TempleOfAhnQiraj</Filter>
    </ClCompile>
    <ClCompile Include="F:\tt2g\Trinity2\src\server\scripts\Kalimdor\TempleOfAhnQiraj\boss_skeram.cpp">
      <Filter>Kalimdor\TempleOfAhnQiraj</Filter>
    </ClCompile>
    <ClCompile Include="F:\tt2g\Trinity2\src\server\scripts\Kalimdor\TempleOfAhnQiraj\boss_twinemperors.cpp">
      <Filter>Kalimdor\TempleOfAhnQiraj</Filter>
    </ClCompile>
    <ClCompile Include="F:\tt2g\Trinity2\src\server\scripts\Kalimdor\TempleOfAhnQiraj\boss_viscidus.cpp">
      <Filter>Kalimdor\TempleOfAhnQiraj</Filter>
    </ClCompile>
    <ClCompile Include="F:\tt2g\Trinity2\src\server\scripts\Kalimdor\TempleOfAhnQiraj\instance_temple_of_ahnqiraj.cpp">
      <Filter>Kalimdor\TempleOfAhnQiraj</Filter>
    </ClCompile>
    <ClCompile Include="F:\tt2g\Trinity2\src\server\scripts\Kalimdor\TempleOfAhnQiraj\mob_anubisath_sentinel.cpp">
      <Filter>Kalimdor\TempleOfAhnQiraj</Filter>
    </ClCompile>
    <ClCompile Include="F:\tt2g\Trinity2\src\server\scripts\Kalimdor\WailingCaverns\instance_wailing_caverns.cpp">
      <Filter>Kalimdor\WailingCaverns</Filter>
    </ClCompile>
    <ClCompile Include="F:\tt2g\Trinity2\src\server\scripts\Kalimdor\WailingCaverns\wailing_caverns.cpp">
      <Filter>Kalimdor\WailingCaverns</Filter>
    </ClCompile>
    <ClCompile Include="F:\tt2g\Trinity2\src\server\scripts\Kalimdor\ZulFarrak\boss_zum_rah.cpp">
      <Filter>Kalimdor\ZulFarrak</Filter>
    </ClCompile>
    <ClCompile Include="F:\tt2g\Trinity2\src\server\scripts\Kalimdor\ZulFarrak\instance_zulfarrak.cpp">
      <Filter>Kalimdor\ZulFarrak</Filter>
    </ClCompile>
    <ClCompile Include="F:\tt2g\Trinity2\src\server\scripts\Kalimdor\ZulFarrak\zulfarrak.cpp">
      <Filter>Kalimdor\ZulFarrak</Filter>
    </ClCompile>
    <ClCompile Include="F:\tt2g\TC\DynamicLib_Build\src\server\scripts\gen_scriptloader\Kalimdor\ScriptLoader.cpp">
      <Filter>Source Files</Filter>
    </ClCompile>
  </ItemGroup>
  <ItemGroup>
    <ClInclude Include="F:\tt2g\Trinity2\src\server\scripts\Kalimdor\BlackfathomDeeps\blackfathom_deeps.h">
      <Filter>Kalimdor\BlackfathomDeeps</Filter>
    </ClInclude>
    <ClInclude Include="F:\tt2g\Trinity2\src\server\scripts\Kalimdor\CavernsOfTime\BattleForMountHyjal\hyjal.h">
      <Filter>Kalimdor\CavernsOfTime\BattleForMountHyjal</Filter>
    </ClInclude>
    <ClInclude Include="F:\tt2g\Trinity2\src\server\scripts\Kalimdor\CavernsOfTime\BattleForMountHyjal\hyjalAI.h">
      <Filter>Kalimdor\CavernsOfTime\BattleForMountHyjal</Filter>
    </ClInclude>
    <ClInclude Include="F:\tt2g\Trinity2\src\server\scripts\Kalimdor\CavernsOfTime\BattleForMountHyjal\hyjal_trash.h">
      <Filter>Kalimdor\CavernsOfTime\BattleForMountHyjal</Filter>
    </ClInclude>
    <ClInclude Include="F:\tt2g\Trinity2\src\server\scripts\Kalimdor\CavernsOfTime\CullingOfStratholme\culling_of_stratholme.h">
      <Filter>Kalimdor\CavernsOfTime\CullingOfStratholme</Filter>
    </ClInclude>
    <ClInclude Include="F:\tt2g\Trinity2\src\server\scripts\Kalimdor\CavernsOfTime\EscapeFromDurnholdeKeep\old_hillsbrad.h">
      <Filter>Kalimdor\CavernsOfTime\EscapeFromDurnholdeKeep</Filter>
    </ClInclude>
    <ClInclude Include="F:\tt2g\Trinity2\src\server\scripts\Kalimdor\CavernsOfTime\TheBlackMorass\the_black_morass.h">
      <Filter>Kalimdor\CavernsOfTime\TheBlackMorass</Filter>
    </ClInclude>
    <ClInclude Include="F:\tt2g\Trinity2\src\server\scripts\Kalimdor\Firelands\firelands.h">
      <Filter>Kalimdor\Firelands</Filter>
    </ClInclude>
    <ClInclude Include="F:\tt2g\Trinity2\src\server\scripts\Kalimdor\HallsOfOrigination\halls_of_origination.h">
      <Filter>Kalimdor\HallsOfOrigination</Filter>
    </ClInclude>
    <ClInclude Include="F:\tt2g\Trinity2\src\server\scripts\Kalimdor\Maraudon\maraudon.h">
      <Filter>Kalimdor\Maraudon</Filter>
    </ClInclude>
    <ClInclude Include="F:\tt2g\Trinity2\src\server\scripts\Kalimdor\OnyxiasLair\onyxias_lair.h">
      <Filter>Kalimdor\OnyxiasLair</Filter>
    </ClInclude>
    <ClInclude Include="F:\tt2g\Trinity2\src\server\scripts\Kalimdor\RazorfenDowns\razorfen_downs.h">
      <Filter>Kalimdor\RazorfenDowns</Filter>
    </ClInclude>
    <ClInclude Include="F:\tt2g\Trinity2\src\server\scripts\Kalimdor\RazorfenKraul\razorfen_kraul.h">
      <Filter>Kalimdor\RazorfenKraul</Filter>
    </ClInclude>
    <ClInclude Include="F:\tt2g\Trinity2\src\server\scripts\Kalimdor\RuinsOfAhnQiraj\ruins_of_ahnqiraj.h">
      <Filter>Kalimdor\RuinsOfAhnQiraj</Filter>
    </ClInclude>
    <ClInclude Include="F:\tt2g\Trinity2\src\server\scripts\Kalimdor\TempleOfAhnQiraj\temple_of_ahnqiraj.h">
      <Filter>Kalimdor\TempleOfAhnQiraj</Filter>
    </ClInclude>
    <ClInclude Include="F:\tt2g\Trinity2\src\server\scripts\Kalimdor\WailingCaverns\wailing_caverns.h">
      <Filter>Kalimdor\WailingCaverns</Filter>
    </ClInclude>
    <ClInclude Include="F:\tt2g\Trinity2\src\server\scripts\Kalimdor\ZulFarrak\zulfarrak.h">
      <Filter>Kalimdor\ZulFarrak</Filter>
    </ClInclude>
  </ItemGroup>
  <ItemGroup>
    <CustomBuild Include="F:\tt2g\TC\DynamicLib_Build\CMakeFiles\0cddcbf7994714881d1f9220de4ecd92\scripts_kalimdor_CXX_prefix.hxx.rule">
      <Filter>CMake Rules</Filter>
    </CustomBuild>
    <CustomBuild Include="F:\tt2g\Trinity2\src\server\scripts\CMakeLists.txt" />
  </ItemGroup>
  <ItemGroup>
    <Filter Include="CMake Rules">
      <UniqueIdentifier>{0C5CD29E-FB95-35DA-AEAB-014F6BCEE985}</UniqueIdentifier>
    </Filter>
    <Filter Include="Kalimdor">
      <UniqueIdentifier>{524F11E4-D55F-3FC6-A622-03EFB9768441}</UniqueIdentifier>
    </Filter>
    <Filter Include="Kalimdor\BlackfathomDeeps">
      <UniqueIdentifier>{A5E6C491-E7C0-3858-9190-1412ED9BB643}</UniqueIdentifier>
    </Filter>
    <Filter Include="Kalimdor\CavernsOfTime">
      <UniqueIdentifier>{95C93CE0-FE87-3CFE-9D33-EB695D6913BE}</UniqueIdentifier>
    </Filter>
    <Filter Include="Kalimdor\CavernsOfTime\BattleForMountHyjal">
      <UniqueIdentifier>{664D4BBC-0837-3D84-840E-AD375841C328}</UniqueIdentifier>
    </Filter>
    <Filter Include="Kalimdor\CavernsOfTime\CullingOfStratholme">
      <UniqueIdentifier>{2CA35DD3-8236-3EB8-BDC2-11D49A21F4D5}</UniqueIdentifier>
    </Filter>
    <Filter Include="Kalimdor\CavernsOfTime\EscapeFromDurnholdeKeep">
      <UniqueIdentifier>{0F552408-A3B1-382D-AD85-53D8B3E013E7}</UniqueIdentifier>
    </Filter>
    <Filter Include="Kalimdor\CavernsOfTime\TheBlackMorass">
      <UniqueIdentifier>{79694ECF-3FAB-33B8-9BB9-7B582EF78B14}</UniqueIdentifier>
    </Filter>
    <Filter Include="Kalimdor\DireMaul">
      <UniqueIdentifier>{DADD8581-5582-336F-BBD4-72E7CADAAC0E}</UniqueIdentifier>
    </Filter>
    <Filter Include="Kalimdor\Firelands">
      <UniqueIdentifier>{335B1651-8A28-333C-8964-7F34060079CB}</UniqueIdentifier>
    </Filter>
    <Filter Include="Kalimdor\HallsOfOrigination">
      <UniqueIdentifier>{B95ADDE5-EA32-3B77-9BC9-DB42C961CC84}</UniqueIdentifier>
    </Filter>
    <Filter Include="Kalimdor\Maraudon">
      <UniqueIdentifier>{3750A713-BE74-31C5-9E03-59AB99619BEB}</UniqueIdentifier>
    </Filter>
    <Filter Include="Kalimdor\OnyxiasLair">
      <UniqueIdentifier>{7B2D6725-86EE-3ABD-80BD-1A639D49902E}</UniqueIdentifier>
    </Filter>
    <Filter Include="Kalimdor\RagefireChasm">
      <UniqueIdentifier>{8185C678-5C14-31B2-8503-37E6CD29CF40}</UniqueIdentifier>
    </Filter>
    <Filter Include="Kalimdor\RazorfenDowns">
      <UniqueIdentifier>{C5409A85-5C18-3CD5-940D-E07C7B42A3D0}</UniqueIdentifier>
    </Filter>
    <Filter Include="Kalimdor\RazorfenKraul">
      <UniqueIdentifier>{1678529B-A36A-312B-BF7E-A6281CD49EDC}</UniqueIdentifier>
    </Filter>
    <Filter Include="Kalimdor\RuinsOfAhnQiraj">
      <UniqueIdentifier>{7E73BD7A-9060-3760-A1C1-4F209FFBB7E8}</UniqueIdentifier>
    </Filter>
    <Filter Include="Kalimdor\TempleOfAhnQiraj">
      <UniqueIdentifier>{F3BE9372-E603-3860-9AE4-EF58CBE6E381}</UniqueIdentifier>
    </Filter>
    <Filter Include="Kalimdor\WailingCaverns">
      <UniqueIdentifier>{E0FEB61B-ECD8-3A67-8050-34B7F0183391}</UniqueIdentifier>
    </Filter>
    <Filter Include="Kalimdor\ZulFarrak">
      <UniqueIdentifier>{3B11386D-A72B-31B2-87A4-11F8AD8A384A}</UniqueIdentifier>
    </Filter>
    <Filter Include="Source Files">
      <UniqueIdentifier>{ECDD3141-97E1-34E9-B477-4ED06314660A}</UniqueIdentifier>
    </Filter>
  </ItemGroup>
</Project>
