<?xml version="1.0" encoding="utf-8"?>
<Project ToolsVersion="15.0" xmlns="http://schemas.microsoft.com/developer/msbuild/2003">
  <ItemGroup>
    <CustomBuild Include="E:\TC_Build_Static\CMakeFiles\ba683158e923cc2c523ee1924617e9c1\INSTALL_force.rule">
      <Filter>CMake Rules</Filter>
    </CustomBuild>
  </ItemGroup>
  <ItemGroup>
    <Filter Include="CMake Rules">
      <UniqueIdentifier>{C9BCF40E-D311-325C-9404-880E3F074E0D}</UniqueIdentifier>
    </Filter>
  </ItemGroup>
</Project>
