Microsoft Visual Studio Solution File, Format Version 12.00
# Visual Studio 15
Project("{8BC9CEB8-8B4A-11D0-8D11-00A0C91BC942}") = "ALL_BUILD", "ALL_BUILD.vcxproj", "{78392CA5-DA9A-3BC0-B0AE-5E7B42236759}"
	ProjectSection(ProjectDependencies) = postProject
		{126355DC-0130-34F5-B567-653221CC02F1} = {126355DC-0130-34F5-B567-653221CC02F1}
		{4193B8B2-B97B-3196-BCA3-F2B54C5E09B5} = {4193B8B2-B97B-3196-BCA3-F2B54C5E09B5}
		{5076ACBC-691D-3525-A753-5CEA6DC4ADBF} = {5076ACBC-691D-3525-A753-5CEA6DC4ADBF}
		{B88BFE51-1A37-38CB-8FC2-572BBAC453EA} = {B88BFE51-1A37-38CB-8FC2-572BBAC453EA}
		{2DCAFAD2-6243-31EF-B6AD-0A61501CB08C} = {2DCAFAD2-6243-31EF-B6AD-0A61501CB08C}
		{C545BC92-2409-39EC-9C94-403BE0EF2407} = {C545BC92-2409-39EC-9C94-403BE0EF2407}
		{72E2ECE7-BDCB-310B-839A-0E67A2D2A1C1} = {72E2ECE7-BDCB-310B-839A-0E67A2D2A1C1}
		{58B45C3C-5A26-3F19-BAA1-B6506FAC2CD2} = {58B45C3C-5A26-3F19-BAA1-B6506FAC2CD2}
		{A63B8CB8-E5FE-3D54-8D81-06A43CA8FABE} = {A63B8CB8-E5FE-3D54-8D81-06A43CA8FABE}
		{9DEA64E8-21FF-3237-A266-27DE157290E0} = {9DEA64E8-21FF-3237-A266-27DE157290E0}
		{53FE7EFC-EE9C-362B-A2B4-EFDDB44CF262} = {53FE7EFC-EE9C-362B-A2B4-EFDDB44CF262}
		{15D95E65-2385-3530-8EDD-6027ED1DF290} = {15D95E65-2385-3530-8EDD-6027ED1DF290}
		{595977A3-9BEB-342C-8081-FBE269940DF9} = {595977A3-9BEB-342C-8081-FBE269940DF9}
		{2D98B7D3-C006-36E6-B4DA-CBAF0F2E4E3E} = {2D98B7D3-C006-36E6-B4DA-CBAF0F2E4E3E}
		{D7D3EDD8-1183-3D67-A975-E233C6C8738F} = {D7D3EDD8-1183-3D67-A975-E233C6C8738F}
		{D31CB1BD-C98B-3BBB-BE0C-42670608E8B1} = {D31CB1BD-C98B-3BBB-BE0C-42670608E8B1}
		{8A165EAB-7177-39F6-ADCF-27317CEBB126} = {8A165EAB-7177-39F6-ADCF-27317CEBB126}
		{47DF1903-394A-34F0-89CF-FB4CFEE33A10} = {47DF1903-394A-34F0-89CF-FB4CFEE33A10}
		{68273F2E-66A9-3DA5-B6DD-954BA4847CA5} = {68273F2E-66A9-3DA5-B6DD-954BA4847CA5}
		{E3BC5789-7257-383B-B136-2BBE4EA5701C} = {E3BC5789-7257-383B-B136-2BBE4EA5701C}
		{C17CA120-D185-35C5-ABF6-1FB86BF419BB} = {C17CA120-D185-35C5-ABF6-1FB86BF419BB}
		{CCF905CA-65FC-3499-9025-076C2AE192F2} = {CCF905CA-65FC-3499-9025-076C2AE192F2}
		{02D73ED7-E912-3AB4-84CE-7B7E19BE92BB} = {02D73ED7-E912-3AB4-84CE-7B7E19BE92BB}
		{E46287E3-47B8-3022-86F6-EADCC223AA76} = {E46287E3-47B8-3022-86F6-EADCC223AA76}
		{9772F744-20A2-3C11-B83B-56B95293D35C} = {9772F744-20A2-3C11-B83B-56B95293D35C}
	EndProjectSection
EndProject
Project("{8BC9CEB8-8B4A-11D0-8D11-00A0C91BC942}") = "Detour", "dep\recastnavigation\Detour\Detour.vcxproj", "{126355DC-0130-34F5-B567-653221CC02F1}"
	ProjectSection(ProjectDependencies) = postProject
		{5076ACBC-691D-3525-A753-5CEA6DC4ADBF} = {5076ACBC-691D-3525-A753-5CEA6DC4ADBF}
		{9772F744-20A2-3C11-B83B-56B95293D35C} = {9772F744-20A2-3C11-B83B-56B95293D35C}
	EndProjectSection
EndProject
Project("{8BC9CEB8-8B4A-11D0-8D11-00A0C91BC942}") = "INSTALL", "INSTALL.vcxproj", "{EE14BCE1-1CC8-346D-A10B-3F04E2E69FA0}"
	ProjectSection(ProjectDependencies) = postProject
		{78392CA5-DA9A-3BC0-B0AE-5E7B42236759} = {78392CA5-DA9A-3BC0-B0AE-5E7B42236759}
		{5076ACBC-691D-3525-A753-5CEA6DC4ADBF} = {5076ACBC-691D-3525-A753-5CEA6DC4ADBF}
	EndProjectSection
EndProject
Project("{8BC9CEB8-8B4A-11D0-8D11-00A0C91BC942}") = "Recast", "dep\recastnavigation\Recast\Recast.vcxproj", "{4193B8B2-B97B-3196-BCA3-F2B54C5E09B5}"
	ProjectSection(ProjectDependencies) = postProject
		{5076ACBC-691D-3525-A753-5CEA6DC4ADBF} = {5076ACBC-691D-3525-A753-5CEA6DC4ADBF}
		{9772F744-20A2-3C11-B83B-56B95293D35C} = {9772F744-20A2-3C11-B83B-56B95293D35C}
	EndProjectSection
EndProject
Project("{8BC9CEB8-8B4A-11D0-8D11-00A0C91BC942}") = "ZERO_CHECK", "ZERO_CHECK.vcxproj", "{5076ACBC-691D-3525-A753-5CEA6DC4ADBF}"
	ProjectSection(ProjectDependencies) = postProject
	EndProjectSection
EndProject
Project("{8BC9CEB8-8B4A-11D0-8D11-00A0C91BC942}") = "bnetserver", "src\server\bnetserver\bnetserver.vcxproj", "{B88BFE51-1A37-38CB-8FC2-572BBAC453EA}"
	ProjectSection(ProjectDependencies) = postProject
		{126355DC-0130-34F5-B567-653221CC02F1} = {126355DC-0130-34F5-B567-653221CC02F1}
		{5076ACBC-691D-3525-A753-5CEA6DC4ADBF} = {5076ACBC-691D-3525-A753-5CEA6DC4ADBF}
		{72E2ECE7-BDCB-310B-839A-0E67A2D2A1C1} = {72E2ECE7-BDCB-310B-839A-0E67A2D2A1C1}
		{A63B8CB8-E5FE-3D54-8D81-06A43CA8FABE} = {A63B8CB8-E5FE-3D54-8D81-06A43CA8FABE}
		{53FE7EFC-EE9C-362B-A2B4-EFDDB44CF262} = {53FE7EFC-EE9C-362B-A2B4-EFDDB44CF262}
		{15D95E65-2385-3530-8EDD-6027ED1DF290} = {15D95E65-2385-3530-8EDD-6027ED1DF290}
		{2D98B7D3-C006-36E6-B4DA-CBAF0F2E4E3E} = {2D98B7D3-C006-36E6-B4DA-CBAF0F2E4E3E}
		{8A165EAB-7177-39F6-ADCF-27317CEBB126} = {8A165EAB-7177-39F6-ADCF-27317CEBB126}
		{47DF1903-394A-34F0-89CF-FB4CFEE33A10} = {47DF1903-394A-34F0-89CF-FB4CFEE33A10}
		{C17CA120-D185-35C5-ABF6-1FB86BF419BB} = {C17CA120-D185-35C5-ABF6-1FB86BF419BB}
		{9772F744-20A2-3C11-B83B-56B95293D35C} = {9772F744-20A2-3C11-B83B-56B95293D35C}
	EndProjectSection
EndProject
Project("{8BC9CEB8-8B4A-11D0-8D11-00A0C91BC942}") = "bzip2", "dep\bzip2\bzip2.vcxproj", "{2DCAFAD2-6243-31EF-B6AD-0A61501CB08C}"
	ProjectSection(ProjectDependencies) = postProject
		{5076ACBC-691D-3525-A753-5CEA6DC4ADBF} = {5076ACBC-691D-3525-A753-5CEA6DC4ADBF}
	EndProjectSection
EndProject
Project("{8BC9CEB8-8B4A-11D0-8D11-00A0C91BC942}") = "casc", "dep\CascLib\casc.vcxproj", "{C545BC92-2409-39EC-9C94-403BE0EF2407}"
	ProjectSection(ProjectDependencies) = postProject
		{5076ACBC-691D-3525-A753-5CEA6DC4ADBF} = {5076ACBC-691D-3525-A753-5CEA6DC4ADBF}
		{9772F744-20A2-3C11-B83B-56B95293D35C} = {9772F744-20A2-3C11-B83B-56B95293D35C}
	EndProjectSection
EndProject
Project("{8BC9CEB8-8B4A-11D0-8D11-00A0C91BC942}") = "clean_cotire", "src\common\clean_cotire.vcxproj", "{EE828D0F-D790-395B-9C73-97F6EDEA661A}"
	ProjectSection(ProjectDependencies) = postProject
		{5076ACBC-691D-3525-A753-5CEA6DC4ADBF} = {5076ACBC-691D-3525-A753-5CEA6DC4ADBF}
	EndProjectSection
EndProject
Project("{8BC9CEB8-8B4A-11D0-8D11-00A0C91BC942}") = "common", "src\common\common.vcxproj", "{72E2ECE7-BDCB-310B-839A-0E67A2D2A1C1}"
	ProjectSection(ProjectDependencies) = postProject
		{126355DC-0130-34F5-B567-653221CC02F1} = {126355DC-0130-34F5-B567-653221CC02F1}
		{5076ACBC-691D-3525-A753-5CEA6DC4ADBF} = {5076ACBC-691D-3525-A753-5CEA6DC4ADBF}
		{53FE7EFC-EE9C-362B-A2B4-EFDDB44CF262} = {53FE7EFC-EE9C-362B-A2B4-EFDDB44CF262}
		{15D95E65-2385-3530-8EDD-6027ED1DF290} = {15D95E65-2385-3530-8EDD-6027ED1DF290}
		{68273F2E-66A9-3DA5-B6DD-954BA4847CA5} = {68273F2E-66A9-3DA5-B6DD-954BA4847CA5}
		{9772F744-20A2-3C11-B83B-56B95293D35C} = {9772F744-20A2-3C11-B83B-56B95293D35C}
	EndProjectSection
EndProject
Project("{8BC9CEB8-8B4A-11D0-8D11-00A0C91BC942}") = "connection_patcher", "src\tools\connection_patcher\connection_patcher.vcxproj", "{58B45C3C-5A26-3F19-BAA1-B6506FAC2CD2}"
	ProjectSection(ProjectDependencies) = postProject
		{126355DC-0130-34F5-B567-653221CC02F1} = {126355DC-0130-34F5-B567-653221CC02F1}
		{5076ACBC-691D-3525-A753-5CEA6DC4ADBF} = {5076ACBC-691D-3525-A753-5CEA6DC4ADBF}
		{72E2ECE7-BDCB-310B-839A-0E67A2D2A1C1} = {72E2ECE7-BDCB-310B-839A-0E67A2D2A1C1}
		{53FE7EFC-EE9C-362B-A2B4-EFDDB44CF262} = {53FE7EFC-EE9C-362B-A2B4-EFDDB44CF262}
		{15D95E65-2385-3530-8EDD-6027ED1DF290} = {15D95E65-2385-3530-8EDD-6027ED1DF290}
		{9772F744-20A2-3C11-B83B-56B95293D35C} = {9772F744-20A2-3C11-B83B-56B95293D35C}
	EndProjectSection
EndProject
Project("{8BC9CEB8-8B4A-11D0-8D11-00A0C91BC942}") = "database", "src\server\database\database.vcxproj", "{A63B8CB8-E5FE-3D54-8D81-06A43CA8FABE}"
	ProjectSection(ProjectDependencies) = postProject
		{126355DC-0130-34F5-B567-653221CC02F1} = {126355DC-0130-34F5-B567-653221CC02F1}
		{5076ACBC-691D-3525-A753-5CEA6DC4ADBF} = {5076ACBC-691D-3525-A753-5CEA6DC4ADBF}
		{72E2ECE7-BDCB-310B-839A-0E67A2D2A1C1} = {72E2ECE7-BDCB-310B-839A-0E67A2D2A1C1}
		{53FE7EFC-EE9C-362B-A2B4-EFDDB44CF262} = {53FE7EFC-EE9C-362B-A2B4-EFDDB44CF262}
		{15D95E65-2385-3530-8EDD-6027ED1DF290} = {15D95E65-2385-3530-8EDD-6027ED1DF290}
		{9772F744-20A2-3C11-B83B-56B95293D35C} = {9772F744-20A2-3C11-B83B-56B95293D35C}
	EndProjectSection
EndProject
Project("{8BC9CEB8-8B4A-11D0-8D11-00A0C91BC942}") = "extractor_common", "src\tools\extractor_common\extractor_common.vcxproj", "{9DEA64E8-21FF-3237-A266-27DE157290E0}"
	ProjectSection(ProjectDependencies) = postProject
		{126355DC-0130-34F5-B567-653221CC02F1} = {126355DC-0130-34F5-B567-653221CC02F1}
		{5076ACBC-691D-3525-A753-5CEA6DC4ADBF} = {5076ACBC-691D-3525-A753-5CEA6DC4ADBF}
		{C545BC92-2409-39EC-9C94-403BE0EF2407} = {C545BC92-2409-39EC-9C94-403BE0EF2407}
		{72E2ECE7-BDCB-310B-839A-0E67A2D2A1C1} = {72E2ECE7-BDCB-310B-839A-0E67A2D2A1C1}
		{53FE7EFC-EE9C-362B-A2B4-EFDDB44CF262} = {53FE7EFC-EE9C-362B-A2B4-EFDDB44CF262}
		{15D95E65-2385-3530-8EDD-6027ED1DF290} = {15D95E65-2385-3530-8EDD-6027ED1DF290}
		{9772F744-20A2-3C11-B83B-56B95293D35C} = {9772F744-20A2-3C11-B83B-56B95293D35C}
	EndProjectSection
EndProject
Project("{8BC9CEB8-8B4A-11D0-8D11-00A0C91BC942}") = "fmt", "dep\fmt\fmt.vcxproj", "{53FE7EFC-EE9C-362B-A2B4-EFDDB44CF262}"
	ProjectSection(ProjectDependencies) = postProject
		{5076ACBC-691D-3525-A753-5CEA6DC4ADBF} = {5076ACBC-691D-3525-A753-5CEA6DC4ADBF}
	EndProjectSection
EndProject
Project("{8BC9CEB8-8B4A-11D0-8D11-00A0C91BC942}") = "g3dlib", "dep\g3dlite\g3dlib.vcxproj", "{15D95E65-2385-3530-8EDD-6027ED1DF290}"
	ProjectSection(ProjectDependencies) = postProject
		{5076ACBC-691D-3525-A753-5CEA6DC4ADBF} = {5076ACBC-691D-3525-A753-5CEA6DC4ADBF}
		{9772F744-20A2-3C11-B83B-56B95293D35C} = {9772F744-20A2-3C11-B83B-56B95293D35C}
	EndProjectSection
EndProject
Project("{8BC9CEB8-8B4A-11D0-8D11-00A0C91BC942}") = "game", "src\server\game\game.vcxproj", "{595977A3-9BEB-342C-8081-FBE269940DF9}"
	ProjectSection(ProjectDependencies) = postProject
		{126355DC-0130-34F5-B567-653221CC02F1} = {126355DC-0130-34F5-B567-653221CC02F1}
		{5076ACBC-691D-3525-A753-5CEA6DC4ADBF} = {5076ACBC-691D-3525-A753-5CEA6DC4ADBF}
		{72E2ECE7-BDCB-310B-839A-0E67A2D2A1C1} = {72E2ECE7-BDCB-310B-839A-0E67A2D2A1C1}
		{A63B8CB8-E5FE-3D54-8D81-06A43CA8FABE} = {A63B8CB8-E5FE-3D54-8D81-06A43CA8FABE}
		{53FE7EFC-EE9C-362B-A2B4-EFDDB44CF262} = {53FE7EFC-EE9C-362B-A2B4-EFDDB44CF262}
		{15D95E65-2385-3530-8EDD-6027ED1DF290} = {15D95E65-2385-3530-8EDD-6027ED1DF290}
		{2D98B7D3-C006-36E6-B4DA-CBAF0F2E4E3E} = {2D98B7D3-C006-36E6-B4DA-CBAF0F2E4E3E}
		{8A165EAB-7177-39F6-ADCF-27317CEBB126} = {8A165EAB-7177-39F6-ADCF-27317CEBB126}
		{47DF1903-394A-34F0-89CF-FB4CFEE33A10} = {47DF1903-394A-34F0-89CF-FB4CFEE33A10}
		{C17CA120-D185-35C5-ABF6-1FB86BF419BB} = {C17CA120-D185-35C5-ABF6-1FB86BF419BB}
		{9772F744-20A2-3C11-B83B-56B95293D35C} = {9772F744-20A2-3C11-B83B-56B95293D35C}
	EndProjectSection
EndProject
Project("{8BC9CEB8-8B4A-11D0-8D11-00A0C91BC942}") = "gsoap", "dep\gsoap\gsoap.vcxproj", "{2D98B7D3-C006-36E6-B4DA-CBAF0F2E4E3E}"
	ProjectSection(ProjectDependencies) = postProject
		{5076ACBC-691D-3525-A753-5CEA6DC4ADBF} = {5076ACBC-691D-3525-A753-5CEA6DC4ADBF}
	EndProjectSection
EndProject
Project("{8BC9CEB8-8B4A-11D0-8D11-00A0C91BC942}") = "mapextractor", "src\tools\map_extractor\mapextractor.vcxproj", "{D7D3EDD8-1183-3D67-A975-E233C6C8738F}"
	ProjectSection(ProjectDependencies) = postProject
		{126355DC-0130-34F5-B567-653221CC02F1} = {126355DC-0130-34F5-B567-653221CC02F1}
		{5076ACBC-691D-3525-A753-5CEA6DC4ADBF} = {5076ACBC-691D-3525-A753-5CEA6DC4ADBF}
		{C545BC92-2409-39EC-9C94-403BE0EF2407} = {C545BC92-2409-39EC-9C94-403BE0EF2407}
		{72E2ECE7-BDCB-310B-839A-0E67A2D2A1C1} = {72E2ECE7-BDCB-310B-839A-0E67A2D2A1C1}
		{9DEA64E8-21FF-3237-A266-27DE157290E0} = {9DEA64E8-21FF-3237-A266-27DE157290E0}
		{53FE7EFC-EE9C-362B-A2B4-EFDDB44CF262} = {53FE7EFC-EE9C-362B-A2B4-EFDDB44CF262}
		{15D95E65-2385-3530-8EDD-6027ED1DF290} = {15D95E65-2385-3530-8EDD-6027ED1DF290}
		{9772F744-20A2-3C11-B83B-56B95293D35C} = {9772F744-20A2-3C11-B83B-56B95293D35C}
	EndProjectSection
EndProject
Project("{8BC9CEB8-8B4A-11D0-8D11-00A0C91BC942}") = "mmaps_generator", "src\tools\mmaps_generator\mmaps_generator.vcxproj", "{D31CB1BD-C98B-3BBB-BE0C-42670608E8B1}"
	ProjectSection(ProjectDependencies) = postProject
		{126355DC-0130-34F5-B567-653221CC02F1} = {126355DC-0130-34F5-B567-653221CC02F1}
		{4193B8B2-B97B-3196-BCA3-F2B54C5E09B5} = {4193B8B2-B97B-3196-BCA3-F2B54C5E09B5}
		{5076ACBC-691D-3525-A753-5CEA6DC4ADBF} = {5076ACBC-691D-3525-A753-5CEA6DC4ADBF}
		{2DCAFAD2-6243-31EF-B6AD-0A61501CB08C} = {2DCAFAD2-6243-31EF-B6AD-0A61501CB08C}
		{C545BC92-2409-39EC-9C94-403BE0EF2407} = {C545BC92-2409-39EC-9C94-403BE0EF2407}
		{72E2ECE7-BDCB-310B-839A-0E67A2D2A1C1} = {72E2ECE7-BDCB-310B-839A-0E67A2D2A1C1}
		{9DEA64E8-21FF-3237-A266-27DE157290E0} = {9DEA64E8-21FF-3237-A266-27DE157290E0}
		{53FE7EFC-EE9C-362B-A2B4-EFDDB44CF262} = {53FE7EFC-EE9C-362B-A2B4-EFDDB44CF262}
		{15D95E65-2385-3530-8EDD-6027ED1DF290} = {15D95E65-2385-3530-8EDD-6027ED1DF290}
		{9772F744-20A2-3C11-B83B-56B95293D35C} = {9772F744-20A2-3C11-B83B-56B95293D35C}
	EndProjectSection
EndProject
Project("{8BC9CEB8-8B4A-11D0-8D11-00A0C91BC942}") = "proto", "src\server\proto\proto.vcxproj", "{8A165EAB-7177-39F6-ADCF-27317CEBB126}"
	ProjectSection(ProjectDependencies) = postProject
		{126355DC-0130-34F5-B567-653221CC02F1} = {126355DC-0130-34F5-B567-653221CC02F1}
		{5076ACBC-691D-3525-A753-5CEA6DC4ADBF} = {5076ACBC-691D-3525-A753-5CEA6DC4ADBF}
		{72E2ECE7-BDCB-310B-839A-0E67A2D2A1C1} = {72E2ECE7-BDCB-310B-839A-0E67A2D2A1C1}
		{53FE7EFC-EE9C-362B-A2B4-EFDDB44CF262} = {53FE7EFC-EE9C-362B-A2B4-EFDDB44CF262}
		{15D95E65-2385-3530-8EDD-6027ED1DF290} = {15D95E65-2385-3530-8EDD-6027ED1DF290}
		{47DF1903-394A-34F0-89CF-FB4CFEE33A10} = {47DF1903-394A-34F0-89CF-FB4CFEE33A10}
		{9772F744-20A2-3C11-B83B-56B95293D35C} = {9772F744-20A2-3C11-B83B-56B95293D35C}
	EndProjectSection
EndProject
Project("{8BC9CEB8-8B4A-11D0-8D11-00A0C91BC942}") = "protobuf", "dep\protobuf\protobuf.vcxproj", "{47DF1903-394A-34F0-89CF-FB4CFEE33A10}"
	ProjectSection(ProjectDependencies) = postProject
		{5076ACBC-691D-3525-A753-5CEA6DC4ADBF} = {5076ACBC-691D-3525-A753-5CEA6DC4ADBF}
	EndProjectSection
EndProject
Project("{8BC9CEB8-8B4A-11D0-8D11-00A0C91BC942}") = "revision_data.h", "src\genrev\revision_data.h.vcxproj", "{68273F2E-66A9-3DA5-B6DD-954BA4847CA5}"
	ProjectSection(ProjectDependencies) = postProject
		{5076ACBC-691D-3525-A753-5CEA6DC4ADBF} = {5076ACBC-691D-3525-A753-5CEA6DC4ADBF}
	EndProjectSection
EndProject
Project("{8BC9CEB8-8B4A-11D0-8D11-00A0C91BC942}") = "scripts", "src\server\scripts\scripts.vcxproj", "{E3BC5789-7257-383B-B136-2BBE4EA5701C}"
	ProjectSection(ProjectDependencies) = postProject
		{126355DC-0130-34F5-B567-653221CC02F1} = {126355DC-0130-34F5-B567-653221CC02F1}
		{5076ACBC-691D-3525-A753-5CEA6DC4ADBF} = {5076ACBC-691D-3525-A753-5CEA6DC4ADBF}
		{72E2ECE7-BDCB-310B-839A-0E67A2D2A1C1} = {72E2ECE7-BDCB-310B-839A-0E67A2D2A1C1}
		{A63B8CB8-E5FE-3D54-8D81-06A43CA8FABE} = {A63B8CB8-E5FE-3D54-8D81-06A43CA8FABE}
		{53FE7EFC-EE9C-362B-A2B4-EFDDB44CF262} = {53FE7EFC-EE9C-362B-A2B4-EFDDB44CF262}
		{15D95E65-2385-3530-8EDD-6027ED1DF290} = {15D95E65-2385-3530-8EDD-6027ED1DF290}
		{2D98B7D3-C006-36E6-B4DA-CBAF0F2E4E3E} = {2D98B7D3-C006-36E6-B4DA-CBAF0F2E4E3E}
		{8A165EAB-7177-39F6-ADCF-27317CEBB126} = {8A165EAB-7177-39F6-ADCF-27317CEBB126}
		{47DF1903-394A-34F0-89CF-FB4CFEE33A10} = {47DF1903-394A-34F0-89CF-FB4CFEE33A10}
		{C17CA120-D185-35C5-ABF6-1FB86BF419BB} = {C17CA120-D185-35C5-ABF6-1FB86BF419BB}
		{9772F744-20A2-3C11-B83B-56B95293D35C} = {9772F744-20A2-3C11-B83B-56B95293D35C}
	EndProjectSection
EndProject
Project("{8BC9CEB8-8B4A-11D0-8D11-00A0C91BC942}") = "shared", "src\server\shared\shared.vcxproj", "{C17CA120-D185-35C5-ABF6-1FB86BF419BB}"
	ProjectSection(ProjectDependencies) = postProject
		{126355DC-0130-34F5-B567-653221CC02F1} = {126355DC-0130-34F5-B567-653221CC02F1}
		{5076ACBC-691D-3525-A753-5CEA6DC4ADBF} = {5076ACBC-691D-3525-A753-5CEA6DC4ADBF}
		{72E2ECE7-BDCB-310B-839A-0E67A2D2A1C1} = {72E2ECE7-BDCB-310B-839A-0E67A2D2A1C1}
		{A63B8CB8-E5FE-3D54-8D81-06A43CA8FABE} = {A63B8CB8-E5FE-3D54-8D81-06A43CA8FABE}
		{53FE7EFC-EE9C-362B-A2B4-EFDDB44CF262} = {53FE7EFC-EE9C-362B-A2B4-EFDDB44CF262}
		{15D95E65-2385-3530-8EDD-6027ED1DF290} = {15D95E65-2385-3530-8EDD-6027ED1DF290}
		{2D98B7D3-C006-36E6-B4DA-CBAF0F2E4E3E} = {2D98B7D3-C006-36E6-B4DA-CBAF0F2E4E3E}
		{8A165EAB-7177-39F6-ADCF-27317CEBB126} = {8A165EAB-7177-39F6-ADCF-27317CEBB126}
		{47DF1903-394A-34F0-89CF-FB4CFEE33A10} = {47DF1903-394A-34F0-89CF-FB4CFEE33A10}
		{9772F744-20A2-3C11-B83B-56B95293D35C} = {9772F744-20A2-3C11-B83B-56B95293D35C}
	EndProjectSection
EndProject
Project("{8BC9CEB8-8B4A-11D0-8D11-00A0C91BC942}") = "vmap4assembler", "src\tools\vmap4_assembler\vmap4assembler.vcxproj", "{CCF905CA-65FC-3499-9025-076C2AE192F2}"
	ProjectSection(ProjectDependencies) = postProject
		{126355DC-0130-34F5-B567-653221CC02F1} = {126355DC-0130-34F5-B567-653221CC02F1}
		{5076ACBC-691D-3525-A753-5CEA6DC4ADBF} = {5076ACBC-691D-3525-A753-5CEA6DC4ADBF}
		{C545BC92-2409-39EC-9C94-403BE0EF2407} = {C545BC92-2409-39EC-9C94-403BE0EF2407}
		{72E2ECE7-BDCB-310B-839A-0E67A2D2A1C1} = {72E2ECE7-BDCB-310B-839A-0E67A2D2A1C1}
		{53FE7EFC-EE9C-362B-A2B4-EFDDB44CF262} = {53FE7EFC-EE9C-362B-A2B4-EFDDB44CF262}
		{15D95E65-2385-3530-8EDD-6027ED1DF290} = {15D95E65-2385-3530-8EDD-6027ED1DF290}
		{9772F744-20A2-3C11-B83B-56B95293D35C} = {9772F744-20A2-3C11-B83B-56B95293D35C}
	EndProjectSection
EndProject
Project("{8BC9CEB8-8B4A-11D0-8D11-00A0C91BC942}") = "vmap4extractor", "src\tools\vmap4_extractor\vmap4extractor.vcxproj", "{02D73ED7-E912-3AB4-84CE-7B7E19BE92BB}"
	ProjectSection(ProjectDependencies) = postProject
		{126355DC-0130-34F5-B567-653221CC02F1} = {126355DC-0130-34F5-B567-653221CC02F1}
		{5076ACBC-691D-3525-A753-5CEA6DC4ADBF} = {5076ACBC-691D-3525-A753-5CEA6DC4ADBF}
		{2DCAFAD2-6243-31EF-B6AD-0A61501CB08C} = {2DCAFAD2-6243-31EF-B6AD-0A61501CB08C}
		{C545BC92-2409-39EC-9C94-403BE0EF2407} = {C545BC92-2409-39EC-9C94-403BE0EF2407}
		{72E2ECE7-BDCB-310B-839A-0E67A2D2A1C1} = {72E2ECE7-BDCB-310B-839A-0E67A2D2A1C1}
		{9DEA64E8-21FF-3237-A266-27DE157290E0} = {9DEA64E8-21FF-3237-A266-27DE157290E0}
		{53FE7EFC-EE9C-362B-A2B4-EFDDB44CF262} = {53FE7EFC-EE9C-362B-A2B4-EFDDB44CF262}
		{15D95E65-2385-3530-8EDD-6027ED1DF290} = {15D95E65-2385-3530-8EDD-6027ED1DF290}
		{9772F744-20A2-3C11-B83B-56B95293D35C} = {9772F744-20A2-3C11-B83B-56B95293D35C}
	EndProjectSection
EndProject
Project("{8BC9CEB8-8B4A-11D0-8D11-00A0C91BC942}") = "worldserver", "src\server\worldserver\worldserver.vcxproj", "{E46287E3-47B8-3022-86F6-EADCC223AA76}"
	ProjectSection(ProjectDependencies) = postProject
		{126355DC-0130-34F5-B567-653221CC02F1} = {126355DC-0130-34F5-B567-653221CC02F1}
		{5076ACBC-691D-3525-A753-5CEA6DC4ADBF} = {5076ACBC-691D-3525-A753-5CEA6DC4ADBF}
		{72E2ECE7-BDCB-310B-839A-0E67A2D2A1C1} = {72E2ECE7-BDCB-310B-839A-0E67A2D2A1C1}
		{A63B8CB8-E5FE-3D54-8D81-06A43CA8FABE} = {A63B8CB8-E5FE-3D54-8D81-06A43CA8FABE}
		{53FE7EFC-EE9C-362B-A2B4-EFDDB44CF262} = {53FE7EFC-EE9C-362B-A2B4-EFDDB44CF262}
		{15D95E65-2385-3530-8EDD-6027ED1DF290} = {15D95E65-2385-3530-8EDD-6027ED1DF290}
		{595977A3-9BEB-342C-8081-FBE269940DF9} = {595977A3-9BEB-342C-8081-FBE269940DF9}
		{2D98B7D3-C006-36E6-B4DA-CBAF0F2E4E3E} = {2D98B7D3-C006-36E6-B4DA-CBAF0F2E4E3E}
		{8A165EAB-7177-39F6-ADCF-27317CEBB126} = {8A165EAB-7177-39F6-ADCF-27317CEBB126}
		{47DF1903-394A-34F0-89CF-FB4CFEE33A10} = {47DF1903-394A-34F0-89CF-FB4CFEE33A10}
		{E3BC5789-7257-383B-B136-2BBE4EA5701C} = {E3BC5789-7257-383B-B136-2BBE4EA5701C}
		{C17CA120-D185-35C5-ABF6-1FB86BF419BB} = {C17CA120-D185-35C5-ABF6-1FB86BF419BB}
		{9772F744-20A2-3C11-B83B-56B95293D35C} = {9772F744-20A2-3C11-B83B-56B95293D35C}
	EndProjectSection
EndProject
Project("{8BC9CEB8-8B4A-11D0-8D11-00A0C91BC942}") = "zlib", "dep\zlib\zlib.vcxproj", "{9772F744-20A2-3C11-B83B-56B95293D35C}"
	ProjectSection(ProjectDependencies) = postProject
		{5076ACBC-691D-3525-A753-5CEA6DC4ADBF} = {5076ACBC-691D-3525-A753-5CEA6DC4ADBF}
	EndProjectSection
EndProject
Global
	GlobalSection(SolutionConfigurationPlatforms) = preSolution
		Debug|x64 = Debug|x64
		Release|x64 = Release|x64
		MinSizeRel|x64 = MinSizeRel|x64
		RelWithDebInfo|x64 = RelWithDebInfo|x64
	EndGlobalSection
	GlobalSection(ProjectConfigurationPlatforms) = postSolution
		{78392CA5-DA9A-3BC0-B0AE-5E7B42236759}.Debug|x64.ActiveCfg = Debug|x64
		{78392CA5-DA9A-3BC0-B0AE-5E7B42236759}.Debug|x64.Build.0 = Debug|x64
		{78392CA5-DA9A-3BC0-B0AE-5E7B42236759}.Release|x64.ActiveCfg = Release|x64
		{78392CA5-DA9A-3BC0-B0AE-5E7B42236759}.Release|x64.Build.0 = Release|x64
		{78392CA5-DA9A-3BC0-B0AE-5E7B42236759}.MinSizeRel|x64.ActiveCfg = MinSizeRel|x64
		{78392CA5-DA9A-3BC0-B0AE-5E7B42236759}.MinSizeRel|x64.Build.0 = MinSizeRel|x64
		{78392CA5-DA9A-3BC0-B0AE-5E7B42236759}.RelWithDebInfo|x64.ActiveCfg = RelWithDebInfo|x64
		{78392CA5-DA9A-3BC0-B0AE-5E7B42236759}.RelWithDebInfo|x64.Build.0 = RelWithDebInfo|x64
		{126355DC-0130-34F5-B567-653221CC02F1}.Debug|x64.ActiveCfg = Debug|x64
		{126355DC-0130-34F5-B567-653221CC02F1}.Debug|x64.Build.0 = Debug|x64
		{126355DC-0130-34F5-B567-653221CC02F1}.Release|x64.ActiveCfg = Release|x64
		{126355DC-0130-34F5-B567-653221CC02F1}.Release|x64.Build.0 = Release|x64
		{126355DC-0130-34F5-B567-653221CC02F1}.MinSizeRel|x64.ActiveCfg = MinSizeRel|x64
		{126355DC-0130-34F5-B567-653221CC02F1}.MinSizeRel|x64.Build.0 = MinSizeRel|x64
		{126355DC-0130-34F5-B567-653221CC02F1}.RelWithDebInfo|x64.ActiveCfg = RelWithDebInfo|x64
		{126355DC-0130-34F5-B567-653221CC02F1}.RelWithDebInfo|x64.Build.0 = RelWithDebInfo|x64
		{EE14BCE1-1CC8-346D-A10B-3F04E2E69FA0}.Debug|x64.ActiveCfg = Debug|x64
		{EE14BCE1-1CC8-346D-A10B-3F04E2E69FA0}.Release|x64.ActiveCfg = Release|x64
		{EE14BCE1-1CC8-346D-A10B-3F04E2E69FA0}.MinSizeRel|x64.ActiveCfg = MinSizeRel|x64
		{EE14BCE1-1CC8-346D-A10B-3F04E2E69FA0}.RelWithDebInfo|x64.ActiveCfg = RelWithDebInfo|x64
		{4193B8B2-B97B-3196-BCA3-F2B54C5E09B5}.Debug|x64.ActiveCfg = Debug|x64
		{4193B8B2-B97B-3196-BCA3-F2B54C5E09B5}.Debug|x64.Build.0 = Debug|x64
		{4193B8B2-B97B-3196-BCA3-F2B54C5E09B5}.Release|x64.ActiveCfg = Release|x64
		{4193B8B2-B97B-3196-BCA3-F2B54C5E09B5}.Release|x64.Build.0 = Release|x64
		{4193B8B2-B97B-3196-BCA3-F2B54C5E09B5}.MinSizeRel|x64.ActiveCfg = MinSizeRel|x64
		{4193B8B2-B97B-3196-BCA3-F2B54C5E09B5}.MinSizeRel|x64.Build.0 = MinSizeRel|x64
		{4193B8B2-B97B-3196-BCA3-F2B54C5E09B5}.RelWithDebInfo|x64.ActiveCfg = RelWithDebInfo|x64
		{4193B8B2-B97B-3196-BCA3-F2B54C5E09B5}.RelWithDebInfo|x64.Build.0 = RelWithDebInfo|x64
		{5076ACBC-691D-3525-A753-5CEA6DC4ADBF}.Debug|x64.ActiveCfg = Debug|x64
		{5076ACBC-691D-3525-A753-5CEA6DC4ADBF}.Debug|x64.Build.0 = Debug|x64
		{5076ACBC-691D-3525-A753-5CEA6DC4ADBF}.Release|x64.ActiveCfg = Release|x64
		{5076ACBC-691D-3525-A753-5CEA6DC4ADBF}.Release|x64.Build.0 = Release|x64
		{5076ACBC-691D-3525-A753-5CEA6DC4ADBF}.MinSizeRel|x64.ActiveCfg = MinSizeRel|x64
		{5076ACBC-691D-3525-A753-5CEA6DC4ADBF}.MinSizeRel|x64.Build.0 = MinSizeRel|x64
		{5076ACBC-691D-3525-A753-5CEA6DC4ADBF}.RelWithDebInfo|x64.ActiveCfg = RelWithDebInfo|x64
		{5076ACBC-691D-3525-A753-5CEA6DC4ADBF}.RelWithDebInfo|x64.Build.0 = RelWithDebInfo|x64
		{B88BFE51-1A37-38CB-8FC2-572BBAC453EA}.Debug|x64.ActiveCfg = Debug|x64
		{B88BFE51-1A37-38CB-8FC2-572BBAC453EA}.Debug|x64.Build.0 = Debug|x64
		{B88BFE51-1A37-38CB-8FC2-572BBAC453EA}.Release|x64.ActiveCfg = Release|x64
		{B88BFE51-1A37-38CB-8FC2-572BBAC453EA}.Release|x64.Build.0 = Release|x64
		{B88BFE51-1A37-38CB-8FC2-572BBAC453EA}.MinSizeRel|x64.ActiveCfg = MinSizeRel|x64
		{B88BFE51-1A37-38CB-8FC2-572BBAC453EA}.MinSizeRel|x64.Build.0 = MinSizeRel|x64
		{B88BFE51-1A37-38CB-8FC2-572BBAC453EA}.RelWithDebInfo|x64.ActiveCfg = RelWithDebInfo|x64
		{B88BFE51-1A37-38CB-8FC2-572BBAC453EA}.RelWithDebInfo|x64.Build.0 = RelWithDebInfo|x64
		{2DCAFAD2-6243-31EF-B6AD-0A61501CB08C}.Debug|x64.ActiveCfg = Debug|x64
		{2DCAFAD2-6243-31EF-B6AD-0A61501CB08C}.Debug|x64.Build.0 = Debug|x64
		{2DCAFAD2-6243-31EF-B6AD-0A61501CB08C}.Release|x64.ActiveCfg = Release|x64
		{2DCAFAD2-6243-31EF-B6AD-0A61501CB08C}.Release|x64.Build.0 = Release|x64
		{2DCAFAD2-6243-31EF-B6AD-0A61501CB08C}.MinSizeRel|x64.ActiveCfg = MinSizeRel|x64
		{2DCAFAD2-6243-31EF-B6AD-0A61501CB08C}.MinSizeRel|x64.Build.0 = MinSizeRel|x64
		{2DCAFAD2-6243-31EF-B6AD-0A61501CB08C}.RelWithDebInfo|x64.ActiveCfg = RelWithDebInfo|x64
		{2DCAFAD2-6243-31EF-B6AD-0A61501CB08C}.RelWithDebInfo|x64.Build.0 = RelWithDebInfo|x64
		{C545BC92-2409-39EC-9C94-403BE0EF2407}.Debug|x64.ActiveCfg = Debug|x64
		{C545BC92-2409-39EC-9C94-403BE0EF2407}.Debug|x64.Build.0 = Debug|x64
		{C545BC92-2409-39EC-9C94-403BE0EF2407}.Release|x64.ActiveCfg = Release|x64
		{C545BC92-2409-39EC-9C94-403BE0EF2407}.Release|x64.Build.0 = Release|x64
		{C545BC92-2409-39EC-9C94-403BE0EF2407}.MinSizeRel|x64.ActiveCfg = MinSizeRel|x64
		{C545BC92-2409-39EC-9C94-403BE0EF2407}.MinSizeRel|x64.Build.0 = MinSizeRel|x64
		{C545BC92-2409-39EC-9C94-403BE0EF2407}.RelWithDebInfo|x64.ActiveCfg = RelWithDebInfo|x64
		{C545BC92-2409-39EC-9C94-403BE0EF2407}.RelWithDebInfo|x64.Build.0 = RelWithDebInfo|x64
		{EE828D0F-D790-395B-9C73-97F6EDEA661A}.Debug|x64.ActiveCfg = Debug|x64
		{EE828D0F-D790-395B-9C73-97F6EDEA661A}.Release|x64.ActiveCfg = Release|x64
		{EE828D0F-D790-395B-9C73-97F6EDEA661A}.MinSizeRel|x64.ActiveCfg = MinSizeRel|x64
		{EE828D0F-D790-395B-9C73-97F6EDEA661A}.RelWithDebInfo|x64.ActiveCfg = RelWithDebInfo|x64
		{72E2ECE7-BDCB-310B-839A-0E67A2D2A1C1}.Debug|x64.ActiveCfg = Debug|x64
		{72E2ECE7-BDCB-310B-839A-0E67A2D2A1C1}.Debug|x64.Build.0 = Debug|x64
		{72E2ECE7-BDCB-310B-839A-0E67A2D2A1C1}.Release|x64.ActiveCfg = Release|x64
		{72E2ECE7-BDCB-310B-839A-0E67A2D2A1C1}.Release|x64.Build.0 = Release|x64
		{72E2ECE7-BDCB-310B-839A-0E67A2D2A1C1}.MinSizeRel|x64.ActiveCfg = MinSizeRel|x64
		{72E2ECE7-BDCB-310B-839A-0E67A2D2A1C1}.MinSizeRel|x64.Build.0 = MinSizeRel|x64
		{72E2ECE7-BDCB-310B-839A-0E67A2D2A1C1}.RelWithDebInfo|x64.ActiveCfg = RelWithDebInfo|x64
		{72E2ECE7-BDCB-310B-839A-0E67A2D2A1C1}.RelWithDebInfo|x64.Build.0 = RelWithDebInfo|x64
		{58B45C3C-5A26-3F19-BAA1-B6506FAC2CD2}.Debug|x64.ActiveCfg = Debug|x64
		{58B45C3C-5A26-3F19-BAA1-B6506FAC2CD2}.Debug|x64.Build.0 = Debug|x64
		{58B45C3C-5A26-3F19-BAA1-B6506FAC2CD2}.Release|x64.ActiveCfg = Release|x64
		{58B45C3C-5A26-3F19-BAA1-B6506FAC2CD2}.Release|x64.Build.0 = Release|x64
		{58B45C3C-5A26-3F19-BAA1-B6506FAC2CD2}.MinSizeRel|x64.ActiveCfg = MinSizeRel|x64
		{58B45C3C-5A26-3F19-BAA1-B6506FAC2CD2}.MinSizeRel|x64.Build.0 = MinSizeRel|x64
		{58B45C3C-5A26-3F19-BAA1-B6506FAC2CD2}.RelWithDebInfo|x64.ActiveCfg = RelWithDebInfo|x64
		{58B45C3C-5A26-3F19-BAA1-B6506FAC2CD2}.RelWithDebInfo|x64.Build.0 = RelWithDebInfo|x64
		{A63B8CB8-E5FE-3D54-8D81-06A43CA8FABE}.Debug|x64.ActiveCfg = Debug|x64
		{A63B8CB8-E5FE-3D54-8D81-06A43CA8FABE}.Debug|x64.Build.0 = Debug|x64
		{A63B8CB8-E5FE-3D54-8D81-06A43CA8FABE}.Release|x64.ActiveCfg = Release|x64
		{A63B8CB8-E5FE-3D54-8D81-06A43CA8FABE}.Release|x64.Build.0 = Release|x64
		{A63B8CB8-E5FE-3D54-8D81-06A43CA8FABE}.MinSizeRel|x64.ActiveCfg = MinSizeRel|x64
		{A63B8CB8-E5FE-3D54-8D81-06A43CA8FABE}.MinSizeRel|x64.Build.0 = MinSizeRel|x64
		{A63B8CB8-E5FE-3D54-8D81-06A43CA8FABE}.RelWithDebInfo|x64.ActiveCfg = RelWithDebInfo|x64
		{A63B8CB8-E5FE-3D54-8D81-06A43CA8FABE}.RelWithDebInfo|x64.Build.0 = RelWithDebInfo|x64
		{9DEA64E8-21FF-3237-A266-27DE157290E0}.Debug|x64.ActiveCfg = Debug|x64
		{9DEA64E8-21FF-3237-A266-27DE157290E0}.Debug|x64.Build.0 = Debug|x64
		{9DEA64E8-21FF-3237-A266-27DE157290E0}.Release|x64.ActiveCfg = Release|x64
		{9DEA64E8-21FF-3237-A266-27DE157290E0}.Release|x64.Build.0 = Release|x64
		{9DEA64E8-21FF-3237-A266-27DE157290E0}.MinSizeRel|x64.ActiveCfg = MinSizeRel|x64
		{9DEA64E8-21FF-3237-A266-27DE157290E0}.MinSizeRel|x64.Build.0 = MinSizeRel|x64
		{9DEA64E8-21FF-3237-A266-27DE157290E0}.RelWithDebInfo|x64.ActiveCfg = RelWithDebInfo|x64
		{9DEA64E8-21FF-3237-A266-27DE157290E0}.RelWithDebInfo|x64.Build.0 = RelWithDebInfo|x64
		{53FE7EFC-EE9C-362B-A2B4-EFDDB44CF262}.Debug|x64.ActiveCfg = Debug|x64
		{53FE7EFC-EE9C-362B-A2B4-EFDDB44CF262}.Debug|x64.Build.0 = Debug|x64
		{53FE7EFC-EE9C-362B-A2B4-EFDDB44CF262}.Release|x64.ActiveCfg = Release|x64
		{53FE7EFC-EE9C-362B-A2B4-EFDDB44CF262}.Release|x64.Build.0 = Release|x64
		{53FE7EFC-EE9C-362B-A2B4-EFDDB44CF262}.MinSizeRel|x64.ActiveCfg = MinSizeRel|x64
		{53FE7EFC-EE9C-362B-A2B4-EFDDB44CF262}.MinSizeRel|x64.Build.0 = MinSizeRel|x64
		{53FE7EFC-EE9C-362B-A2B4-EFDDB44CF262}.RelWithDebInfo|x64.ActiveCfg = RelWithDebInfo|x64
		{53FE7EFC-EE9C-362B-A2B4-EFDDB44CF262}.RelWithDebInfo|x64.Build.0 = RelWithDebInfo|x64
		{15D95E65-2385-3530-8EDD-6027ED1DF290}.Debug|x64.ActiveCfg = Debug|x64
		{15D95E65-2385-3530-8EDD-6027ED1DF290}.Debug|x64.Build.0 = Debug|x64
		{15D95E65-2385-3530-8EDD-6027ED1DF290}.Release|x64.ActiveCfg = Release|x64
		{15D95E65-2385-3530-8EDD-6027ED1DF290}.Release|x64.Build.0 = Release|x64
		{15D95E65-2385-3530-8EDD-6027ED1DF290}.MinSizeRel|x64.ActiveCfg = MinSizeRel|x64
		{15D95E65-2385-3530-8EDD-6027ED1DF290}.MinSizeRel|x64.Build.0 = MinSizeRel|x64
		{15D95E65-2385-3530-8EDD-6027ED1DF290}.RelWithDebInfo|x64.ActiveCfg = RelWithDebInfo|x64
		{15D95E65-2385-3530-8EDD-6027ED1DF290}.RelWithDebInfo|x64.Build.0 = RelWithDebInfo|x64
		{595977A3-9BEB-342C-8081-FBE269940DF9}.Debug|x64.ActiveCfg = Debug|x64
		{595977A3-9BEB-342C-8081-FBE269940DF9}.Debug|x64.Build.0 = Debug|x64
		{595977A3-9BEB-342C-8081-FBE269940DF9}.Release|x64.ActiveCfg = Release|x64
		{595977A3-9BEB-342C-8081-FBE269940DF9}.Release|x64.Build.0 = Release|x64
		{595977A3-9BEB-342C-8081-FBE269940DF9}.MinSizeRel|x64.ActiveCfg = MinSizeRel|x64
		{595977A3-9BEB-342C-8081-FBE269940DF9}.MinSizeRel|x64.Build.0 = MinSizeRel|x64
		{595977A3-9BEB-342C-8081-FBE269940DF9}.RelWithDebInfo|x64.ActiveCfg = RelWithDebInfo|x64
		{595977A3-9BEB-342C-8081-FBE269940DF9}.RelWithDebInfo|x64.Build.0 = RelWithDebInfo|x64
		{2D98B7D3-C006-36E6-B4DA-CBAF0F2E4E3E}.Debug|x64.ActiveCfg = Debug|x64
		{2D98B7D3-C006-36E6-B4DA-CBAF0F2E4E3E}.Debug|x64.Build.0 = Debug|x64
		{2D98B7D3-C006-36E6-B4DA-CBAF0F2E4E3E}.Release|x64.ActiveCfg = Release|x64
		{2D98B7D3-C006-36E6-B4DA-CBAF0F2E4E3E}.Release|x64.Build.0 = Release|x64
		{2D98B7D3-C006-36E6-B4DA-CBAF0F2E4E3E}.MinSizeRel|x64.ActiveCfg = MinSizeRel|x64
		{2D98B7D3-C006-36E6-B4DA-CBAF0F2E4E3E}.MinSizeRel|x64.Build.0 = MinSizeRel|x64
		{2D98B7D3-C006-36E6-B4DA-CBAF0F2E4E3E}.RelWithDebInfo|x64.ActiveCfg = RelWithDebInfo|x64
		{2D98B7D3-C006-36E6-B4DA-CBAF0F2E4E3E}.RelWithDebInfo|x64.Build.0 = RelWithDebInfo|x64
		{D7D3EDD8-1183-3D67-A975-E233C6C8738F}.Debug|x64.ActiveCfg = Debug|x64
		{D7D3EDD8-1183-3D67-A975-E233C6C8738F}.Debug|x64.Build.0 = Debug|x64
		{D7D3EDD8-1183-3D67-A975-E233C6C8738F}.Release|x64.ActiveCfg = Release|x64
		{D7D3EDD8-1183-3D67-A975-E233C6C8738F}.Release|x64.Build.0 = Release|x64
		{D7D3EDD8-1183-3D67-A975-E233C6C8738F}.MinSizeRel|x64.ActiveCfg = MinSizeRel|x64
		{D7D3EDD8-1183-3D67-A975-E233C6C8738F}.MinSizeRel|x64.Build.0 = MinSizeRel|x64
		{D7D3EDD8-1183-3D67-A975-E233C6C8738F}.RelWithDebInfo|x64.ActiveCfg = RelWithDebInfo|x64
		{D7D3EDD8-1183-3D67-A975-E233C6C8738F}.RelWithDebInfo|x64.Build.0 = RelWithDebInfo|x64
		{D31CB1BD-C98B-3BBB-BE0C-42670608E8B1}.Debug|x64.ActiveCfg = Debug|x64
		{D31CB1BD-C98B-3BBB-BE0C-42670608E8B1}.Debug|x64.Build.0 = Debug|x64
		{D31CB1BD-C98B-3BBB-BE0C-42670608E8B1}.Release|x64.ActiveCfg = Release|x64
		{D31CB1BD-C98B-3BBB-BE0C-42670608E8B1}.Release|x64.Build.0 = Release|x64
		{D31CB1BD-C98B-3BBB-BE0C-42670608E8B1}.MinSizeRel|x64.ActiveCfg = MinSizeRel|x64
		{D31CB1BD-C98B-3BBB-BE0C-42670608E8B1}.MinSizeRel|x64.Build.0 = MinSizeRel|x64
		{D31CB1BD-C98B-3BBB-BE0C-42670608E8B1}.RelWithDebInfo|x64.ActiveCfg = RelWithDebInfo|x64
		{D31CB1BD-C98B-3BBB-BE0C-42670608E8B1}.RelWithDebInfo|x64.Build.0 = RelWithDebInfo|x64
		{8A165EAB-7177-39F6-ADCF-27317CEBB126}.Debug|x64.ActiveCfg = Debug|x64
		{8A165EAB-7177-39F6-ADCF-27317CEBB126}.Debug|x64.Build.0 = Debug|x64
		{8A165EAB-7177-39F6-ADCF-27317CEBB126}.Release|x64.ActiveCfg = Release|x64
		{8A165EAB-7177-39F6-ADCF-27317CEBB126}.Release|x64.Build.0 = Release|x64
		{8A165EAB-7177-39F6-ADCF-27317CEBB126}.MinSizeRel|x64.ActiveCfg = MinSizeRel|x64
		{8A165EAB-7177-39F6-ADCF-27317CEBB126}.MinSizeRel|x64.Build.0 = MinSizeRel|x64
		{8A165EAB-7177-39F6-ADCF-27317CEBB126}.RelWithDebInfo|x64.ActiveCfg = RelWithDebInfo|x64
		{8A165EAB-7177-39F6-ADCF-27317CEBB126}.RelWithDebInfo|x64.Build.0 = RelWithDebInfo|x64
		{47DF1903-394A-34F0-89CF-FB4CFEE33A10}.Debug|x64.ActiveCfg = Debug|x64
		{47DF1903-394A-34F0-89CF-FB4CFEE33A10}.Debug|x64.Build.0 = Debug|x64
		{47DF1903-394A-34F0-89CF-FB4CFEE33A10}.Release|x64.ActiveCfg = Release|x64
		{47DF1903-394A-34F0-89CF-FB4CFEE33A10}.Release|x64.Build.0 = Release|x64
		{47DF1903-394A-34F0-89CF-FB4CFEE33A10}.MinSizeRel|x64.ActiveCfg = MinSizeRel|x64
		{47DF1903-394A-34F0-89CF-FB4CFEE33A10}.MinSizeRel|x64.Build.0 = MinSizeRel|x64
		{47DF1903-394A-34F0-89CF-FB4CFEE33A10}.RelWithDebInfo|x64.ActiveCfg = RelWithDebInfo|x64
		{47DF1903-394A-34F0-89CF-FB4CFEE33A10}.RelWithDebInfo|x64.Build.0 = RelWithDebInfo|x64
		{68273F2E-66A9-3DA5-B6DD-954BA4847CA5}.Debug|x64.ActiveCfg = Debug|x64
		{68273F2E-66A9-3DA5-B6DD-954BA4847CA5}.Debug|x64.Build.0 = Debug|x64
		{68273F2E-66A9-3DA5-B6DD-954BA4847CA5}.Release|x64.ActiveCfg = Release|x64
		{68273F2E-66A9-3DA5-B6DD-954BA4847CA5}.Release|x64.Build.0 = Release|x64
		{68273F2E-66A9-3DA5-B6DD-954BA4847CA5}.MinSizeRel|x64.ActiveCfg = MinSizeRel|x64
		{68273F2E-66A9-3DA5-B6DD-954BA4847CA5}.MinSizeRel|x64.Build.0 = MinSizeRel|x64
		{68273F2E-66A9-3DA5-B6DD-954BA4847CA5}.RelWithDebInfo|x64.ActiveCfg = RelWithDebInfo|x64
		{68273F2E-66A9-3DA5-B6DD-954BA4847CA5}.RelWithDebInfo|x64.Build.0 = RelWithDebInfo|x64
		{E3BC5789-7257-383B-B136-2BBE4EA5701C}.Debug|x64.ActiveCfg = Debug|x64
		{E3BC5789-7257-383B-B136-2BBE4EA5701C}.Debug|x64.Build.0 = Debug|x64
		{E3BC5789-7257-383B-B136-2BBE4EA5701C}.Release|x64.ActiveCfg = Release|x64
		{E3BC5789-7257-383B-B136-2BBE4EA5701C}.Release|x64.Build.0 = Release|x64
		{E3BC5789-7257-383B-B136-2BBE4EA5701C}.MinSizeRel|x64.ActiveCfg = MinSizeRel|x64
		{E3BC5789-7257-383B-B136-2BBE4EA5701C}.MinSizeRel|x64.Build.0 = MinSizeRel|x64
		{E3BC5789-7257-383B-B136-2BBE4EA5701C}.RelWithDebInfo|x64.ActiveCfg = RelWithDebInfo|x64
		{E3BC5789-7257-383B-B136-2BBE4EA5701C}.RelWithDebInfo|x64.Build.0 = RelWithDebInfo|x64
		{C17CA120-D185-35C5-ABF6-1FB86BF419BB}.Debug|x64.ActiveCfg = Debug|x64
		{C17CA120-D185-35C5-ABF6-1FB86BF419BB}.Debug|x64.Build.0 = Debug|x64
		{C17CA120-D185-35C5-ABF6-1FB86BF419BB}.Release|x64.ActiveCfg = Release|x64
		{C17CA120-D185-35C5-ABF6-1FB86BF419BB}.Release|x64.Build.0 = Release|x64
		{C17CA120-D185-35C5-ABF6-1FB86BF419BB}.MinSizeRel|x64.ActiveCfg = MinSizeRel|x64
		{C17CA120-D185-35C5-ABF6-1FB86BF419BB}.MinSizeRel|x64.Build.0 = MinSizeRel|x64
		{C17CA120-D185-35C5-ABF6-1FB86BF419BB}.RelWithDebInfo|x64.ActiveCfg = RelWithDebInfo|x64
		{C17CA120-D185-35C5-ABF6-1FB86BF419BB}.RelWithDebInfo|x64.Build.0 = RelWithDebInfo|x64
		{CCF905CA-65FC-3499-9025-076C2AE192F2}.Debug|x64.ActiveCfg = Debug|x64
		{CCF905CA-65FC-3499-9025-076C2AE192F2}.Debug|x64.Build.0 = Debug|x64
		{CCF905CA-65FC-3499-9025-076C2AE192F2}.Release|x64.ActiveCfg = Release|x64
		{CCF905CA-65FC-3499-9025-076C2AE192F2}.Release|x64.Build.0 = Release|x64
		{CCF905CA-65FC-3499-9025-076C2AE192F2}.MinSizeRel|x64.ActiveCfg = MinSizeRel|x64
		{CCF905CA-65FC-3499-9025-076C2AE192F2}.MinSizeRel|x64.Build.0 = MinSizeRel|x64
		{CCF905CA-65FC-3499-9025-076C2AE192F2}.RelWithDebInfo|x64.ActiveCfg = RelWithDebInfo|x64
		{CCF905CA-65FC-3499-9025-076C2AE192F2}.RelWithDebInfo|x64.Build.0 = RelWithDebInfo|x64
		{02D73ED7-E912-3AB4-84CE-7B7E19BE92BB}.Debug|x64.ActiveCfg = Debug|x64
		{02D73ED7-E912-3AB4-84CE-7B7E19BE92BB}.Debug|x64.Build.0 = Debug|x64
		{02D73ED7-E912-3AB4-84CE-7B7E19BE92BB}.Release|x64.ActiveCfg = Release|x64
		{02D73ED7-E912-3AB4-84CE-7B7E19BE92BB}.Release|x64.Build.0 = Release|x64
		{02D73ED7-E912-3AB4-84CE-7B7E19BE92BB}.MinSizeRel|x64.ActiveCfg = MinSizeRel|x64
		{02D73ED7-E912-3AB4-84CE-7B7E19BE92BB}.MinSizeRel|x64.Build.0 = MinSizeRel|x64
		{02D73ED7-E912-3AB4-84CE-7B7E19BE92BB}.RelWithDebInfo|x64.ActiveCfg = RelWithDebInfo|x64
		{02D73ED7-E912-3AB4-84CE-7B7E19BE92BB}.RelWithDebInfo|x64.Build.0 = RelWithDebInfo|x64
		{E46287E3-47B8-3022-86F6-EADCC223AA76}.Debug|x64.ActiveCfg = Debug|x64
		{E46287E3-47B8-3022-86F6-EADCC223AA76}.Debug|x64.Build.0 = Debug|x64
		{E46287E3-47B8-3022-86F6-EADCC223AA76}.Release|x64.ActiveCfg = Release|x64
		{E46287E3-47B8-3022-86F6-EADCC223AA76}.Release|x64.Build.0 = Release|x64
		{E46287E3-47B8-3022-86F6-EADCC223AA76}.MinSizeRel|x64.ActiveCfg = MinSizeRel|x64
		{E46287E3-47B8-3022-86F6-EADCC223AA76}.MinSizeRel|x64.Build.0 = MinSizeRel|x64
		{E46287E3-47B8-3022-86F6-EADCC223AA76}.RelWithDebInfo|x64.ActiveCfg = RelWithDebInfo|x64
		{E46287E3-47B8-3022-86F6-EADCC223AA76}.RelWithDebInfo|x64.Build.0 = RelWithDebInfo|x64
		{9772F744-20A2-3C11-B83B-56B95293D35C}.Debug|x64.ActiveCfg = Debug|x64
		{9772F744-20A2-3C11-B83B-56B95293D35C}.Debug|x64.Build.0 = Debug|x64
		{9772F744-20A2-3C11-B83B-56B95293D35C}.Release|x64.ActiveCfg = Release|x64
		{9772F744-20A2-3C11-B83B-56B95293D35C}.Release|x64.Build.0 = Release|x64
		{9772F744-20A2-3C11-B83B-56B95293D35C}.MinSizeRel|x64.ActiveCfg = MinSizeRel|x64
		{9772F744-20A2-3C11-B83B-56B95293D35C}.MinSizeRel|x64.Build.0 = MinSizeRel|x64
		{9772F744-20A2-3C11-B83B-56B95293D35C}.RelWithDebInfo|x64.ActiveCfg = RelWithDebInfo|x64
		{9772F744-20A2-3C11-B83B-56B95293D35C}.RelWithDebInfo|x64.Build.0 = RelWithDebInfo|x64
	EndGlobalSection
	GlobalSection(ExtensibilityGlobals) = postSolution
		SolutionGuid = {2F0116B1-1EBA-3727-AC18-D42191E2F741}
	EndGlobalSection
	GlobalSection(ExtensibilityAddIns) = postSolution
	EndGlobalSection
EndGlobal
