Microsoft Visual Studio Solution File, Format Version 12.00
# Visual Studio 15
Project("{8BC9CEB8-8B4A-11D0-8D11-00A0C91BC942}") = "ALL_BUILD", "ALL_BUILD.vcxproj", "{EADD4DF7-97CD-34D7-8CD8-1BD504C4E133}"
	ProjectSection(ProjectDependencies) = postProject
		{31D05C2F-BA16-36C4-A20B-080D2438F581} = {31D05C2F-BA16-36C4-A20B-080D2438F581}
		{92489586-B73C-3FAC-B613-A538DB51015F} = {92489586-B73C-3FAC-B613-A538DB51015F}
		{68DD6EE8-2A2B-38F4-8A7E-EDD5DD296D63} = {68DD6EE8-2A2B-38F4-8A7E-EDD5DD296D63}
		{BDCB6B6A-9C61-39F1-ACBC-AA251E2B7AE0} = {BDCB6B6A-9C61-39F1-ACBC-AA251E2B7AE0}
		{52198270-828A-3C9A-BC72-21498AC672A1} = {52198270-828A-3C9A-BC72-21498AC672A1}
		{EFF08B07-363E-38D2-82C2-2EA29B5331F0} = {EFF08B07-363E-38D2-82C2-2EA29B5331F0}
		{708F9FE2-A233-35F0-A028-F85AF0D990D1} = {708F9FE2-A233-35F0-A028-F85AF0D990D1}
		{E070AEF1-50D7-314B-B73D-E0E53B45A23F} = {E070AEF1-50D7-314B-B73D-E0E53B45A23F}
		{7A15E1E2-7F72-395B-B347-4C330EBAD095} = {7A15E1E2-7F72-395B-B347-4C330EBAD095}
		{01DF433E-E39E-3C7D-A805-45BE30BCCB32} = {01DF433E-E39E-3C7D-A805-45BE30BCCB32}
		{3CECF07D-08CE-3A2C-A221-FE313FC475FD} = {3CECF07D-08CE-3A2C-A221-FE313FC475FD}
		{C5FC6EA7-1798-33C7-96D9-DD77C10AF5A1} = {C5FC6EA7-1798-33C7-96D9-DD77C10AF5A1}
		{274816B9-A9DB-3E82-8FCE-22148D5D5DBF} = {274816B9-A9DB-3E82-8FCE-22148D5D5DBF}
		{E8DE0A48-90D9-3DC7-81F0-A237C81BCAF2} = {E8DE0A48-90D9-3DC7-81F0-A237C81BCAF2}
		{98BDD7ED-BDD7-3BD8-A1EC-32ADC3C078C6} = {98BDD7ED-BDD7-3BD8-A1EC-32ADC3C078C6}
		{A711809F-9A0F-300F-9266-E4CA847E7664} = {A711809F-9A0F-300F-9266-E4CA847E7664}
		{8E724FAA-C4F8-360A-96D0-D769F3418C67} = {8E724FAA-C4F8-360A-96D0-D769F3418C67}
		{C6A5118B-080F-3695-99DB-EABCD2AADD0C} = {C6A5118B-080F-3695-99DB-EABCD2AADD0C}
		{17041875-44DF-3EF8-9159-DCC920AE333B} = {17041875-44DF-3EF8-9159-DCC920AE333B}
		{7610C18F-441A-36BE-BBEB-3CDAC694FA5D} = {7610C18F-441A-36BE-BBEB-3CDAC694FA5D}
		{BB4A828A-DF6D-3DF1-90A1-29346AB9708D} = {BB4A828A-DF6D-3DF1-90A1-29346AB9708D}
		{ABD5C627-7A7E-3C25-B818-2084BB40D201} = {ABD5C627-7A7E-3C25-B818-2084BB40D201}
		{B2B40C41-84D9-3DAB-B863-E3129266CD19} = {B2B40C41-84D9-3DAB-B863-E3129266CD19}
		{91037F51-7BEB-3173-A303-856F0C31E2BE} = {91037F51-7BEB-3173-A303-856F0C31E2BE}
		{11D7B9BF-8674-3744-81CC-605A21EEC263} = {11D7B9BF-8674-3744-81CC-605A21EEC263}
	EndProjectSection
EndProject
Project("{8BC9CEB8-8B4A-11D0-8D11-00A0C91BC942}") = "Detour", "dep\recastnavigation\Detour\Detour.vcxproj", "{31D05C2F-BA16-36C4-A20B-080D2438F581}"
	ProjectSection(ProjectDependencies) = postProject
		{68DD6EE8-2A2B-38F4-8A7E-EDD5DD296D63} = {68DD6EE8-2A2B-38F4-8A7E-EDD5DD296D63}
		{11D7B9BF-8674-3744-81CC-605A21EEC263} = {11D7B9BF-8674-3744-81CC-605A21EEC263}
	EndProjectSection
EndProject
Project("{8BC9CEB8-8B4A-11D0-8D11-00A0C91BC942}") = "INSTALL", "INSTALL.vcxproj", "{7131E479-B8A6-3C4F-90F9-B79D91694DDD}"
	ProjectSection(ProjectDependencies) = postProject
		{EADD4DF7-97CD-34D7-8CD8-1BD504C4E133} = {EADD4DF7-97CD-34D7-8CD8-1BD504C4E133}
		{68DD6EE8-2A2B-38F4-8A7E-EDD5DD296D63} = {68DD6EE8-2A2B-38F4-8A7E-EDD5DD296D63}
	EndProjectSection
EndProject
Project("{8BC9CEB8-8B4A-11D0-8D11-00A0C91BC942}") = "Recast", "dep\recastnavigation\Recast\Recast.vcxproj", "{92489586-B73C-3FAC-B613-A538DB51015F}"
	ProjectSection(ProjectDependencies) = postProject
		{68DD6EE8-2A2B-38F4-8A7E-EDD5DD296D63} = {68DD6EE8-2A2B-38F4-8A7E-EDD5DD296D63}
		{11D7B9BF-8674-3744-81CC-605A21EEC263} = {11D7B9BF-8674-3744-81CC-605A21EEC263}
	EndProjectSection
EndProject
Project("{8BC9CEB8-8B4A-11D0-8D11-00A0C91BC942}") = "ZERO_CHECK", "ZERO_CHECK.vcxproj", "{68DD6EE8-2A2B-38F4-8A7E-EDD5DD296D63}"
	ProjectSection(ProjectDependencies) = postProject
	EndProjectSection
EndProject
Project("{8BC9CEB8-8B4A-11D0-8D11-00A0C91BC942}") = "bnetserver", "src\server\bnetserver\bnetserver.vcxproj", "{BDCB6B6A-9C61-39F1-ACBC-AA251E2B7AE0}"
	ProjectSection(ProjectDependencies) = postProject
		{31D05C2F-BA16-36C4-A20B-080D2438F581} = {31D05C2F-BA16-36C4-A20B-080D2438F581}
		{68DD6EE8-2A2B-38F4-8A7E-EDD5DD296D63} = {68DD6EE8-2A2B-38F4-8A7E-EDD5DD296D63}
		{708F9FE2-A233-35F0-A028-F85AF0D990D1} = {708F9FE2-A233-35F0-A028-F85AF0D990D1}
		{7A15E1E2-7F72-395B-B347-4C330EBAD095} = {7A15E1E2-7F72-395B-B347-4C330EBAD095}
		{3CECF07D-08CE-3A2C-A221-FE313FC475FD} = {3CECF07D-08CE-3A2C-A221-FE313FC475FD}
		{C5FC6EA7-1798-33C7-96D9-DD77C10AF5A1} = {C5FC6EA7-1798-33C7-96D9-DD77C10AF5A1}
		{E8DE0A48-90D9-3DC7-81F0-A237C81BCAF2} = {E8DE0A48-90D9-3DC7-81F0-A237C81BCAF2}
		{8E724FAA-C4F8-360A-96D0-D769F3418C67} = {8E724FAA-C4F8-360A-96D0-D769F3418C67}
		{C6A5118B-080F-3695-99DB-EABCD2AADD0C} = {C6A5118B-080F-3695-99DB-EABCD2AADD0C}
		{BB4A828A-DF6D-3DF1-90A1-29346AB9708D} = {BB4A828A-DF6D-3DF1-90A1-29346AB9708D}
		{11D7B9BF-8674-3744-81CC-605A21EEC263} = {11D7B9BF-8674-3744-81CC-605A21EEC263}
	EndProjectSection
EndProject
Project("{8BC9CEB8-8B4A-11D0-8D11-00A0C91BC942}") = "bzip2", "dep\bzip2\bzip2.vcxproj", "{52198270-828A-3C9A-BC72-21498AC672A1}"
	ProjectSection(ProjectDependencies) = postProject
		{68DD6EE8-2A2B-38F4-8A7E-EDD5DD296D63} = {68DD6EE8-2A2B-38F4-8A7E-EDD5DD296D63}
	EndProjectSection
EndProject
Project("{8BC9CEB8-8B4A-11D0-8D11-00A0C91BC942}") = "casc", "dep\CascLib\casc.vcxproj", "{EFF08B07-363E-38D2-82C2-2EA29B5331F0}"
	ProjectSection(ProjectDependencies) = postProject
		{68DD6EE8-2A2B-38F4-8A7E-EDD5DD296D63} = {68DD6EE8-2A2B-38F4-8A7E-EDD5DD296D63}
		{11D7B9BF-8674-3744-81CC-605A21EEC263} = {11D7B9BF-8674-3744-81CC-605A21EEC263}
	EndProjectSection
EndProject
Project("{8BC9CEB8-8B4A-11D0-8D11-00A0C91BC942}") = "clean_cotire", "src\common\clean_cotire.vcxproj", "{0B1D366D-3C3A-327E-B61A-25C847AE31E2}"
	ProjectSection(ProjectDependencies) = postProject
		{68DD6EE8-2A2B-38F4-8A7E-EDD5DD296D63} = {68DD6EE8-2A2B-38F4-8A7E-EDD5DD296D63}
	EndProjectSection
EndProject
Project("{8BC9CEB8-8B4A-11D0-8D11-00A0C91BC942}") = "common", "src\common\common.vcxproj", "{708F9FE2-A233-35F0-A028-F85AF0D990D1}"
	ProjectSection(ProjectDependencies) = postProject
		{31D05C2F-BA16-36C4-A20B-080D2438F581} = {31D05C2F-BA16-36C4-A20B-080D2438F581}
		{68DD6EE8-2A2B-38F4-8A7E-EDD5DD296D63} = {68DD6EE8-2A2B-38F4-8A7E-EDD5DD296D63}
		{3CECF07D-08CE-3A2C-A221-FE313FC475FD} = {3CECF07D-08CE-3A2C-A221-FE313FC475FD}
		{C5FC6EA7-1798-33C7-96D9-DD77C10AF5A1} = {C5FC6EA7-1798-33C7-96D9-DD77C10AF5A1}
		{17041875-44DF-3EF8-9159-DCC920AE333B} = {17041875-44DF-3EF8-9159-DCC920AE333B}
		{11D7B9BF-8674-3744-81CC-605A21EEC263} = {11D7B9BF-8674-3744-81CC-605A21EEC263}
	EndProjectSection
EndProject
Project("{8BC9CEB8-8B4A-11D0-8D11-00A0C91BC942}") = "connection_patcher", "src\tools\connection_patcher\connection_patcher.vcxproj", "{E070AEF1-50D7-314B-B73D-E0E53B45A23F}"
	ProjectSection(ProjectDependencies) = postProject
		{31D05C2F-BA16-36C4-A20B-080D2438F581} = {31D05C2F-BA16-36C4-A20B-080D2438F581}
		{68DD6EE8-2A2B-38F4-8A7E-EDD5DD296D63} = {68DD6EE8-2A2B-38F4-8A7E-EDD5DD296D63}
		{708F9FE2-A233-35F0-A028-F85AF0D990D1} = {708F9FE2-A233-35F0-A028-F85AF0D990D1}
		{3CECF07D-08CE-3A2C-A221-FE313FC475FD} = {3CECF07D-08CE-3A2C-A221-FE313FC475FD}
		{C5FC6EA7-1798-33C7-96D9-DD77C10AF5A1} = {C5FC6EA7-1798-33C7-96D9-DD77C10AF5A1}
		{11D7B9BF-8674-3744-81CC-605A21EEC263} = {11D7B9BF-8674-3744-81CC-605A21EEC263}
	EndProjectSection
EndProject
Project("{8BC9CEB8-8B4A-11D0-8D11-00A0C91BC942}") = "database", "src\server\database\database.vcxproj", "{7A15E1E2-7F72-395B-B347-4C330EBAD095}"
	ProjectSection(ProjectDependencies) = postProject
		{31D05C2F-BA16-36C4-A20B-080D2438F581} = {31D05C2F-BA16-36C4-A20B-080D2438F581}
		{68DD6EE8-2A2B-38F4-8A7E-EDD5DD296D63} = {68DD6EE8-2A2B-38F4-8A7E-EDD5DD296D63}
		{708F9FE2-A233-35F0-A028-F85AF0D990D1} = {708F9FE2-A233-35F0-A028-F85AF0D990D1}
		{3CECF07D-08CE-3A2C-A221-FE313FC475FD} = {3CECF07D-08CE-3A2C-A221-FE313FC475FD}
		{C5FC6EA7-1798-33C7-96D9-DD77C10AF5A1} = {C5FC6EA7-1798-33C7-96D9-DD77C10AF5A1}
		{11D7B9BF-8674-3744-81CC-605A21EEC263} = {11D7B9BF-8674-3744-81CC-605A21EEC263}
	EndProjectSection
EndProject
Project("{8BC9CEB8-8B4A-11D0-8D11-00A0C91BC942}") = "extractor_common", "src\tools\extractor_common\extractor_common.vcxproj", "{01DF433E-E39E-3C7D-A805-45BE30BCCB32}"
	ProjectSection(ProjectDependencies) = postProject
		{31D05C2F-BA16-36C4-A20B-080D2438F581} = {31D05C2F-BA16-36C4-A20B-080D2438F581}
		{68DD6EE8-2A2B-38F4-8A7E-EDD5DD296D63} = {68DD6EE8-2A2B-38F4-8A7E-EDD5DD296D63}
		{EFF08B07-363E-38D2-82C2-2EA29B5331F0} = {EFF08B07-363E-38D2-82C2-2EA29B5331F0}
		{708F9FE2-A233-35F0-A028-F85AF0D990D1} = {708F9FE2-A233-35F0-A028-F85AF0D990D1}
		{3CECF07D-08CE-3A2C-A221-FE313FC475FD} = {3CECF07D-08CE-3A2C-A221-FE313FC475FD}
		{C5FC6EA7-1798-33C7-96D9-DD77C10AF5A1} = {C5FC6EA7-1798-33C7-96D9-DD77C10AF5A1}
		{11D7B9BF-8674-3744-81CC-605A21EEC263} = {11D7B9BF-8674-3744-81CC-605A21EEC263}
	EndProjectSection
EndProject
Project("{8BC9CEB8-8B4A-11D0-8D11-00A0C91BC942}") = "fmt", "dep\fmt\fmt.vcxproj", "{3CECF07D-08CE-3A2C-A221-FE313FC475FD}"
	ProjectSection(ProjectDependencies) = postProject
		{68DD6EE8-2A2B-38F4-8A7E-EDD5DD296D63} = {68DD6EE8-2A2B-38F4-8A7E-EDD5DD296D63}
	EndProjectSection
EndProject
Project("{8BC9CEB8-8B4A-11D0-8D11-00A0C91BC942}") = "g3dlib", "dep\g3dlite\g3dlib.vcxproj", "{C5FC6EA7-1798-33C7-96D9-DD77C10AF5A1}"
	ProjectSection(ProjectDependencies) = postProject
		{68DD6EE8-2A2B-38F4-8A7E-EDD5DD296D63} = {68DD6EE8-2A2B-38F4-8A7E-EDD5DD296D63}
		{11D7B9BF-8674-3744-81CC-605A21EEC263} = {11D7B9BF-8674-3744-81CC-605A21EEC263}
	EndProjectSection
EndProject
Project("{8BC9CEB8-8B4A-11D0-8D11-00A0C91BC942}") = "game", "src\server\game\game.vcxproj", "{274816B9-A9DB-3E82-8FCE-22148D5D5DBF}"
	ProjectSection(ProjectDependencies) = postProject
		{31D05C2F-BA16-36C4-A20B-080D2438F581} = {31D05C2F-BA16-36C4-A20B-080D2438F581}
		{68DD6EE8-2A2B-38F4-8A7E-EDD5DD296D63} = {68DD6EE8-2A2B-38F4-8A7E-EDD5DD296D63}
		{708F9FE2-A233-35F0-A028-F85AF0D990D1} = {708F9FE2-A233-35F0-A028-F85AF0D990D1}
		{7A15E1E2-7F72-395B-B347-4C330EBAD095} = {7A15E1E2-7F72-395B-B347-4C330EBAD095}
		{3CECF07D-08CE-3A2C-A221-FE313FC475FD} = {3CECF07D-08CE-3A2C-A221-FE313FC475FD}
		{C5FC6EA7-1798-33C7-96D9-DD77C10AF5A1} = {C5FC6EA7-1798-33C7-96D9-DD77C10AF5A1}
		{E8DE0A48-90D9-3DC7-81F0-A237C81BCAF2} = {E8DE0A48-90D9-3DC7-81F0-A237C81BCAF2}
		{8E724FAA-C4F8-360A-96D0-D769F3418C67} = {8E724FAA-C4F8-360A-96D0-D769F3418C67}
		{C6A5118B-080F-3695-99DB-EABCD2AADD0C} = {C6A5118B-080F-3695-99DB-EABCD2AADD0C}
		{BB4A828A-DF6D-3DF1-90A1-29346AB9708D} = {BB4A828A-DF6D-3DF1-90A1-29346AB9708D}
		{11D7B9BF-8674-3744-81CC-605A21EEC263} = {11D7B9BF-8674-3744-81CC-605A21EEC263}
	EndProjectSection
EndProject
Project("{8BC9CEB8-8B4A-11D0-8D11-00A0C91BC942}") = "gsoap", "dep\gsoap\gsoap.vcxproj", "{E8DE0A48-90D9-3DC7-81F0-A237C81BCAF2}"
	ProjectSection(ProjectDependencies) = postProject
		{68DD6EE8-2A2B-38F4-8A7E-EDD5DD296D63} = {68DD6EE8-2A2B-38F4-8A7E-EDD5DD296D63}
	EndProjectSection
EndProject
Project("{8BC9CEB8-8B4A-11D0-8D11-00A0C91BC942}") = "mapextractor", "src\tools\map_extractor\mapextractor.vcxproj", "{98BDD7ED-BDD7-3BD8-A1EC-32ADC3C078C6}"
	ProjectSection(ProjectDependencies) = postProject
		{31D05C2F-BA16-36C4-A20B-080D2438F581} = {31D05C2F-BA16-36C4-A20B-080D2438F581}
		{68DD6EE8-2A2B-38F4-8A7E-EDD5DD296D63} = {68DD6EE8-2A2B-38F4-8A7E-EDD5DD296D63}
		{EFF08B07-363E-38D2-82C2-2EA29B5331F0} = {EFF08B07-363E-38D2-82C2-2EA29B5331F0}
		{708F9FE2-A233-35F0-A028-F85AF0D990D1} = {708F9FE2-A233-35F0-A028-F85AF0D990D1}
		{01DF433E-E39E-3C7D-A805-45BE30BCCB32} = {01DF433E-E39E-3C7D-A805-45BE30BCCB32}
		{3CECF07D-08CE-3A2C-A221-FE313FC475FD} = {3CECF07D-08CE-3A2C-A221-FE313FC475FD}
		{C5FC6EA7-1798-33C7-96D9-DD77C10AF5A1} = {C5FC6EA7-1798-33C7-96D9-DD77C10AF5A1}
		{11D7B9BF-8674-3744-81CC-605A21EEC263} = {11D7B9BF-8674-3744-81CC-605A21EEC263}
	EndProjectSection
EndProject
Project("{8BC9CEB8-8B4A-11D0-8D11-00A0C91BC942}") = "mmaps_generator", "src\tools\mmaps_generator\mmaps_generator.vcxproj", "{A711809F-9A0F-300F-9266-E4CA847E7664}"
	ProjectSection(ProjectDependencies) = postProject
		{31D05C2F-BA16-36C4-A20B-080D2438F581} = {31D05C2F-BA16-36C4-A20B-080D2438F581}
		{92489586-B73C-3FAC-B613-A538DB51015F} = {92489586-B73C-3FAC-B613-A538DB51015F}
		{68DD6EE8-2A2B-38F4-8A7E-EDD5DD296D63} = {68DD6EE8-2A2B-38F4-8A7E-EDD5DD296D63}
		{52198270-828A-3C9A-BC72-21498AC672A1} = {52198270-828A-3C9A-BC72-21498AC672A1}
		{EFF08B07-363E-38D2-82C2-2EA29B5331F0} = {EFF08B07-363E-38D2-82C2-2EA29B5331F0}
		{708F9FE2-A233-35F0-A028-F85AF0D990D1} = {708F9FE2-A233-35F0-A028-F85AF0D990D1}
		{01DF433E-E39E-3C7D-A805-45BE30BCCB32} = {01DF433E-E39E-3C7D-A805-45BE30BCCB32}
		{3CECF07D-08CE-3A2C-A221-FE313FC475FD} = {3CECF07D-08CE-3A2C-A221-FE313FC475FD}
		{C5FC6EA7-1798-33C7-96D9-DD77C10AF5A1} = {C5FC6EA7-1798-33C7-96D9-DD77C10AF5A1}
		{11D7B9BF-8674-3744-81CC-605A21EEC263} = {11D7B9BF-8674-3744-81CC-605A21EEC263}
	EndProjectSection
EndProject
Project("{8BC9CEB8-8B4A-11D0-8D11-00A0C91BC942}") = "proto", "src\server\proto\proto.vcxproj", "{8E724FAA-C4F8-360A-96D0-D769F3418C67}"
	ProjectSection(ProjectDependencies) = postProject
		{31D05C2F-BA16-36C4-A20B-080D2438F581} = {31D05C2F-BA16-36C4-A20B-080D2438F581}
		{68DD6EE8-2A2B-38F4-8A7E-EDD5DD296D63} = {68DD6EE8-2A2B-38F4-8A7E-EDD5DD296D63}
		{708F9FE2-A233-35F0-A028-F85AF0D990D1} = {708F9FE2-A233-35F0-A028-F85AF0D990D1}
		{3CECF07D-08CE-3A2C-A221-FE313FC475FD} = {3CECF07D-08CE-3A2C-A221-FE313FC475FD}
		{C5FC6EA7-1798-33C7-96D9-DD77C10AF5A1} = {C5FC6EA7-1798-33C7-96D9-DD77C10AF5A1}
		{C6A5118B-080F-3695-99DB-EABCD2AADD0C} = {C6A5118B-080F-3695-99DB-EABCD2AADD0C}
		{11D7B9BF-8674-3744-81CC-605A21EEC263} = {11D7B9BF-8674-3744-81CC-605A21EEC263}
	EndProjectSection
EndProject
Project("{8BC9CEB8-8B4A-11D0-8D11-00A0C91BC942}") = "protobuf", "dep\protobuf\protobuf.vcxproj", "{C6A5118B-080F-3695-99DB-EABCD2AADD0C}"
	ProjectSection(ProjectDependencies) = postProject
		{68DD6EE8-2A2B-38F4-8A7E-EDD5DD296D63} = {68DD6EE8-2A2B-38F4-8A7E-EDD5DD296D63}
	EndProjectSection
EndProject
Project("{8BC9CEB8-8B4A-11D0-8D11-00A0C91BC942}") = "revision_data.h", "src\genrev\revision_data.h.vcxproj", "{17041875-44DF-3EF8-9159-DCC920AE333B}"
	ProjectSection(ProjectDependencies) = postProject
		{68DD6EE8-2A2B-38F4-8A7E-EDD5DD296D63} = {68DD6EE8-2A2B-38F4-8A7E-EDD5DD296D63}
	EndProjectSection
EndProject
Project("{8BC9CEB8-8B4A-11D0-8D11-00A0C91BC942}") = "scripts", "src\server\scripts\scripts.vcxproj", "{7610C18F-441A-36BE-BBEB-3CDAC694FA5D}"
	ProjectSection(ProjectDependencies) = postProject
		{31D05C2F-BA16-36C4-A20B-080D2438F581} = {31D05C2F-BA16-36C4-A20B-080D2438F581}
		{68DD6EE8-2A2B-38F4-8A7E-EDD5DD296D63} = {68DD6EE8-2A2B-38F4-8A7E-EDD5DD296D63}
		{708F9FE2-A233-35F0-A028-F85AF0D990D1} = {708F9FE2-A233-35F0-A028-F85AF0D990D1}
		{7A15E1E2-7F72-395B-B347-4C330EBAD095} = {7A15E1E2-7F72-395B-B347-4C330EBAD095}
		{3CECF07D-08CE-3A2C-A221-FE313FC475FD} = {3CECF07D-08CE-3A2C-A221-FE313FC475FD}
		{C5FC6EA7-1798-33C7-96D9-DD77C10AF5A1} = {C5FC6EA7-1798-33C7-96D9-DD77C10AF5A1}
		{E8DE0A48-90D9-3DC7-81F0-A237C81BCAF2} = {E8DE0A48-90D9-3DC7-81F0-A237C81BCAF2}
		{8E724FAA-C4F8-360A-96D0-D769F3418C67} = {8E724FAA-C4F8-360A-96D0-D769F3418C67}
		{C6A5118B-080F-3695-99DB-EABCD2AADD0C} = {C6A5118B-080F-3695-99DB-EABCD2AADD0C}
		{BB4A828A-DF6D-3DF1-90A1-29346AB9708D} = {BB4A828A-DF6D-3DF1-90A1-29346AB9708D}
		{11D7B9BF-8674-3744-81CC-605A21EEC263} = {11D7B9BF-8674-3744-81CC-605A21EEC263}
	EndProjectSection
EndProject
Project("{8BC9CEB8-8B4A-11D0-8D11-00A0C91BC942}") = "shared", "src\server\shared\shared.vcxproj", "{BB4A828A-DF6D-3DF1-90A1-29346AB9708D}"
	ProjectSection(ProjectDependencies) = postProject
		{31D05C2F-BA16-36C4-A20B-080D2438F581} = {31D05C2F-BA16-36C4-A20B-080D2438F581}
		{68DD6EE8-2A2B-38F4-8A7E-EDD5DD296D63} = {68DD6EE8-2A2B-38F4-8A7E-EDD5DD296D63}
		{708F9FE2-A233-35F0-A028-F85AF0D990D1} = {708F9FE2-A233-35F0-A028-F85AF0D990D1}
		{7A15E1E2-7F72-395B-B347-4C330EBAD095} = {7A15E1E2-7F72-395B-B347-4C330EBAD095}
		{3CECF07D-08CE-3A2C-A221-FE313FC475FD} = {3CECF07D-08CE-3A2C-A221-FE313FC475FD}
		{C5FC6EA7-1798-33C7-96D9-DD77C10AF5A1} = {C5FC6EA7-1798-33C7-96D9-DD77C10AF5A1}
		{E8DE0A48-90D9-3DC7-81F0-A237C81BCAF2} = {E8DE0A48-90D9-3DC7-81F0-A237C81BCAF2}
		{8E724FAA-C4F8-360A-96D0-D769F3418C67} = {8E724FAA-C4F8-360A-96D0-D769F3418C67}
		{C6A5118B-080F-3695-99DB-EABCD2AADD0C} = {C6A5118B-080F-3695-99DB-EABCD2AADD0C}
		{11D7B9BF-8674-3744-81CC-605A21EEC263} = {11D7B9BF-8674-3744-81CC-605A21EEC263}
	EndProjectSection
EndProject
Project("{8BC9CEB8-8B4A-11D0-8D11-00A0C91BC942}") = "vmap4assembler", "src\tools\vmap4_assembler\vmap4assembler.vcxproj", "{ABD5C627-7A7E-3C25-B818-2084BB40D201}"
	ProjectSection(ProjectDependencies) = postProject
		{31D05C2F-BA16-36C4-A20B-080D2438F581} = {31D05C2F-BA16-36C4-A20B-080D2438F581}
		{68DD6EE8-2A2B-38F4-8A7E-EDD5DD296D63} = {68DD6EE8-2A2B-38F4-8A7E-EDD5DD296D63}
		{EFF08B07-363E-38D2-82C2-2EA29B5331F0} = {EFF08B07-363E-38D2-82C2-2EA29B5331F0}
		{708F9FE2-A233-35F0-A028-F85AF0D990D1} = {708F9FE2-A233-35F0-A028-F85AF0D990D1}
		{3CECF07D-08CE-3A2C-A221-FE313FC475FD} = {3CECF07D-08CE-3A2C-A221-FE313FC475FD}
		{C5FC6EA7-1798-33C7-96D9-DD77C10AF5A1} = {C5FC6EA7-1798-33C7-96D9-DD77C10AF5A1}
		{11D7B9BF-8674-3744-81CC-605A21EEC263} = {11D7B9BF-8674-3744-81CC-605A21EEC263}
	EndProjectSection
EndProject
Project("{8BC9CEB8-8B4A-11D0-8D11-00A0C91BC942}") = "vmap4extractor", "src\tools\vmap4_extractor\vmap4extractor.vcxproj", "{B2B40C41-84D9-3DAB-B863-E3129266CD19}"
	ProjectSection(ProjectDependencies) = postProject
		{31D05C2F-BA16-36C4-A20B-080D2438F581} = {31D05C2F-BA16-36C4-A20B-080D2438F581}
		{68DD6EE8-2A2B-38F4-8A7E-EDD5DD296D63} = {68DD6EE8-2A2B-38F4-8A7E-EDD5DD296D63}
		{52198270-828A-3C9A-BC72-21498AC672A1} = {52198270-828A-3C9A-BC72-21498AC672A1}
		{EFF08B07-363E-38D2-82C2-2EA29B5331F0} = {EFF08B07-363E-38D2-82C2-2EA29B5331F0}
		{708F9FE2-A233-35F0-A028-F85AF0D990D1} = {708F9FE2-A233-35F0-A028-F85AF0D990D1}
		{01DF433E-E39E-3C7D-A805-45BE30BCCB32} = {01DF433E-E39E-3C7D-A805-45BE30BCCB32}
		{3CECF07D-08CE-3A2C-A221-FE313FC475FD} = {3CECF07D-08CE-3A2C-A221-FE313FC475FD}
		{C5FC6EA7-1798-33C7-96D9-DD77C10AF5A1} = {C5FC6EA7-1798-33C7-96D9-DD77C10AF5A1}
		{11D7B9BF-8674-3744-81CC-605A21EEC263} = {11D7B9BF-8674-3744-81CC-605A21EEC263}
	EndProjectSection
EndProject
Project("{8BC9CEB8-8B4A-11D0-8D11-00A0C91BC942}") = "worldserver", "src\server\worldserver\worldserver.vcxproj", "{91037F51-7BEB-3173-A303-856F0C31E2BE}"
	ProjectSection(ProjectDependencies) = postProject
		{31D05C2F-BA16-36C4-A20B-080D2438F581} = {31D05C2F-BA16-36C4-A20B-080D2438F581}
		{68DD6EE8-2A2B-38F4-8A7E-EDD5DD296D63} = {68DD6EE8-2A2B-38F4-8A7E-EDD5DD296D63}
		{708F9FE2-A233-35F0-A028-F85AF0D990D1} = {708F9FE2-A233-35F0-A028-F85AF0D990D1}
		{7A15E1E2-7F72-395B-B347-4C330EBAD095} = {7A15E1E2-7F72-395B-B347-4C330EBAD095}
		{3CECF07D-08CE-3A2C-A221-FE313FC475FD} = {3CECF07D-08CE-3A2C-A221-FE313FC475FD}
		{C5FC6EA7-1798-33C7-96D9-DD77C10AF5A1} = {C5FC6EA7-1798-33C7-96D9-DD77C10AF5A1}
		{274816B9-A9DB-3E82-8FCE-22148D5D5DBF} = {274816B9-A9DB-3E82-8FCE-22148D5D5DBF}
		{E8DE0A48-90D9-3DC7-81F0-A237C81BCAF2} = {E8DE0A48-90D9-3DC7-81F0-A237C81BCAF2}
		{8E724FAA-C4F8-360A-96D0-D769F3418C67} = {8E724FAA-C4F8-360A-96D0-D769F3418C67}
		{C6A5118B-080F-3695-99DB-EABCD2AADD0C} = {C6A5118B-080F-3695-99DB-EABCD2AADD0C}
		{7610C18F-441A-36BE-BBEB-3CDAC694FA5D} = {7610C18F-441A-36BE-BBEB-3CDAC694FA5D}
		{BB4A828A-DF6D-3DF1-90A1-29346AB9708D} = {BB4A828A-DF6D-3DF1-90A1-29346AB9708D}
		{11D7B9BF-8674-3744-81CC-605A21EEC263} = {11D7B9BF-8674-3744-81CC-605A21EEC263}
	EndProjectSection
EndProject
Project("{8BC9CEB8-8B4A-11D0-8D11-00A0C91BC942}") = "zlib", "dep\zlib\zlib.vcxproj", "{11D7B9BF-8674-3744-81CC-605A21EEC263}"
	ProjectSection(ProjectDependencies) = postProject
		{68DD6EE8-2A2B-38F4-8A7E-EDD5DD296D63} = {68DD6EE8-2A2B-38F4-8A7E-EDD5DD296D63}
	EndProjectSection
EndProject
Global
	GlobalSection(SolutionConfigurationPlatforms) = preSolution
		Debug|x64 = Debug|x64
		Release|x64 = Release|x64
		MinSizeRel|x64 = MinSizeRel|x64
		RelWithDebInfo|x64 = RelWithDebInfo|x64
	EndGlobalSection
	GlobalSection(ProjectConfigurationPlatforms) = postSolution
		{EADD4DF7-97CD-34D7-8CD8-1BD504C4E133}.Debug|x64.ActiveCfg = Debug|x64
		{EADD4DF7-97CD-34D7-8CD8-1BD504C4E133}.Debug|x64.Build.0 = Debug|x64
		{EADD4DF7-97CD-34D7-8CD8-1BD504C4E133}.Release|x64.ActiveCfg = Release|x64
		{EADD4DF7-97CD-34D7-8CD8-1BD504C4E133}.Release|x64.Build.0 = Release|x64
		{EADD4DF7-97CD-34D7-8CD8-1BD504C4E133}.MinSizeRel|x64.ActiveCfg = MinSizeRel|x64
		{EADD4DF7-97CD-34D7-8CD8-1BD504C4E133}.MinSizeRel|x64.Build.0 = MinSizeRel|x64
		{EADD4DF7-97CD-34D7-8CD8-1BD504C4E133}.RelWithDebInfo|x64.ActiveCfg = RelWithDebInfo|x64
		{EADD4DF7-97CD-34D7-8CD8-1BD504C4E133}.RelWithDebInfo|x64.Build.0 = RelWithDebInfo|x64
		{31D05C2F-BA16-36C4-A20B-080D2438F581}.Debug|x64.ActiveCfg = Debug|x64
		{31D05C2F-BA16-36C4-A20B-080D2438F581}.Debug|x64.Build.0 = Debug|x64
		{31D05C2F-BA16-36C4-A20B-080D2438F581}.Release|x64.ActiveCfg = Release|x64
		{31D05C2F-BA16-36C4-A20B-080D2438F581}.Release|x64.Build.0 = Release|x64
		{31D05C2F-BA16-36C4-A20B-080D2438F581}.MinSizeRel|x64.ActiveCfg = MinSizeRel|x64
		{31D05C2F-BA16-36C4-A20B-080D2438F581}.MinSizeRel|x64.Build.0 = MinSizeRel|x64
		{31D05C2F-BA16-36C4-A20B-080D2438F581}.RelWithDebInfo|x64.ActiveCfg = RelWithDebInfo|x64
		{31D05C2F-BA16-36C4-A20B-080D2438F581}.RelWithDebInfo|x64.Build.0 = RelWithDebInfo|x64
		{7131E479-B8A6-3C4F-90F9-B79D91694DDD}.Debug|x64.ActiveCfg = Debug|x64
		{7131E479-B8A6-3C4F-90F9-B79D91694DDD}.Release|x64.ActiveCfg = Release|x64
		{7131E479-B8A6-3C4F-90F9-B79D91694DDD}.MinSizeRel|x64.ActiveCfg = MinSizeRel|x64
		{7131E479-B8A6-3C4F-90F9-B79D91694DDD}.RelWithDebInfo|x64.ActiveCfg = RelWithDebInfo|x64
		{92489586-B73C-3FAC-B613-A538DB51015F}.Debug|x64.ActiveCfg = Debug|x64
		{92489586-B73C-3FAC-B613-A538DB51015F}.Debug|x64.Build.0 = Debug|x64
		{92489586-B73C-3FAC-B613-A538DB51015F}.Release|x64.ActiveCfg = Release|x64
		{92489586-B73C-3FAC-B613-A538DB51015F}.Release|x64.Build.0 = Release|x64
		{92489586-B73C-3FAC-B613-A538DB51015F}.MinSizeRel|x64.ActiveCfg = MinSizeRel|x64
		{92489586-B73C-3FAC-B613-A538DB51015F}.MinSizeRel|x64.Build.0 = MinSizeRel|x64
		{92489586-B73C-3FAC-B613-A538DB51015F}.RelWithDebInfo|x64.ActiveCfg = RelWithDebInfo|x64
		{92489586-B73C-3FAC-B613-A538DB51015F}.RelWithDebInfo|x64.Build.0 = RelWithDebInfo|x64
		{68DD6EE8-2A2B-38F4-8A7E-EDD5DD296D63}.Debug|x64.ActiveCfg = Debug|x64
		{68DD6EE8-2A2B-38F4-8A7E-EDD5DD296D63}.Debug|x64.Build.0 = Debug|x64
		{68DD6EE8-2A2B-38F4-8A7E-EDD5DD296D63}.Release|x64.ActiveCfg = Release|x64
		{68DD6EE8-2A2B-38F4-8A7E-EDD5DD296D63}.Release|x64.Build.0 = Release|x64
		{68DD6EE8-2A2B-38F4-8A7E-EDD5DD296D63}.MinSizeRel|x64.ActiveCfg = MinSizeRel|x64
		{68DD6EE8-2A2B-38F4-8A7E-EDD5DD296D63}.MinSizeRel|x64.Build.0 = MinSizeRel|x64
		{68DD6EE8-2A2B-38F4-8A7E-EDD5DD296D63}.RelWithDebInfo|x64.ActiveCfg = RelWithDebInfo|x64
		{68DD6EE8-2A2B-38F4-8A7E-EDD5DD296D63}.RelWithDebInfo|x64.Build.0 = RelWithDebInfo|x64
		{BDCB6B6A-9C61-39F1-ACBC-AA251E2B7AE0}.Debug|x64.ActiveCfg = Debug|x64
		{BDCB6B6A-9C61-39F1-ACBC-AA251E2B7AE0}.Debug|x64.Build.0 = Debug|x64
		{BDCB6B6A-9C61-39F1-ACBC-AA251E2B7AE0}.Release|x64.ActiveCfg = Release|x64
		{BDCB6B6A-9C61-39F1-ACBC-AA251E2B7AE0}.Release|x64.Build.0 = Release|x64
		{BDCB6B6A-9C61-39F1-ACBC-AA251E2B7AE0}.MinSizeRel|x64.ActiveCfg = MinSizeRel|x64
		{BDCB6B6A-9C61-39F1-ACBC-AA251E2B7AE0}.MinSizeRel|x64.Build.0 = MinSizeRel|x64
		{BDCB6B6A-9C61-39F1-ACBC-AA251E2B7AE0}.RelWithDebInfo|x64.ActiveCfg = RelWithDebInfo|x64
		{BDCB6B6A-9C61-39F1-ACBC-AA251E2B7AE0}.RelWithDebInfo|x64.Build.0 = RelWithDebInfo|x64
		{52198270-828A-3C9A-BC72-21498AC672A1}.Debug|x64.ActiveCfg = Debug|x64
		{52198270-828A-3C9A-BC72-21498AC672A1}.Debug|x64.Build.0 = Debug|x64
		{52198270-828A-3C9A-BC72-21498AC672A1}.Release|x64.ActiveCfg = Release|x64
		{52198270-828A-3C9A-BC72-21498AC672A1}.Release|x64.Build.0 = Release|x64
		{52198270-828A-3C9A-BC72-21498AC672A1}.MinSizeRel|x64.ActiveCfg = MinSizeRel|x64
		{52198270-828A-3C9A-BC72-21498AC672A1}.MinSizeRel|x64.Build.0 = MinSizeRel|x64
		{52198270-828A-3C9A-BC72-21498AC672A1}.RelWithDebInfo|x64.ActiveCfg = RelWithDebInfo|x64
		{52198270-828A-3C9A-BC72-21498AC672A1}.RelWithDebInfo|x64.Build.0 = RelWithDebInfo|x64
		{EFF08B07-363E-38D2-82C2-2EA29B5331F0}.Debug|x64.ActiveCfg = Debug|x64
		{EFF08B07-363E-38D2-82C2-2EA29B5331F0}.Debug|x64.Build.0 = Debug|x64
		{EFF08B07-363E-38D2-82C2-2EA29B5331F0}.Release|x64.ActiveCfg = Release|x64
		{EFF08B07-363E-38D2-82C2-2EA29B5331F0}.Release|x64.Build.0 = Release|x64
		{EFF08B07-363E-38D2-82C2-2EA29B5331F0}.MinSizeRel|x64.ActiveCfg = MinSizeRel|x64
		{EFF08B07-363E-38D2-82C2-2EA29B5331F0}.MinSizeRel|x64.Build.0 = MinSizeRel|x64
		{EFF08B07-363E-38D2-82C2-2EA29B5331F0}.RelWithDebInfo|x64.ActiveCfg = RelWithDebInfo|x64
		{EFF08B07-363E-38D2-82C2-2EA29B5331F0}.RelWithDebInfo|x64.Build.0 = RelWithDebInfo|x64
		{0B1D366D-3C3A-327E-B61A-25C847AE31E2}.Debug|x64.ActiveCfg = Debug|x64
		{0B1D366D-3C3A-327E-B61A-25C847AE31E2}.Release|x64.ActiveCfg = Release|x64
		{0B1D366D-3C3A-327E-B61A-25C847AE31E2}.MinSizeRel|x64.ActiveCfg = MinSizeRel|x64
		{0B1D366D-3C3A-327E-B61A-25C847AE31E2}.RelWithDebInfo|x64.ActiveCfg = RelWithDebInfo|x64
		{708F9FE2-A233-35F0-A028-F85AF0D990D1}.Debug|x64.ActiveCfg = Debug|x64
		{708F9FE2-A233-35F0-A028-F85AF0D990D1}.Debug|x64.Build.0 = Debug|x64
		{708F9FE2-A233-35F0-A028-F85AF0D990D1}.Release|x64.ActiveCfg = Release|x64
		{708F9FE2-A233-35F0-A028-F85AF0D990D1}.Release|x64.Build.0 = Release|x64
		{708F9FE2-A233-35F0-A028-F85AF0D990D1}.MinSizeRel|x64.ActiveCfg = MinSizeRel|x64
		{708F9FE2-A233-35F0-A028-F85AF0D990D1}.MinSizeRel|x64.Build.0 = MinSizeRel|x64
		{708F9FE2-A233-35F0-A028-F85AF0D990D1}.RelWithDebInfo|x64.ActiveCfg = RelWithDebInfo|x64
		{708F9FE2-A233-35F0-A028-F85AF0D990D1}.RelWithDebInfo|x64.Build.0 = RelWithDebInfo|x64
		{E070AEF1-50D7-314B-B73D-E0E53B45A23F}.Debug|x64.ActiveCfg = Debug|x64
		{E070AEF1-50D7-314B-B73D-E0E53B45A23F}.Debug|x64.Build.0 = Debug|x64
		{E070AEF1-50D7-314B-B73D-E0E53B45A23F}.Release|x64.ActiveCfg = Release|x64
		{E070AEF1-50D7-314B-B73D-E0E53B45A23F}.Release|x64.Build.0 = Release|x64
		{E070AEF1-50D7-314B-B73D-E0E53B45A23F}.MinSizeRel|x64.ActiveCfg = MinSizeRel|x64
		{E070AEF1-50D7-314B-B73D-E0E53B45A23F}.MinSizeRel|x64.Build.0 = MinSizeRel|x64
		{E070AEF1-50D7-314B-B73D-E0E53B45A23F}.RelWithDebInfo|x64.ActiveCfg = RelWithDebInfo|x64
		{E070AEF1-50D7-314B-B73D-E0E53B45A23F}.RelWithDebInfo|x64.Build.0 = RelWithDebInfo|x64
		{7A15E1E2-7F72-395B-B347-4C330EBAD095}.Debug|x64.ActiveCfg = Debug|x64
		{7A15E1E2-7F72-395B-B347-4C330EBAD095}.Debug|x64.Build.0 = Debug|x64
		{7A15E1E2-7F72-395B-B347-4C330EBAD095}.Release|x64.ActiveCfg = Release|x64
		{7A15E1E2-7F72-395B-B347-4C330EBAD095}.Release|x64.Build.0 = Release|x64
		{7A15E1E2-7F72-395B-B347-4C330EBAD095}.MinSizeRel|x64.ActiveCfg = MinSizeRel|x64
		{7A15E1E2-7F72-395B-B347-4C330EBAD095}.MinSizeRel|x64.Build.0 = MinSizeRel|x64
		{7A15E1E2-7F72-395B-B347-4C330EBAD095}.RelWithDebInfo|x64.ActiveCfg = RelWithDebInfo|x64
		{7A15E1E2-7F72-395B-B347-4C330EBAD095}.RelWithDebInfo|x64.Build.0 = RelWithDebInfo|x64
		{01DF433E-E39E-3C7D-A805-45BE30BCCB32}.Debug|x64.ActiveCfg = Debug|x64
		{01DF433E-E39E-3C7D-A805-45BE30BCCB32}.Debug|x64.Build.0 = Debug|x64
		{01DF433E-E39E-3C7D-A805-45BE30BCCB32}.Release|x64.ActiveCfg = Release|x64
		{01DF433E-E39E-3C7D-A805-45BE30BCCB32}.Release|x64.Build.0 = Release|x64
		{01DF433E-E39E-3C7D-A805-45BE30BCCB32}.MinSizeRel|x64.ActiveCfg = MinSizeRel|x64
		{01DF433E-E39E-3C7D-A805-45BE30BCCB32}.MinSizeRel|x64.Build.0 = MinSizeRel|x64
		{01DF433E-E39E-3C7D-A805-45BE30BCCB32}.RelWithDebInfo|x64.ActiveCfg = RelWithDebInfo|x64
		{01DF433E-E39E-3C7D-A805-45BE30BCCB32}.RelWithDebInfo|x64.Build.0 = RelWithDebInfo|x64
		{3CECF07D-08CE-3A2C-A221-FE313FC475FD}.Debug|x64.ActiveCfg = Debug|x64
		{3CECF07D-08CE-3A2C-A221-FE313FC475FD}.Debug|x64.Build.0 = Debug|x64
		{3CECF07D-08CE-3A2C-A221-FE313FC475FD}.Release|x64.ActiveCfg = Release|x64
		{3CECF07D-08CE-3A2C-A221-FE313FC475FD}.Release|x64.Build.0 = Release|x64
		{3CECF07D-08CE-3A2C-A221-FE313FC475FD}.MinSizeRel|x64.ActiveCfg = MinSizeRel|x64
		{3CECF07D-08CE-3A2C-A221-FE313FC475FD}.MinSizeRel|x64.Build.0 = MinSizeRel|x64
		{3CECF07D-08CE-3A2C-A221-FE313FC475FD}.RelWithDebInfo|x64.ActiveCfg = RelWithDebInfo|x64
		{3CECF07D-08CE-3A2C-A221-FE313FC475FD}.RelWithDebInfo|x64.Build.0 = RelWithDebInfo|x64
		{C5FC6EA7-1798-33C7-96D9-DD77C10AF5A1}.Debug|x64.ActiveCfg = Debug|x64
		{C5FC6EA7-1798-33C7-96D9-DD77C10AF5A1}.Debug|x64.Build.0 = Debug|x64
		{C5FC6EA7-1798-33C7-96D9-DD77C10AF5A1}.Release|x64.ActiveCfg = Release|x64
		{C5FC6EA7-1798-33C7-96D9-DD77C10AF5A1}.Release|x64.Build.0 = Release|x64
		{C5FC6EA7-1798-33C7-96D9-DD77C10AF5A1}.MinSizeRel|x64.ActiveCfg = MinSizeRel|x64
		{C5FC6EA7-1798-33C7-96D9-DD77C10AF5A1}.MinSizeRel|x64.Build.0 = MinSizeRel|x64
		{C5FC6EA7-1798-33C7-96D9-DD77C10AF5A1}.RelWithDebInfo|x64.ActiveCfg = RelWithDebInfo|x64
		{C5FC6EA7-1798-33C7-96D9-DD77C10AF5A1}.RelWithDebInfo|x64.Build.0 = RelWithDebInfo|x64
		{274816B9-A9DB-3E82-8FCE-22148D5D5DBF}.Debug|x64.ActiveCfg = Debug|x64
		{274816B9-A9DB-3E82-8FCE-22148D5D5DBF}.Debug|x64.Build.0 = Debug|x64
		{274816B9-A9DB-3E82-8FCE-22148D5D5DBF}.Release|x64.ActiveCfg = Release|x64
		{274816B9-A9DB-3E82-8FCE-22148D5D5DBF}.Release|x64.Build.0 = Release|x64
		{274816B9-A9DB-3E82-8FCE-22148D5D5DBF}.MinSizeRel|x64.ActiveCfg = MinSizeRel|x64
		{274816B9-A9DB-3E82-8FCE-22148D5D5DBF}.MinSizeRel|x64.Build.0 = MinSizeRel|x64
		{274816B9-A9DB-3E82-8FCE-22148D5D5DBF}.RelWithDebInfo|x64.ActiveCfg = RelWithDebInfo|x64
		{274816B9-A9DB-3E82-8FCE-22148D5D5DBF}.RelWithDebInfo|x64.Build.0 = RelWithDebInfo|x64
		{E8DE0A48-90D9-3DC7-81F0-A237C81BCAF2}.Debug|x64.ActiveCfg = Debug|x64
		{E8DE0A48-90D9-3DC7-81F0-A237C81BCAF2}.Debug|x64.Build.0 = Debug|x64
		{E8DE0A48-90D9-3DC7-81F0-A237C81BCAF2}.Release|x64.ActiveCfg = Release|x64
		{E8DE0A48-90D9-3DC7-81F0-A237C81BCAF2}.Release|x64.Build.0 = Release|x64
		{E8DE0A48-90D9-3DC7-81F0-A237C81BCAF2}.MinSizeRel|x64.ActiveCfg = MinSizeRel|x64
		{E8DE0A48-90D9-3DC7-81F0-A237C81BCAF2}.MinSizeRel|x64.Build.0 = MinSizeRel|x64
		{E8DE0A48-90D9-3DC7-81F0-A237C81BCAF2}.RelWithDebInfo|x64.ActiveCfg = RelWithDebInfo|x64
		{E8DE0A48-90D9-3DC7-81F0-A237C81BCAF2}.RelWithDebInfo|x64.Build.0 = RelWithDebInfo|x64
		{98BDD7ED-BDD7-3BD8-A1EC-32ADC3C078C6}.Debug|x64.ActiveCfg = Debug|x64
		{98BDD7ED-BDD7-3BD8-A1EC-32ADC3C078C6}.Debug|x64.Build.0 = Debug|x64
		{98BDD7ED-BDD7-3BD8-A1EC-32ADC3C078C6}.Release|x64.ActiveCfg = Release|x64
		{98BDD7ED-BDD7-3BD8-A1EC-32ADC3C078C6}.Release|x64.Build.0 = Release|x64
		{98BDD7ED-BDD7-3BD8-A1EC-32ADC3C078C6}.MinSizeRel|x64.ActiveCfg = MinSizeRel|x64
		{98BDD7ED-BDD7-3BD8-A1EC-32ADC3C078C6}.MinSizeRel|x64.Build.0 = MinSizeRel|x64
		{98BDD7ED-BDD7-3BD8-A1EC-32ADC3C078C6}.RelWithDebInfo|x64.ActiveCfg = RelWithDebInfo|x64
		{98BDD7ED-BDD7-3BD8-A1EC-32ADC3C078C6}.RelWithDebInfo|x64.Build.0 = RelWithDebInfo|x64
		{A711809F-9A0F-300F-9266-E4CA847E7664}.Debug|x64.ActiveCfg = Debug|x64
		{A711809F-9A0F-300F-9266-E4CA847E7664}.Debug|x64.Build.0 = Debug|x64
		{A711809F-9A0F-300F-9266-E4CA847E7664}.Release|x64.ActiveCfg = Release|x64
		{A711809F-9A0F-300F-9266-E4CA847E7664}.Release|x64.Build.0 = Release|x64
		{A711809F-9A0F-300F-9266-E4CA847E7664}.MinSizeRel|x64.ActiveCfg = MinSizeRel|x64
		{A711809F-9A0F-300F-9266-E4CA847E7664}.MinSizeRel|x64.Build.0 = MinSizeRel|x64
		{A711809F-9A0F-300F-9266-E4CA847E7664}.RelWithDebInfo|x64.ActiveCfg = RelWithDebInfo|x64
		{A711809F-9A0F-300F-9266-E4CA847E7664}.RelWithDebInfo|x64.Build.0 = RelWithDebInfo|x64
		{8E724FAA-C4F8-360A-96D0-D769F3418C67}.Debug|x64.ActiveCfg = Debug|x64
		{8E724FAA-C4F8-360A-96D0-D769F3418C67}.Debug|x64.Build.0 = Debug|x64
		{8E724FAA-C4F8-360A-96D0-D769F3418C67}.Release|x64.ActiveCfg = Release|x64
		{8E724FAA-C4F8-360A-96D0-D769F3418C67}.Release|x64.Build.0 = Release|x64
		{8E724FAA-C4F8-360A-96D0-D769F3418C67}.MinSizeRel|x64.ActiveCfg = MinSizeRel|x64
		{8E724FAA-C4F8-360A-96D0-D769F3418C67}.MinSizeRel|x64.Build.0 = MinSizeRel|x64
		{8E724FAA-C4F8-360A-96D0-D769F3418C67}.RelWithDebInfo|x64.ActiveCfg = RelWithDebInfo|x64
		{8E724FAA-C4F8-360A-96D0-D769F3418C67}.RelWithDebInfo|x64.Build.0 = RelWithDebInfo|x64
		{C6A5118B-080F-3695-99DB-EABCD2AADD0C}.Debug|x64.ActiveCfg = Debug|x64
		{C6A5118B-080F-3695-99DB-EABCD2AADD0C}.Debug|x64.Build.0 = Debug|x64
		{C6A5118B-080F-3695-99DB-EABCD2AADD0C}.Release|x64.ActiveCfg = Release|x64
		{C6A5118B-080F-3695-99DB-EABCD2AADD0C}.Release|x64.Build.0 = Release|x64
		{C6A5118B-080F-3695-99DB-EABCD2AADD0C}.MinSizeRel|x64.ActiveCfg = MinSizeRel|x64
		{C6A5118B-080F-3695-99DB-EABCD2AADD0C}.MinSizeRel|x64.Build.0 = MinSizeRel|x64
		{C6A5118B-080F-3695-99DB-EABCD2AADD0C}.RelWithDebInfo|x64.ActiveCfg = RelWithDebInfo|x64
		{C6A5118B-080F-3695-99DB-EABCD2AADD0C}.RelWithDebInfo|x64.Build.0 = RelWithDebInfo|x64
		{17041875-44DF-3EF8-9159-DCC920AE333B}.Debug|x64.ActiveCfg = Debug|x64
		{17041875-44DF-3EF8-9159-DCC920AE333B}.Debug|x64.Build.0 = Debug|x64
		{17041875-44DF-3EF8-9159-DCC920AE333B}.Release|x64.ActiveCfg = Release|x64
		{17041875-44DF-3EF8-9159-DCC920AE333B}.Release|x64.Build.0 = Release|x64
		{17041875-44DF-3EF8-9159-DCC920AE333B}.MinSizeRel|x64.ActiveCfg = MinSizeRel|x64
		{17041875-44DF-3EF8-9159-DCC920AE333B}.MinSizeRel|x64.Build.0 = MinSizeRel|x64
		{17041875-44DF-3EF8-9159-DCC920AE333B}.RelWithDebInfo|x64.ActiveCfg = RelWithDebInfo|x64
		{17041875-44DF-3EF8-9159-DCC920AE333B}.RelWithDebInfo|x64.Build.0 = RelWithDebInfo|x64
		{7610C18F-441A-36BE-BBEB-3CDAC694FA5D}.Debug|x64.ActiveCfg = Debug|x64
		{7610C18F-441A-36BE-BBEB-3CDAC694FA5D}.Debug|x64.Build.0 = Debug|x64
		{7610C18F-441A-36BE-BBEB-3CDAC694FA5D}.Release|x64.ActiveCfg = Release|x64
		{7610C18F-441A-36BE-BBEB-3CDAC694FA5D}.Release|x64.Build.0 = Release|x64
		{7610C18F-441A-36BE-BBEB-3CDAC694FA5D}.MinSizeRel|x64.ActiveCfg = MinSizeRel|x64
		{7610C18F-441A-36BE-BBEB-3CDAC694FA5D}.MinSizeRel|x64.Build.0 = MinSizeRel|x64
		{7610C18F-441A-36BE-BBEB-3CDAC694FA5D}.RelWithDebInfo|x64.ActiveCfg = RelWithDebInfo|x64
		{7610C18F-441A-36BE-BBEB-3CDAC694FA5D}.RelWithDebInfo|x64.Build.0 = RelWithDebInfo|x64
		{BB4A828A-DF6D-3DF1-90A1-29346AB9708D}.Debug|x64.ActiveCfg = Debug|x64
		{BB4A828A-DF6D-3DF1-90A1-29346AB9708D}.Debug|x64.Build.0 = Debug|x64
		{BB4A828A-DF6D-3DF1-90A1-29346AB9708D}.Release|x64.ActiveCfg = Release|x64
		{BB4A828A-DF6D-3DF1-90A1-29346AB9708D}.Release|x64.Build.0 = Release|x64
		{BB4A828A-DF6D-3DF1-90A1-29346AB9708D}.MinSizeRel|x64.ActiveCfg = MinSizeRel|x64
		{BB4A828A-DF6D-3DF1-90A1-29346AB9708D}.MinSizeRel|x64.Build.0 = MinSizeRel|x64
		{BB4A828A-DF6D-3DF1-90A1-29346AB9708D}.RelWithDebInfo|x64.ActiveCfg = RelWithDebInfo|x64
		{BB4A828A-DF6D-3DF1-90A1-29346AB9708D}.RelWithDebInfo|x64.Build.0 = RelWithDebInfo|x64
		{ABD5C627-7A7E-3C25-B818-2084BB40D201}.Debug|x64.ActiveCfg = Debug|x64
		{ABD5C627-7A7E-3C25-B818-2084BB40D201}.Debug|x64.Build.0 = Debug|x64
		{ABD5C627-7A7E-3C25-B818-2084BB40D201}.Release|x64.ActiveCfg = Release|x64
		{ABD5C627-7A7E-3C25-B818-2084BB40D201}.Release|x64.Build.0 = Release|x64
		{ABD5C627-7A7E-3C25-B818-2084BB40D201}.MinSizeRel|x64.ActiveCfg = MinSizeRel|x64
		{ABD5C627-7A7E-3C25-B818-2084BB40D201}.MinSizeRel|x64.Build.0 = MinSizeRel|x64
		{ABD5C627-7A7E-3C25-B818-2084BB40D201}.RelWithDebInfo|x64.ActiveCfg = RelWithDebInfo|x64
		{ABD5C627-7A7E-3C25-B818-2084BB40D201}.RelWithDebInfo|x64.Build.0 = RelWithDebInfo|x64
		{B2B40C41-84D9-3DAB-B863-E3129266CD19}.Debug|x64.ActiveCfg = Debug|x64
		{B2B40C41-84D9-3DAB-B863-E3129266CD19}.Debug|x64.Build.0 = Debug|x64
		{B2B40C41-84D9-3DAB-B863-E3129266CD19}.Release|x64.ActiveCfg = Release|x64
		{B2B40C41-84D9-3DAB-B863-E3129266CD19}.Release|x64.Build.0 = Release|x64
		{B2B40C41-84D9-3DAB-B863-E3129266CD19}.MinSizeRel|x64.ActiveCfg = MinSizeRel|x64
		{B2B40C41-84D9-3DAB-B863-E3129266CD19}.MinSizeRel|x64.Build.0 = MinSizeRel|x64
		{B2B40C41-84D9-3DAB-B863-E3129266CD19}.RelWithDebInfo|x64.ActiveCfg = RelWithDebInfo|x64
		{B2B40C41-84D9-3DAB-B863-E3129266CD19}.RelWithDebInfo|x64.Build.0 = RelWithDebInfo|x64
		{91037F51-7BEB-3173-A303-856F0C31E2BE}.Debug|x64.ActiveCfg = Debug|x64
		{91037F51-7BEB-3173-A303-856F0C31E2BE}.Debug|x64.Build.0 = Debug|x64
		{91037F51-7BEB-3173-A303-856F0C31E2BE}.Release|x64.ActiveCfg = Release|x64
		{91037F51-7BEB-3173-A303-856F0C31E2BE}.Release|x64.Build.0 = Release|x64
		{91037F51-7BEB-3173-A303-856F0C31E2BE}.MinSizeRel|x64.ActiveCfg = MinSizeRel|x64
		{91037F51-7BEB-3173-A303-856F0C31E2BE}.MinSizeRel|x64.Build.0 = MinSizeRel|x64
		{91037F51-7BEB-3173-A303-856F0C31E2BE}.RelWithDebInfo|x64.ActiveCfg = RelWithDebInfo|x64
		{91037F51-7BEB-3173-A303-856F0C31E2BE}.RelWithDebInfo|x64.Build.0 = RelWithDebInfo|x64
		{11D7B9BF-8674-3744-81CC-605A21EEC263}.Debug|x64.ActiveCfg = Debug|x64
		{11D7B9BF-8674-3744-81CC-605A21EEC263}.Debug|x64.Build.0 = Debug|x64
		{11D7B9BF-8674-3744-81CC-605A21EEC263}.Release|x64.ActiveCfg = Release|x64
		{11D7B9BF-8674-3744-81CC-605A21EEC263}.Release|x64.Build.0 = Release|x64
		{11D7B9BF-8674-3744-81CC-605A21EEC263}.MinSizeRel|x64.ActiveCfg = MinSizeRel|x64
		{11D7B9BF-8674-3744-81CC-605A21EEC263}.MinSizeRel|x64.Build.0 = MinSizeRel|x64
		{11D7B9BF-8674-3744-81CC-605A21EEC263}.RelWithDebInfo|x64.ActiveCfg = RelWithDebInfo|x64
		{11D7B9BF-8674-3744-81CC-605A21EEC263}.RelWithDebInfo|x64.Build.0 = RelWithDebInfo|x64
	EndGlobalSection
	GlobalSection(ExtensibilityGlobals) = postSolution
		SolutionGuid = {D029D463-F060-326E-A5C1-C7DF2A88FFE7}
	EndGlobalSection
	GlobalSection(ExtensibilityAddIns) = postSolution
	EndGlobalSection
EndGlobal
