<?xml version="1.0" encoding="utf-8"?>
<Project ToolsVersion="15.0" xmlns="http://schemas.microsoft.com/developer/msbuild/2003">
  <ItemGroup>
    <ClCompile Include="F:\tt2g\Trinity2\src\common\Banner.cpp" />
    <ClCompile Include="F:\tt2g\Trinity2\src\common\Common.cpp" />
    <ClCompile Include="F:\tt2g\Trinity2\src\common\GitRevision.cpp" />
    <ClCompile Include="F:\tt2g\Trinity2\src\common\Collision\BoundingIntervalHierarchy.cpp">
      <Filter>Collision</Filter>
    </ClCompile>
    <ClCompile Include="F:\tt2g\Trinity2\src\common\Collision\DynamicTree.cpp">
      <Filter>Collision</Filter>
    </ClCompile>
    <ClCompile Include="F:\tt2g\Trinity2\src\common\Collision\Management\MMapFactory.cpp">
      <Filter>Collision\Management</Filter>
    </ClCompile>
    <ClCompile Include="F:\tt2g\Trinity2\src\common\Collision\Management\MMapManager.cpp">
      <Filter>Collision\Management</Filter>
    </ClCompile>
    <ClCompile Include="F:\tt2g\Trinity2\src\common\Collision\Management\VMapFactory.cpp">
      <Filter>Collision\Management</Filter>
    </ClCompile>
    <ClCompile Include="F:\tt2g\Trinity2\src\common\Collision\Management\VMapManager2.cpp">
      <Filter>Collision\Management</Filter>
    </ClCompile>
    <ClCompile Include="F:\tt2g\Trinity2\src\common\Collision\Maps\MapTree.cpp">
      <Filter>Collision\Maps</Filter>
    </ClCompile>
    <ClCompile Include="F:\tt2g\Trinity2\src\common\Collision\Maps\TileAssembler.cpp">
      <Filter>Collision\Maps</Filter>
    </ClCompile>
    <ClCompile Include="F:\tt2g\Trinity2\src\common\Collision\Models\GameObjectModel.cpp">
      <Filter>Collision\Models</Filter>
    </ClCompile>
    <ClCompile Include="F:\tt2g\Trinity2\src\common\Collision\Models\ModelInstance.cpp">
      <Filter>Collision\Models</Filter>
    </ClCompile>
    <ClCompile Include="F:\tt2g\Trinity2\src\common\Collision\Models\WorldModel.cpp">
      <Filter>Collision\Models</Filter>
    </ClCompile>
    <ClCompile Include="F:\tt2g\Trinity2\src\common\Configuration\BuiltInConfig.cpp">
      <Filter>Configuration</Filter>
    </ClCompile>
    <ClCompile Include="F:\tt2g\Trinity2\src\common\Configuration\Config.cpp">
      <Filter>Configuration</Filter>
    </ClCompile>
    <ClCompile Include="F:\tt2g\Trinity2\src\common\Cryptography\ARC4.cpp">
      <Filter>Cryptography</Filter>
    </ClCompile>
    <ClCompile Include="F:\tt2g\Trinity2\src\common\Cryptography\BigNumber.cpp">
      <Filter>Cryptography</Filter>
    </ClCompile>
    <ClCompile Include="F:\tt2g\Trinity2\src\common\Cryptography\HmacHash.cpp">
      <Filter>Cryptography</Filter>
    </ClCompile>
    <ClCompile Include="F:\tt2g\Trinity2\src\common\Cryptography\OpenSSLCrypto.cpp">
      <Filter>Cryptography</Filter>
    </ClCompile>
    <ClCompile Include="F:\tt2g\Trinity2\src\common\Cryptography\RSA.cpp">
      <Filter>Cryptography</Filter>
    </ClCompile>
    <ClCompile Include="F:\tt2g\Trinity2\src\common\Cryptography\SHA1.cpp">
      <Filter>Cryptography</Filter>
    </ClCompile>
    <ClCompile Include="F:\tt2g\Trinity2\src\common\Cryptography\SHA256.cpp">
      <Filter>Cryptography</Filter>
    </ClCompile>
    <ClCompile Include="F:\tt2g\Trinity2\src\common\Cryptography\Authentication\PacketCrypt.cpp">
      <Filter>Cryptography\Authentication</Filter>
    </ClCompile>
    <ClCompile Include="F:\tt2g\Trinity2\src\common\Cryptography\Authentication\WorldPacketCrypt.cpp">
      <Filter>Cryptography\Authentication</Filter>
    </ClCompile>
    <ClCompile Include="F:\tt2g\Trinity2\src\common\DataStores\DB2FileLoader.cpp">
      <Filter>DataStores</Filter>
    </ClCompile>
    <ClCompile Include="F:\tt2g\Trinity2\src\common\DataStores\DB2FileSystemSource.cpp">
      <Filter>DataStores</Filter>
    </ClCompile>
    <ClCompile Include="F:\tt2g\Trinity2\src\common\DataStores\DB2Meta.cpp">
      <Filter>DataStores</Filter>
    </ClCompile>
    <ClCompile Include="F:\tt2g\Trinity2\src\common\Logging\Appender.cpp">
      <Filter>Logging</Filter>
    </ClCompile>
    <ClCompile Include="F:\tt2g\Trinity2\src\common\Logging\AppenderConsole.cpp">
      <Filter>Logging</Filter>
    </ClCompile>
    <ClCompile Include="F:\tt2g\Trinity2\src\common\Logging\AppenderFile.cpp">
      <Filter>Logging</Filter>
    </ClCompile>
    <ClCompile Include="F:\tt2g\Trinity2\src\common\Logging\Log.cpp">
      <Filter>Logging</Filter>
    </ClCompile>
    <ClCompile Include="F:\tt2g\Trinity2\src\common\Logging\LogMessage.cpp">
      <Filter>Logging</Filter>
    </ClCompile>
    <ClCompile Include="F:\tt2g\Trinity2\src\common\Logging\LogOperation.cpp">
      <Filter>Logging</Filter>
    </ClCompile>
    <ClCompile Include="F:\tt2g\Trinity2\src\common\Logging\Logger.cpp">
      <Filter>Logging</Filter>
    </ClCompile>
    <ClCompile Include="F:\tt2g\Trinity2\src\common\Metric\Metric.cpp">
      <Filter>Metric</Filter>
    </ClCompile>
    <ClCompile Include="F:\tt2g\Trinity2\src\common\Threading\ProcessPriority.cpp">
      <Filter>Threading</Filter>
    </ClCompile>
    <ClCompile Include="F:\tt2g\Trinity2\src\common\Utilities\EventMap.cpp">
      <Filter>Utilities</Filter>
    </ClCompile>
    <ClCompile Include="F:\tt2g\Trinity2\src\common\Utilities\EventProcessor.cpp">
      <Filter>Utilities</Filter>
    </ClCompile>
    <ClCompile Include="F:\tt2g\Trinity2\src\common\Utilities\Random.cpp">
      <Filter>Utilities</Filter>
    </ClCompile>
    <ClCompile Include="F:\tt2g\Trinity2\src\common\Utilities\StartProcess.cpp">
      <Filter>Utilities</Filter>
    </ClCompile>
    <ClCompile Include="F:\tt2g\Trinity2\src\common\Utilities\TaskScheduler.cpp">
      <Filter>Utilities</Filter>
    </ClCompile>
    <ClCompile Include="F:\tt2g\Trinity2\src\common\Utilities\Util.cpp">
      <Filter>Utilities</Filter>
    </ClCompile>
    <ClCompile Include="F:\tt2g\Trinity2\src\common\Debugging\Errors.cpp">
      <Filter>Debugging</Filter>
    </ClCompile>
  </ItemGroup>
  <ItemGroup>
    <ClInclude Include="F:\tt2g\Trinity2\src\common\Banner.h" />
    <ClInclude Include="F:\tt2g\Trinity2\src\common\Common.h" />
    <ClInclude Include="F:\tt2g\Trinity2\src\common\CompilerDefs.h" />
    <ClInclude Include="F:\tt2g\Trinity2\src\common\Define.h" />
    <ClInclude Include="F:\tt2g\Trinity2\src\common\GitRevision.h" />
    <ClInclude Include="F:\tt2g\Trinity2\src\common\Asio\AsioHacksFwd.h">
      <Filter>Asio</Filter>
    </ClInclude>
    <ClInclude Include="F:\tt2g\Trinity2\src\common\Asio\IoContext.h">
      <Filter>Asio</Filter>
    </ClInclude>
    <ClInclude Include="F:\tt2g\Trinity2\src\common\Asio\IpAddress.h">
      <Filter>Asio</Filter>
    </ClInclude>
    <ClInclude Include="F:\tt2g\Trinity2\src\common\Asio\IpNetwork.h">
      <Filter>Asio</Filter>
    </ClInclude>
    <ClInclude Include="F:\tt2g\Trinity2\src\common\Asio\Resolver.h">
      <Filter>Asio</Filter>
    </ClInclude>
    <ClInclude Include="F:\tt2g\Trinity2\src\common\Asio\Strand.h">
      <Filter>Asio</Filter>
    </ClInclude>
    <ClInclude Include="F:\tt2g\Trinity2\src\common\Collision\BoundingIntervalHierarchy.h">
      <Filter>Collision</Filter>
    </ClInclude>
    <ClInclude Include="F:\tt2g\Trinity2\src\common\Collision\BoundingIntervalHierarchyWrapper.h">
      <Filter>Collision</Filter>
    </ClInclude>
    <ClInclude Include="F:\tt2g\Trinity2\src\common\Collision\DynamicTree.h">
      <Filter>Collision</Filter>
    </ClInclude>
    <ClInclude Include="F:\tt2g\Trinity2\src\common\Collision\RegularGrid.h">
      <Filter>Collision</Filter>
    </ClInclude>
    <ClInclude Include="F:\tt2g\Trinity2\src\common\Collision\VMapDefinitions.h">
      <Filter>Collision</Filter>
    </ClInclude>
    <ClInclude Include="F:\tt2g\Trinity2\src\common\Collision\Management\IVMapManager.h">
      <Filter>Collision\Management</Filter>
    </ClInclude>
    <ClInclude Include="F:\tt2g\Trinity2\src\common\Collision\Management\MMapFactory.h">
      <Filter>Collision\Management</Filter>
    </ClInclude>
    <ClInclude Include="F:\tt2g\Trinity2\src\common\Collision\Management\MMapManager.h">
      <Filter>Collision\Management</Filter>
    </ClInclude>
    <ClInclude Include="F:\tt2g\Trinity2\src\common\Collision\Management\VMapFactory.h">
      <Filter>Collision\Management</Filter>
    </ClInclude>
    <ClInclude Include="F:\tt2g\Trinity2\src\common\Collision\Management\VMapManager2.h">
      <Filter>Collision\Management</Filter>
    </ClInclude>
    <ClInclude Include="F:\tt2g\Trinity2\src\common\Collision\Maps\MapDefines.h">
      <Filter>Collision\Maps</Filter>
    </ClInclude>
    <ClInclude Include="F:\tt2g\Trinity2\src\common\Collision\Maps\MapTree.h">
      <Filter>Collision\Maps</Filter>
    </ClInclude>
    <ClInclude Include="F:\tt2g\Trinity2\src\common\Collision\Maps\TileAssembler.h">
      <Filter>Collision\Maps</Filter>
    </ClInclude>
    <ClInclude Include="F:\tt2g\Trinity2\src\common\Collision\Models\GameObjectModel.h">
      <Filter>Collision\Models</Filter>
    </ClInclude>
    <ClInclude Include="F:\tt2g\Trinity2\src\common\Collision\Models\ModelInstance.h">
      <Filter>Collision\Models</Filter>
    </ClInclude>
    <ClInclude Include="F:\tt2g\Trinity2\src\common\Collision\Models\WorldModel.h">
      <Filter>Collision\Models</Filter>
    </ClInclude>
    <ClInclude Include="F:\tt2g\Trinity2\src\common\Configuration\BuiltInConfig.h">
      <Filter>Configuration</Filter>
    </ClInclude>
    <ClInclude Include="F:\tt2g\Trinity2\src\common\Configuration\Config.h">
      <Filter>Configuration</Filter>
    </ClInclude>
    <ClInclude Include="F:\tt2g\Trinity2\src\common\Cryptography\ARC4.h">
      <Filter>Cryptography</Filter>
    </ClInclude>
    <ClInclude Include="F:\tt2g\Trinity2\src\common\Cryptography\BigNumber.h">
      <Filter>Cryptography</Filter>
    </ClInclude>
    <ClInclude Include="F:\tt2g\Trinity2\src\common\Cryptography\HmacHash.h">
      <Filter>Cryptography</Filter>
    </ClInclude>
    <ClInclude Include="F:\tt2g\Trinity2\src\common\Cryptography\OpenSSLCrypto.h">
      <Filter>Cryptography</Filter>
    </ClInclude>
    <ClInclude Include="F:\tt2g\Trinity2\src\common\Cryptography\RSA.h">
      <Filter>Cryptography</Filter>
    </ClInclude>
    <ClInclude Include="F:\tt2g\Trinity2\src\common\Cryptography\SHA1.h">
      <Filter>Cryptography</Filter>
    </ClInclude>
    <ClInclude Include="F:\tt2g\Trinity2\src\common\Cryptography\SHA256.h">
      <Filter>Cryptography</Filter>
    </ClInclude>
    <ClInclude Include="F:\tt2g\Trinity2\src\common\Cryptography\SessionKeyGeneration.h">
      <Filter>Cryptography</Filter>
    </ClInclude>
    <ClInclude Include="F:\tt2g\Trinity2\src\common\Cryptography\Authentication\PacketCrypt.h">
      <Filter>Cryptography\Authentication</Filter>
    </ClInclude>
    <ClInclude Include="F:\tt2g\Trinity2\src\common\Cryptography\Authentication\WorldPacketCrypt.h">
      <Filter>Cryptography\Authentication</Filter>
    </ClInclude>
    <ClInclude Include="F:\tt2g\Trinity2\src\common\DataStores\DB2FileLoader.h">
      <Filter>DataStores</Filter>
    </ClInclude>
    <ClInclude Include="F:\tt2g\Trinity2\src\common\DataStores\DB2FileSystemSource.h">
      <Filter>DataStores</Filter>
    </ClInclude>
    <ClInclude Include="F:\tt2g\Trinity2\src\common\DataStores\DB2Meta.h">
      <Filter>DataStores</Filter>
    </ClInclude>
    <ClInclude Include="F:\tt2g\Trinity2\src\common\Logging\Appender.h">
      <Filter>Logging</Filter>
    </ClInclude>
    <ClInclude Include="F:\tt2g\Trinity2\src\common\Logging\AppenderConsole.h">
      <Filter>Logging</Filter>
    </ClInclude>
    <ClInclude Include="F:\tt2g\Trinity2\src\common\Logging\AppenderFile.h">
      <Filter>Logging</Filter>
    </ClInclude>
    <ClInclude Include="F:\tt2g\Trinity2\src\common\Logging\Log.h">
      <Filter>Logging</Filter>
    </ClInclude>
    <ClInclude Include="F:\tt2g\Trinity2\src\common\Logging\LogCommon.h">
      <Filter>Logging</Filter>
    </ClInclude>
    <ClInclude Include="F:\tt2g\Trinity2\src\common\Logging\LogMessage.h">
      <Filter>Logging</Filter>
    </ClInclude>
    <ClInclude Include="F:\tt2g\Trinity2\src\common\Logging\LogOperation.h">
      <Filter>Logging</Filter>
    </ClInclude>
    <ClInclude Include="F:\tt2g\Trinity2\src\common\Logging\Logger.h">
      <Filter>Logging</Filter>
    </ClInclude>
    <ClInclude Include="F:\tt2g\Trinity2\src\common\Metric\Metric.h">
      <Filter>Metric</Filter>
    </ClInclude>
    <ClInclude Include="F:\tt2g\Trinity2\src\common\Threading\LockedQueue.h">
      <Filter>Threading</Filter>
    </ClInclude>
    <ClInclude Include="F:\tt2g\Trinity2\src\common\Threading\MPSCQueue.h">
      <Filter>Threading</Filter>
    </ClInclude>
    <ClInclude Include="F:\tt2g\Trinity2\src\common\Threading\ProcessPriority.h">
      <Filter>Threading</Filter>
    </ClInclude>
    <ClInclude Include="F:\tt2g\Trinity2\src\common\Threading\ProducerConsumerQueue.h">
      <Filter>Threading</Filter>
    </ClInclude>
    <ClInclude Include="F:\tt2g\Trinity2\src\common\Utilities\ByteConverter.h">
      <Filter>Utilities</Filter>
    </ClInclude>
    <ClInclude Include="F:\tt2g\Trinity2\src\common\Utilities\Containers.h">
      <Filter>Utilities</Filter>
    </ClInclude>
    <ClInclude Include="F:\tt2g\Trinity2\src\common\Utilities\Duration.h">
      <Filter>Utilities</Filter>
    </ClInclude>
    <ClInclude Include="F:\tt2g\Trinity2\src\common\Utilities\EnumClassFlag.h">
      <Filter>Utilities</Filter>
    </ClInclude>
    <ClInclude Include="F:\tt2g\Trinity2\src\common\Utilities\EventMap.h">
      <Filter>Utilities</Filter>
    </ClInclude>
    <ClInclude Include="F:\tt2g\Trinity2\src\common\Utilities\EventProcessor.h">
      <Filter>Utilities</Filter>
    </ClInclude>
    <ClInclude Include="F:\tt2g\Trinity2\src\common\Utilities\Hash.h">
      <Filter>Utilities</Filter>
    </ClInclude>
    <ClInclude Include="F:\tt2g\Trinity2\src\common\Utilities\IteratorPair.h">
      <Filter>Utilities</Filter>
    </ClInclude>
    <ClInclude Include="F:\tt2g\Trinity2\src\common\Utilities\MessageBuffer.h">
      <Filter>Utilities</Filter>
    </ClInclude>
    <ClInclude Include="F:\tt2g\Trinity2\src\common\Utilities\Optional.h">
      <Filter>Utilities</Filter>
    </ClInclude>
    <ClInclude Include="F:\tt2g\Trinity2\src\common\Utilities\Random.h">
      <Filter>Utilities</Filter>
    </ClInclude>
    <ClInclude Include="F:\tt2g\Trinity2\src\common\Utilities\Regex.h">
      <Filter>Utilities</Filter>
    </ClInclude>
    <ClInclude Include="F:\tt2g\Trinity2\src\common\Utilities\StartProcess.h">
      <Filter>Utilities</Filter>
    </ClInclude>
    <ClInclude Include="F:\tt2g\Trinity2\src\common\Utilities\StringFormat.h">
      <Filter>Utilities</Filter>
    </ClInclude>
    <ClInclude Include="F:\tt2g\Trinity2\src\common\Utilities\TaskScheduler.h">
      <Filter>Utilities</Filter>
    </ClInclude>
    <ClInclude Include="F:\tt2g\Trinity2\src\common\Utilities\Timer.h">
      <Filter>Utilities</Filter>
    </ClInclude>
    <ClInclude Include="F:\tt2g\Trinity2\src\common\Utilities\Util.h">
      <Filter>Utilities</Filter>
    </ClInclude>
    <ClInclude Include="F:\tt2g\Trinity2\src\common\Debugging\Errors.h">
      <Filter>Debugging</Filter>
    </ClInclude>
  </ItemGroup>
  <ItemGroup>
    <CustomBuild Include="F:\tt2g\TC\DynamicLib_Build\CMakeFiles\589179e87494ea1538bc22774b540ee3\common_CXX_prefix.hxx.rule">
      <Filter>CMake Rules</Filter>
    </CustomBuild>
    <CustomBuild Include="F:\tt2g\Trinity2\src\common\CMakeLists.txt" />
  </ItemGroup>
  <ItemGroup>
    <Filter Include="Asio">
      <UniqueIdentifier>{ECAF8A7E-F57E-3ADF-8BEB-A0C7956C172E}</UniqueIdentifier>
    </Filter>
    <Filter Include="CMake Rules">
      <UniqueIdentifier>{0C5CD29E-FB95-35DA-AEAB-014F6BCEE985}</UniqueIdentifier>
    </Filter>
    <Filter Include="Collision">
      <UniqueIdentifier>{B984D68E-CEAF-365A-A90A-350D921CF6B3}</UniqueIdentifier>
    </Filter>
    <Filter Include="Collision\Management">
      <UniqueIdentifier>{49D170BE-6FF0-317A-8AB1-1A46CCC7453E}</UniqueIdentifier>
    </Filter>
    <Filter Include="Collision\Maps">
      <UniqueIdentifier>{D2034F6E-00AF-333A-937E-BF18068A5EF8}</UniqueIdentifier>
    </Filter>
    <Filter Include="Collision\Models">
      <UniqueIdentifier>{9E8F58AC-9731-3EAF-82B8-470BB0888EFE}</UniqueIdentifier>
    </Filter>
    <Filter Include="Configuration">
      <UniqueIdentifier>{2600D28E-B5ED-367B-B21D-9BD887A50279}</UniqueIdentifier>
    </Filter>
    <Filter Include="Cryptography">
      <UniqueIdentifier>{8532F07F-94FA-3D54-9312-19D53BACC23D}</UniqueIdentifier>
    </Filter>
    <Filter Include="Cryptography\Authentication">
      <UniqueIdentifier>{1B167C3F-1BD9-3A4B-A505-D69F93BC82C4}</UniqueIdentifier>
    </Filter>
    <Filter Include="DataStores">
      <UniqueIdentifier>{215EC194-AF7D-3882-AEC9-AFC68ACA0B24}</UniqueIdentifier>
    </Filter>
    <Filter Include="Debugging">
      <UniqueIdentifier>{579E19C9-6A1E-3854-AC1A-9B328743A7FD}</UniqueIdentifier>
    </Filter>
    <Filter Include="Logging">
      <UniqueIdentifier>{0359E439-E55D-37E1-996C-CBB954F77F45}</UniqueIdentifier>
    </Filter>
    <Filter Include="Metric">
      <UniqueIdentifier>{F362B3A1-AA77-335D-B9F4-A33B19577C0A}</UniqueIdentifier>
    </Filter>
    <Filter Include="Threading">
      <UniqueIdentifier>{756EBEA6-0657-37DB-BCCB-60FA26D6F515}</UniqueIdentifier>
    </Filter>
    <Filter Include="Utilities">
      <UniqueIdentifier>{4300B8F2-8C63-3481-9576-050F0C384837}</UniqueIdentifier>
    </Filter>
  </ItemGroup>
</Project>
