<?xml version="1.0" encoding="utf-8"?>
<Project ToolsVersion="15.0" xmlns="http://schemas.microsoft.com/developer/msbuild/2003">
  <ItemGroup>
    <ClCompile Include="F:\tt2g\Trinity2\dep\fmt\fmt\format.cc">
      <Filter>Source Files</Filter>
    </ClCompile>
    <ClCompile Include="F:\tt2g\Trinity2\dep\fmt\fmt\ostream.cc">
      <Filter>Source Files</Filter>
    </ClCompile>
    <ClCompile Include="F:\tt2g\Trinity2\dep\fmt\fmt\printf.cc">
      <Filter>Source Files</Filter>
    </ClCompile>
    <ClCompile Include="F:\tt2g\Trinity2\dep\fmt\fmt\posix.cc">
      <Filter>Source Files</Filter>
    </ClCompile>
  </ItemGroup>
  <ItemGroup>
    <ClInclude Include="F:\tt2g\Trinity2\dep\fmt\fmt\container.h">
      <Filter>Header Files</Filter>
    </ClInclude>
    <ClInclude Include="F:\tt2g\Trinity2\dep\fmt\fmt\format.h">
      <Filter>Header Files</Filter>
    </ClInclude>
    <ClInclude Include="F:\tt2g\Trinity2\dep\fmt\fmt\ostream.h">
      <Filter>Header Files</Filter>
    </ClInclude>
    <ClInclude Include="F:\tt2g\Trinity2\dep\fmt\fmt\printf.h">
      <Filter>Header Files</Filter>
    </ClInclude>
    <ClInclude Include="F:\tt2g\Trinity2\dep\fmt\fmt\string.h">
      <Filter>Header Files</Filter>
    </ClInclude>
    <ClInclude Include="F:\tt2g\Trinity2\dep\fmt\fmt\time.h">
      <Filter>Header Files</Filter>
    </ClInclude>
    <ClInclude Include="F:\tt2g\Trinity2\dep\fmt\fmt\posix.h">
      <Filter>Header Files</Filter>
    </ClInclude>
  </ItemGroup>
  <ItemGroup>
    <CustomBuild Include="F:\tt2g\Trinity2\dep\fmt\CMakeLists.txt" />
  </ItemGroup>
  <ItemGroup>
    <Filter Include="Header Files">
      <UniqueIdentifier>{F01496A6-6A29-3685-8A3A-E54C54CCABF7}</UniqueIdentifier>
    </Filter>
    <Filter Include="Source Files">
      <UniqueIdentifier>{2E8771F7-D197-3328-A22D-BB9ABC3088C2}</UniqueIdentifier>
    </Filter>
  </ItemGroup>
</Project>
