Microsoft Visual Studio Solution File, Format Version 12.00
# Visual Studio 15
Project("{8BC9CEB8-8B4A-11D0-8D11-00A0C91BC942}") = "ALL_BUILD", "ALL_BUILD.vcxproj", "{C19C8EC4-8565-32C9-8EED-2AD9FF4CCAC9}"
	ProjectSection(ProjectDependencies) = postProject
		{2DF5BA17-FDCC-3D5F-B07D-8EDC673FC792} = {2DF5BA17-FDCC-3D5F-B07D-8EDC673FC792}
		{14D81770-274A-3DEE-A940-8604743F86D7} = {14D81770-274A-3DEE-A940-8604743F86D7}
		{5746EE2B-DDA6-3213-9440-0EF3CA40737E} = {5746EE2B-DDA6-3213-9440-0EF3CA40737E}
		{EA2D28E5-AA25-33E7-9466-9107CADE0750} = {EA2D28E5-AA25-33E7-9466-9107CADE0750}
		{C7FD13F6-F76C-3459-AB07-76061E13BDA4} = {C7FD13F6-F76C-3459-AB07-76061E13BDA4}
		{6C67E0EF-7B0A-36C7-98FE-56F8FE568952} = {6C67E0EF-7B0A-36C7-98FE-56F8FE568952}
		{69C44556-F244-3F44-9D2E-C2D70F3682D5} = {69C44556-F244-3F44-9D2E-C2D70F3682D5}
		{E4FBE681-0EAD-3265-A1A2-3E19D3401C53} = {E4FBE681-0EAD-3265-A1A2-3E19D3401C53}
		{E877669F-FDAB-3BD4-98D6-BAE3D825615F} = {E877669F-FDAB-3BD4-98D6-BAE3D825615F}
		{4AEC235F-9837-3A37-8F07-55AB7115EACA} = {4AEC235F-9837-3A37-8F07-55AB7115EACA}
		{256354D1-4CA2-3E7F-BD43-F3DC76422ABB} = {256354D1-4CA2-3E7F-BD43-F3DC76422ABB}
		{2314C1D3-2D8F-36FD-AAA7-7C317D20CF80} = {2314C1D3-2D8F-36FD-AAA7-7C317D20CF80}
		{60323DC6-AAD4-3C76-902A-1C409E962331} = {60323DC6-AAD4-3C76-902A-1C409E962331}
		{AFD53EB5-9CEA-3687-B435-561FDE2C0CF0} = {AFD53EB5-9CEA-3687-B435-561FDE2C0CF0}
		{E928DDD6-06A5-3EA9-B861-0DC47B96E528} = {E928DDD6-06A5-3EA9-B861-0DC47B96E528}
		{A300411C-DD50-36D5-89EF-CB73D6F94C07} = {A300411C-DD50-36D5-89EF-CB73D6F94C07}
		{6ABFA45A-AEF9-3517-A587-1A5555A7D7CF} = {6ABFA45A-AEF9-3517-A587-1A5555A7D7CF}
		{97AA20EB-CDBD-39C9-B010-34AE89C0928A} = {97AA20EB-CDBD-39C9-B010-34AE89C0928A}
		{5D496FD4-6505-3B8A-9689-F58C81272A3F} = {5D496FD4-6505-3B8A-9689-F58C81272A3F}
		{65A0EC5A-0F78-3BAC-B0EC-303A808E96E3} = {65A0EC5A-0F78-3BAC-B0EC-303A808E96E3}
		{FDC556A3-3A21-3176-8D8D-1D9FAC09E758} = {FDC556A3-3A21-3176-8D8D-1D9FAC09E758}
		{5507FB67-7F9C-3DC2-B348-77A9B819A6EF} = {5507FB67-7F9C-3DC2-B348-77A9B819A6EF}
		{9F273261-F761-3839-B2DA-F8DCC322BF3E} = {9F273261-F761-3839-B2DA-F8DCC322BF3E}
		{31652602-8C70-39C4-8172-0C2C2A14622C} = {31652602-8C70-39C4-8172-0C2C2A14622C}
		{5E127FFB-A6DE-3CCC-B8CF-6B76DFFC8B1D} = {5E127FFB-A6DE-3CCC-B8CF-6B76DFFC8B1D}
		{8D9D069B-BB3F-3BAA-AE89-63C96B978B30} = {8D9D069B-BB3F-3BAA-AE89-63C96B978B30}
		{F23AFDEC-795A-3CF8-ADE1-C87F60C1339E} = {F23AFDEC-795A-3CF8-ADE1-C87F60C1339E}
		{41281FD8-1ED2-3F68-99DA-8C06B10A88BD} = {41281FD8-1ED2-3F68-99DA-8C06B10A88BD}
		{8A4A0736-0BEE-37D2-844F-462CEBA14DB3} = {8A4A0736-0BEE-37D2-844F-462CEBA14DB3}
		{A2139A2C-7E7A-38EE-A254-7A888B4C1E56} = {A2139A2C-7E7A-38EE-A254-7A888B4C1E56}
		{8B45A4C9-CF2B-3D3D-BF2A-86508FC8ABCE} = {8B45A4C9-CF2B-3D3D-BF2A-86508FC8ABCE}
		{59558E0F-614B-3568-BC07-15DFF5BEAD96} = {59558E0F-614B-3568-BC07-15DFF5BEAD96}
		{424EE1CC-D3A8-34A9-9C14-4039C4AF55E6} = {424EE1CC-D3A8-34A9-9C14-4039C4AF55E6}
		{D2A4AE3E-01D7-3FAD-A0E2-26DB80C95827} = {D2A4AE3E-01D7-3FAD-A0E2-26DB80C95827}
		{3EE0E2AF-C05C-3707-9D9A-A1015DFFE033} = {3EE0E2AF-C05C-3707-9D9A-A1015DFFE033}
		{29E2C2CE-D7A8-3CAF-A1F7-5E759C605E4C} = {29E2C2CE-D7A8-3CAF-A1F7-5E759C605E4C}
		{94051C69-A157-38FB-8122-DE84B1251103} = {94051C69-A157-38FB-8122-DE84B1251103}
		{BA2C8058-BCB0-3C66-A737-51F02E458BBB} = {BA2C8058-BCB0-3C66-A737-51F02E458BBB}
	EndProjectSection
EndProject
Project("{8BC9CEB8-8B4A-11D0-8D11-00A0C91BC942}") = "Detour", "dep\recastnavigation\Detour\Detour.vcxproj", "{2DF5BA17-FDCC-3D5F-B07D-8EDC673FC792}"
	ProjectSection(ProjectDependencies) = postProject
		{5746EE2B-DDA6-3213-9440-0EF3CA40737E} = {5746EE2B-DDA6-3213-9440-0EF3CA40737E}
		{BA2C8058-BCB0-3C66-A737-51F02E458BBB} = {BA2C8058-BCB0-3C66-A737-51F02E458BBB}
	EndProjectSection
EndProject
Project("{8BC9CEB8-8B4A-11D0-8D11-00A0C91BC942}") = "INSTALL", "INSTALL.vcxproj", "{8C078497-5383-322F-8D12-6857D55BB5C9}"
	ProjectSection(ProjectDependencies) = postProject
		{C19C8EC4-8565-32C9-8EED-2AD9FF4CCAC9} = {C19C8EC4-8565-32C9-8EED-2AD9FF4CCAC9}
		{5746EE2B-DDA6-3213-9440-0EF3CA40737E} = {5746EE2B-DDA6-3213-9440-0EF3CA40737E}
	EndProjectSection
EndProject
Project("{8BC9CEB8-8B4A-11D0-8D11-00A0C91BC942}") = "Recast", "dep\recastnavigation\Recast\Recast.vcxproj", "{14D81770-274A-3DEE-A940-8604743F86D7}"
	ProjectSection(ProjectDependencies) = postProject
		{5746EE2B-DDA6-3213-9440-0EF3CA40737E} = {5746EE2B-DDA6-3213-9440-0EF3CA40737E}
		{BA2C8058-BCB0-3C66-A737-51F02E458BBB} = {BA2C8058-BCB0-3C66-A737-51F02E458BBB}
	EndProjectSection
EndProject
Project("{8BC9CEB8-8B4A-11D0-8D11-00A0C91BC942}") = "ZERO_CHECK", "ZERO_CHECK.vcxproj", "{5746EE2B-DDA6-3213-9440-0EF3CA40737E}"
	ProjectSection(ProjectDependencies) = postProject
	EndProjectSection
EndProject
Project("{8BC9CEB8-8B4A-11D0-8D11-00A0C91BC942}") = "bnetserver", "src\server\bnetserver\bnetserver.vcxproj", "{EA2D28E5-AA25-33E7-9466-9107CADE0750}"
	ProjectSection(ProjectDependencies) = postProject
		{2DF5BA17-FDCC-3D5F-B07D-8EDC673FC792} = {2DF5BA17-FDCC-3D5F-B07D-8EDC673FC792}
		{5746EE2B-DDA6-3213-9440-0EF3CA40737E} = {5746EE2B-DDA6-3213-9440-0EF3CA40737E}
		{69C44556-F244-3F44-9D2E-C2D70F3682D5} = {69C44556-F244-3F44-9D2E-C2D70F3682D5}
		{E877669F-FDAB-3BD4-98D6-BAE3D825615F} = {E877669F-FDAB-3BD4-98D6-BAE3D825615F}
		{2314C1D3-2D8F-36FD-AAA7-7C317D20CF80} = {2314C1D3-2D8F-36FD-AAA7-7C317D20CF80}
		{60323DC6-AAD4-3C76-902A-1C409E962331} = {60323DC6-AAD4-3C76-902A-1C409E962331}
		{E928DDD6-06A5-3EA9-B861-0DC47B96E528} = {E928DDD6-06A5-3EA9-B861-0DC47B96E528}
		{97AA20EB-CDBD-39C9-B010-34AE89C0928A} = {97AA20EB-CDBD-39C9-B010-34AE89C0928A}
		{5D496FD4-6505-3B8A-9689-F58C81272A3F} = {5D496FD4-6505-3B8A-9689-F58C81272A3F}
		{D2A4AE3E-01D7-3FAD-A0E2-26DB80C95827} = {D2A4AE3E-01D7-3FAD-A0E2-26DB80C95827}
		{BA2C8058-BCB0-3C66-A737-51F02E458BBB} = {BA2C8058-BCB0-3C66-A737-51F02E458BBB}
	EndProjectSection
EndProject
Project("{8BC9CEB8-8B4A-11D0-8D11-00A0C91BC942}") = "bzip2", "dep\bzip2\bzip2.vcxproj", "{C7FD13F6-F76C-3459-AB07-76061E13BDA4}"
	ProjectSection(ProjectDependencies) = postProject
		{5746EE2B-DDA6-3213-9440-0EF3CA40737E} = {5746EE2B-DDA6-3213-9440-0EF3CA40737E}
	EndProjectSection
EndProject
Project("{8BC9CEB8-8B4A-11D0-8D11-00A0C91BC942}") = "casc", "dep\CascLib\casc.vcxproj", "{6C67E0EF-7B0A-36C7-98FE-56F8FE568952}"
	ProjectSection(ProjectDependencies) = postProject
		{5746EE2B-DDA6-3213-9440-0EF3CA40737E} = {5746EE2B-DDA6-3213-9440-0EF3CA40737E}
		{BA2C8058-BCB0-3C66-A737-51F02E458BBB} = {BA2C8058-BCB0-3C66-A737-51F02E458BBB}
	EndProjectSection
EndProject
Project("{8BC9CEB8-8B4A-11D0-8D11-00A0C91BC942}") = "clean_cotire", "src\common\clean_cotire.vcxproj", "{AC728945-6E50-348E-B79F-497A5FC260FD}"
	ProjectSection(ProjectDependencies) = postProject
		{5746EE2B-DDA6-3213-9440-0EF3CA40737E} = {5746EE2B-DDA6-3213-9440-0EF3CA40737E}
	EndProjectSection
EndProject
Project("{8BC9CEB8-8B4A-11D0-8D11-00A0C91BC942}") = "common", "src\common\common.vcxproj", "{69C44556-F244-3F44-9D2E-C2D70F3682D5}"
	ProjectSection(ProjectDependencies) = postProject
		{2DF5BA17-FDCC-3D5F-B07D-8EDC673FC792} = {2DF5BA17-FDCC-3D5F-B07D-8EDC673FC792}
		{5746EE2B-DDA6-3213-9440-0EF3CA40737E} = {5746EE2B-DDA6-3213-9440-0EF3CA40737E}
		{2314C1D3-2D8F-36FD-AAA7-7C317D20CF80} = {2314C1D3-2D8F-36FD-AAA7-7C317D20CF80}
		{60323DC6-AAD4-3C76-902A-1C409E962331} = {60323DC6-AAD4-3C76-902A-1C409E962331}
		{65A0EC5A-0F78-3BAC-B0EC-303A808E96E3} = {65A0EC5A-0F78-3BAC-B0EC-303A808E96E3}
		{BA2C8058-BCB0-3C66-A737-51F02E458BBB} = {BA2C8058-BCB0-3C66-A737-51F02E458BBB}
	EndProjectSection
EndProject
Project("{8BC9CEB8-8B4A-11D0-8D11-00A0C91BC942}") = "connection_patcher", "src\tools\connection_patcher\connection_patcher.vcxproj", "{E4FBE681-0EAD-3265-A1A2-3E19D3401C53}"
	ProjectSection(ProjectDependencies) = postProject
		{2DF5BA17-FDCC-3D5F-B07D-8EDC673FC792} = {2DF5BA17-FDCC-3D5F-B07D-8EDC673FC792}
		{5746EE2B-DDA6-3213-9440-0EF3CA40737E} = {5746EE2B-DDA6-3213-9440-0EF3CA40737E}
		{69C44556-F244-3F44-9D2E-C2D70F3682D5} = {69C44556-F244-3F44-9D2E-C2D70F3682D5}
		{2314C1D3-2D8F-36FD-AAA7-7C317D20CF80} = {2314C1D3-2D8F-36FD-AAA7-7C317D20CF80}
		{60323DC6-AAD4-3C76-902A-1C409E962331} = {60323DC6-AAD4-3C76-902A-1C409E962331}
		{BA2C8058-BCB0-3C66-A737-51F02E458BBB} = {BA2C8058-BCB0-3C66-A737-51F02E458BBB}
	EndProjectSection
EndProject
Project("{8BC9CEB8-8B4A-11D0-8D11-00A0C91BC942}") = "database", "src\server\database\database.vcxproj", "{E877669F-FDAB-3BD4-98D6-BAE3D825615F}"
	ProjectSection(ProjectDependencies) = postProject
		{2DF5BA17-FDCC-3D5F-B07D-8EDC673FC792} = {2DF5BA17-FDCC-3D5F-B07D-8EDC673FC792}
		{5746EE2B-DDA6-3213-9440-0EF3CA40737E} = {5746EE2B-DDA6-3213-9440-0EF3CA40737E}
		{69C44556-F244-3F44-9D2E-C2D70F3682D5} = {69C44556-F244-3F44-9D2E-C2D70F3682D5}
		{2314C1D3-2D8F-36FD-AAA7-7C317D20CF80} = {2314C1D3-2D8F-36FD-AAA7-7C317D20CF80}
		{60323DC6-AAD4-3C76-902A-1C409E962331} = {60323DC6-AAD4-3C76-902A-1C409E962331}
		{BA2C8058-BCB0-3C66-A737-51F02E458BBB} = {BA2C8058-BCB0-3C66-A737-51F02E458BBB}
	EndProjectSection
EndProject
Project("{8BC9CEB8-8B4A-11D0-8D11-00A0C91BC942}") = "efsw", "dep\efsw\efsw.vcxproj", "{4AEC235F-9837-3A37-8F07-55AB7115EACA}"
	ProjectSection(ProjectDependencies) = postProject
		{5746EE2B-DDA6-3213-9440-0EF3CA40737E} = {5746EE2B-DDA6-3213-9440-0EF3CA40737E}
	EndProjectSection
EndProject
Project("{8BC9CEB8-8B4A-11D0-8D11-00A0C91BC942}") = "extractor_common", "src\tools\extractor_common\extractor_common.vcxproj", "{256354D1-4CA2-3E7F-BD43-F3DC76422ABB}"
	ProjectSection(ProjectDependencies) = postProject
		{2DF5BA17-FDCC-3D5F-B07D-8EDC673FC792} = {2DF5BA17-FDCC-3D5F-B07D-8EDC673FC792}
		{5746EE2B-DDA6-3213-9440-0EF3CA40737E} = {5746EE2B-DDA6-3213-9440-0EF3CA40737E}
		{6C67E0EF-7B0A-36C7-98FE-56F8FE568952} = {6C67E0EF-7B0A-36C7-98FE-56F8FE568952}
		{69C44556-F244-3F44-9D2E-C2D70F3682D5} = {69C44556-F244-3F44-9D2E-C2D70F3682D5}
		{2314C1D3-2D8F-36FD-AAA7-7C317D20CF80} = {2314C1D3-2D8F-36FD-AAA7-7C317D20CF80}
		{60323DC6-AAD4-3C76-902A-1C409E962331} = {60323DC6-AAD4-3C76-902A-1C409E962331}
		{BA2C8058-BCB0-3C66-A737-51F02E458BBB} = {BA2C8058-BCB0-3C66-A737-51F02E458BBB}
	EndProjectSection
EndProject
Project("{8BC9CEB8-8B4A-11D0-8D11-00A0C91BC942}") = "fmt", "dep\fmt\fmt.vcxproj", "{2314C1D3-2D8F-36FD-AAA7-7C317D20CF80}"
	ProjectSection(ProjectDependencies) = postProject
		{5746EE2B-DDA6-3213-9440-0EF3CA40737E} = {5746EE2B-DDA6-3213-9440-0EF3CA40737E}
	EndProjectSection
EndProject
Project("{8BC9CEB8-8B4A-11D0-8D11-00A0C91BC942}") = "g3dlib", "dep\g3dlite\g3dlib.vcxproj", "{60323DC6-AAD4-3C76-902A-1C409E962331}"
	ProjectSection(ProjectDependencies) = postProject
		{5746EE2B-DDA6-3213-9440-0EF3CA40737E} = {5746EE2B-DDA6-3213-9440-0EF3CA40737E}
		{BA2C8058-BCB0-3C66-A737-51F02E458BBB} = {BA2C8058-BCB0-3C66-A737-51F02E458BBB}
	EndProjectSection
EndProject
Project("{8BC9CEB8-8B4A-11D0-8D11-00A0C91BC942}") = "game", "src\server\game\game.vcxproj", "{AFD53EB5-9CEA-3687-B435-561FDE2C0CF0}"
	ProjectSection(ProjectDependencies) = postProject
		{2DF5BA17-FDCC-3D5F-B07D-8EDC673FC792} = {2DF5BA17-FDCC-3D5F-B07D-8EDC673FC792}
		{5746EE2B-DDA6-3213-9440-0EF3CA40737E} = {5746EE2B-DDA6-3213-9440-0EF3CA40737E}
		{69C44556-F244-3F44-9D2E-C2D70F3682D5} = {69C44556-F244-3F44-9D2E-C2D70F3682D5}
		{E877669F-FDAB-3BD4-98D6-BAE3D825615F} = {E877669F-FDAB-3BD4-98D6-BAE3D825615F}
		{4AEC235F-9837-3A37-8F07-55AB7115EACA} = {4AEC235F-9837-3A37-8F07-55AB7115EACA}
		{2314C1D3-2D8F-36FD-AAA7-7C317D20CF80} = {2314C1D3-2D8F-36FD-AAA7-7C317D20CF80}
		{60323DC6-AAD4-3C76-902A-1C409E962331} = {60323DC6-AAD4-3C76-902A-1C409E962331}
		{E928DDD6-06A5-3EA9-B861-0DC47B96E528} = {E928DDD6-06A5-3EA9-B861-0DC47B96E528}
		{97AA20EB-CDBD-39C9-B010-34AE89C0928A} = {97AA20EB-CDBD-39C9-B010-34AE89C0928A}
		{5D496FD4-6505-3B8A-9689-F58C81272A3F} = {5D496FD4-6505-3B8A-9689-F58C81272A3F}
		{D2A4AE3E-01D7-3FAD-A0E2-26DB80C95827} = {D2A4AE3E-01D7-3FAD-A0E2-26DB80C95827}
		{BA2C8058-BCB0-3C66-A737-51F02E458BBB} = {BA2C8058-BCB0-3C66-A737-51F02E458BBB}
	EndProjectSection
EndProject
Project("{8BC9CEB8-8B4A-11D0-8D11-00A0C91BC942}") = "gsoap", "dep\gsoap\gsoap.vcxproj", "{E928DDD6-06A5-3EA9-B861-0DC47B96E528}"
	ProjectSection(ProjectDependencies) = postProject
		{5746EE2B-DDA6-3213-9440-0EF3CA40737E} = {5746EE2B-DDA6-3213-9440-0EF3CA40737E}
	EndProjectSection
EndProject
Project("{8BC9CEB8-8B4A-11D0-8D11-00A0C91BC942}") = "mapextractor", "src\tools\map_extractor\mapextractor.vcxproj", "{A300411C-DD50-36D5-89EF-CB73D6F94C07}"
	ProjectSection(ProjectDependencies) = postProject
		{2DF5BA17-FDCC-3D5F-B07D-8EDC673FC792} = {2DF5BA17-FDCC-3D5F-B07D-8EDC673FC792}
		{5746EE2B-DDA6-3213-9440-0EF3CA40737E} = {5746EE2B-DDA6-3213-9440-0EF3CA40737E}
		{6C67E0EF-7B0A-36C7-98FE-56F8FE568952} = {6C67E0EF-7B0A-36C7-98FE-56F8FE568952}
		{69C44556-F244-3F44-9D2E-C2D70F3682D5} = {69C44556-F244-3F44-9D2E-C2D70F3682D5}
		{256354D1-4CA2-3E7F-BD43-F3DC76422ABB} = {256354D1-4CA2-3E7F-BD43-F3DC76422ABB}
		{2314C1D3-2D8F-36FD-AAA7-7C317D20CF80} = {2314C1D3-2D8F-36FD-AAA7-7C317D20CF80}
		{60323DC6-AAD4-3C76-902A-1C409E962331} = {60323DC6-AAD4-3C76-902A-1C409E962331}
		{BA2C8058-BCB0-3C66-A737-51F02E458BBB} = {BA2C8058-BCB0-3C66-A737-51F02E458BBB}
	EndProjectSection
EndProject
Project("{8BC9CEB8-8B4A-11D0-8D11-00A0C91BC942}") = "mmaps_generator", "src\tools\mmaps_generator\mmaps_generator.vcxproj", "{6ABFA45A-AEF9-3517-A587-1A5555A7D7CF}"
	ProjectSection(ProjectDependencies) = postProject
		{2DF5BA17-FDCC-3D5F-B07D-8EDC673FC792} = {2DF5BA17-FDCC-3D5F-B07D-8EDC673FC792}
		{14D81770-274A-3DEE-A940-8604743F86D7} = {14D81770-274A-3DEE-A940-8604743F86D7}
		{5746EE2B-DDA6-3213-9440-0EF3CA40737E} = {5746EE2B-DDA6-3213-9440-0EF3CA40737E}
		{C7FD13F6-F76C-3459-AB07-76061E13BDA4} = {C7FD13F6-F76C-3459-AB07-76061E13BDA4}
		{6C67E0EF-7B0A-36C7-98FE-56F8FE568952} = {6C67E0EF-7B0A-36C7-98FE-56F8FE568952}
		{69C44556-F244-3F44-9D2E-C2D70F3682D5} = {69C44556-F244-3F44-9D2E-C2D70F3682D5}
		{256354D1-4CA2-3E7F-BD43-F3DC76422ABB} = {256354D1-4CA2-3E7F-BD43-F3DC76422ABB}
		{2314C1D3-2D8F-36FD-AAA7-7C317D20CF80} = {2314C1D3-2D8F-36FD-AAA7-7C317D20CF80}
		{60323DC6-AAD4-3C76-902A-1C409E962331} = {60323DC6-AAD4-3C76-902A-1C409E962331}
		{BA2C8058-BCB0-3C66-A737-51F02E458BBB} = {BA2C8058-BCB0-3C66-A737-51F02E458BBB}
	EndProjectSection
EndProject
Project("{8BC9CEB8-8B4A-11D0-8D11-00A0C91BC942}") = "proto", "src\server\proto\proto.vcxproj", "{97AA20EB-CDBD-39C9-B010-34AE89C0928A}"
	ProjectSection(ProjectDependencies) = postProject
		{2DF5BA17-FDCC-3D5F-B07D-8EDC673FC792} = {2DF5BA17-FDCC-3D5F-B07D-8EDC673FC792}
		{5746EE2B-DDA6-3213-9440-0EF3CA40737E} = {5746EE2B-DDA6-3213-9440-0EF3CA40737E}
		{69C44556-F244-3F44-9D2E-C2D70F3682D5} = {69C44556-F244-3F44-9D2E-C2D70F3682D5}
		{2314C1D3-2D8F-36FD-AAA7-7C317D20CF80} = {2314C1D3-2D8F-36FD-AAA7-7C317D20CF80}
		{60323DC6-AAD4-3C76-902A-1C409E962331} = {60323DC6-AAD4-3C76-902A-1C409E962331}
		{5D496FD4-6505-3B8A-9689-F58C81272A3F} = {5D496FD4-6505-3B8A-9689-F58C81272A3F}
		{BA2C8058-BCB0-3C66-A737-51F02E458BBB} = {BA2C8058-BCB0-3C66-A737-51F02E458BBB}
	EndProjectSection
EndProject
Project("{8BC9CEB8-8B4A-11D0-8D11-00A0C91BC942}") = "protobuf", "dep\protobuf\protobuf.vcxproj", "{5D496FD4-6505-3B8A-9689-F58C81272A3F}"
	ProjectSection(ProjectDependencies) = postProject
		{5746EE2B-DDA6-3213-9440-0EF3CA40737E} = {5746EE2B-DDA6-3213-9440-0EF3CA40737E}
	EndProjectSection
EndProject
Project("{8BC9CEB8-8B4A-11D0-8D11-00A0C91BC942}") = "revision_data.h", "src\genrev\revision_data.h.vcxproj", "{65A0EC5A-0F78-3BAC-B0EC-303A808E96E3}"
	ProjectSection(ProjectDependencies) = postProject
		{5746EE2B-DDA6-3213-9440-0EF3CA40737E} = {5746EE2B-DDA6-3213-9440-0EF3CA40737E}
	EndProjectSection
EndProject
Project("{8BC9CEB8-8B4A-11D0-8D11-00A0C91BC942}") = "scripts", "src\server\scripts\scripts.vcxproj", "{FDC556A3-3A21-3176-8D8D-1D9FAC09E758}"
	ProjectSection(ProjectDependencies) = postProject
		{2DF5BA17-FDCC-3D5F-B07D-8EDC673FC792} = {2DF5BA17-FDCC-3D5F-B07D-8EDC673FC792}
		{5746EE2B-DDA6-3213-9440-0EF3CA40737E} = {5746EE2B-DDA6-3213-9440-0EF3CA40737E}
		{69C44556-F244-3F44-9D2E-C2D70F3682D5} = {69C44556-F244-3F44-9D2E-C2D70F3682D5}
		{E877669F-FDAB-3BD4-98D6-BAE3D825615F} = {E877669F-FDAB-3BD4-98D6-BAE3D825615F}
		{2314C1D3-2D8F-36FD-AAA7-7C317D20CF80} = {2314C1D3-2D8F-36FD-AAA7-7C317D20CF80}
		{60323DC6-AAD4-3C76-902A-1C409E962331} = {60323DC6-AAD4-3C76-902A-1C409E962331}
		{E928DDD6-06A5-3EA9-B861-0DC47B96E528} = {E928DDD6-06A5-3EA9-B861-0DC47B96E528}
		{97AA20EB-CDBD-39C9-B010-34AE89C0928A} = {97AA20EB-CDBD-39C9-B010-34AE89C0928A}
		{5D496FD4-6505-3B8A-9689-F58C81272A3F} = {5D496FD4-6505-3B8A-9689-F58C81272A3F}
		{D2A4AE3E-01D7-3FAD-A0E2-26DB80C95827} = {D2A4AE3E-01D7-3FAD-A0E2-26DB80C95827}
		{BA2C8058-BCB0-3C66-A737-51F02E458BBB} = {BA2C8058-BCB0-3C66-A737-51F02E458BBB}
	EndProjectSection
EndProject
Project("{8BC9CEB8-8B4A-11D0-8D11-00A0C91BC942}") = "scripts_commands", "src\server\scripts\scripts_commands.vcxproj", "{5507FB67-7F9C-3DC2-B348-77A9B819A6EF}"
	ProjectSection(ProjectDependencies) = postProject
		{2DF5BA17-FDCC-3D5F-B07D-8EDC673FC792} = {2DF5BA17-FDCC-3D5F-B07D-8EDC673FC792}
		{5746EE2B-DDA6-3213-9440-0EF3CA40737E} = {5746EE2B-DDA6-3213-9440-0EF3CA40737E}
		{69C44556-F244-3F44-9D2E-C2D70F3682D5} = {69C44556-F244-3F44-9D2E-C2D70F3682D5}
		{E877669F-FDAB-3BD4-98D6-BAE3D825615F} = {E877669F-FDAB-3BD4-98D6-BAE3D825615F}
		{2314C1D3-2D8F-36FD-AAA7-7C317D20CF80} = {2314C1D3-2D8F-36FD-AAA7-7C317D20CF80}
		{60323DC6-AAD4-3C76-902A-1C409E962331} = {60323DC6-AAD4-3C76-902A-1C409E962331}
		{AFD53EB5-9CEA-3687-B435-561FDE2C0CF0} = {AFD53EB5-9CEA-3687-B435-561FDE2C0CF0}
		{E928DDD6-06A5-3EA9-B861-0DC47B96E528} = {E928DDD6-06A5-3EA9-B861-0DC47B96E528}
		{97AA20EB-CDBD-39C9-B010-34AE89C0928A} = {97AA20EB-CDBD-39C9-B010-34AE89C0928A}
		{5D496FD4-6505-3B8A-9689-F58C81272A3F} = {5D496FD4-6505-3B8A-9689-F58C81272A3F}
		{D2A4AE3E-01D7-3FAD-A0E2-26DB80C95827} = {D2A4AE3E-01D7-3FAD-A0E2-26DB80C95827}
		{BA2C8058-BCB0-3C66-A737-51F02E458BBB} = {BA2C8058-BCB0-3C66-A737-51F02E458BBB}
	EndProjectSection
EndProject
Project("{8BC9CEB8-8B4A-11D0-8D11-00A0C91BC942}") = "scripts_custom", "src\server\scripts\scripts_custom.vcxproj", "{9F273261-F761-3839-B2DA-F8DCC322BF3E}"
	ProjectSection(ProjectDependencies) = postProject
		{2DF5BA17-FDCC-3D5F-B07D-8EDC673FC792} = {2DF5BA17-FDCC-3D5F-B07D-8EDC673FC792}
		{5746EE2B-DDA6-3213-9440-0EF3CA40737E} = {5746EE2B-DDA6-3213-9440-0EF3CA40737E}
		{69C44556-F244-3F44-9D2E-C2D70F3682D5} = {69C44556-F244-3F44-9D2E-C2D70F3682D5}
		{E877669F-FDAB-3BD4-98D6-BAE3D825615F} = {E877669F-FDAB-3BD4-98D6-BAE3D825615F}
		{2314C1D3-2D8F-36FD-AAA7-7C317D20CF80} = {2314C1D3-2D8F-36FD-AAA7-7C317D20CF80}
		{60323DC6-AAD4-3C76-902A-1C409E962331} = {60323DC6-AAD4-3C76-902A-1C409E962331}
		{AFD53EB5-9CEA-3687-B435-561FDE2C0CF0} = {AFD53EB5-9CEA-3687-B435-561FDE2C0CF0}
		{E928DDD6-06A5-3EA9-B861-0DC47B96E528} = {E928DDD6-06A5-3EA9-B861-0DC47B96E528}
		{97AA20EB-CDBD-39C9-B010-34AE89C0928A} = {97AA20EB-CDBD-39C9-B010-34AE89C0928A}
		{5D496FD4-6505-3B8A-9689-F58C81272A3F} = {5D496FD4-6505-3B8A-9689-F58C81272A3F}
		{D2A4AE3E-01D7-3FAD-A0E2-26DB80C95827} = {D2A4AE3E-01D7-3FAD-A0E2-26DB80C95827}
		{BA2C8058-BCB0-3C66-A737-51F02E458BBB} = {BA2C8058-BCB0-3C66-A737-51F02E458BBB}
	EndProjectSection
EndProject
Project("{8BC9CEB8-8B4A-11D0-8D11-00A0C91BC942}") = "scripts_easternkingdoms", "src\server\scripts\scripts_easternkingdoms.vcxproj", "{31652602-8C70-39C4-8172-0C2C2A14622C}"
	ProjectSection(ProjectDependencies) = postProject
		{2DF5BA17-FDCC-3D5F-B07D-8EDC673FC792} = {2DF5BA17-FDCC-3D5F-B07D-8EDC673FC792}
		{5746EE2B-DDA6-3213-9440-0EF3CA40737E} = {5746EE2B-DDA6-3213-9440-0EF3CA40737E}
		{69C44556-F244-3F44-9D2E-C2D70F3682D5} = {69C44556-F244-3F44-9D2E-C2D70F3682D5}
		{E877669F-FDAB-3BD4-98D6-BAE3D825615F} = {E877669F-FDAB-3BD4-98D6-BAE3D825615F}
		{2314C1D3-2D8F-36FD-AAA7-7C317D20CF80} = {2314C1D3-2D8F-36FD-AAA7-7C317D20CF80}
		{60323DC6-AAD4-3C76-902A-1C409E962331} = {60323DC6-AAD4-3C76-902A-1C409E962331}
		{AFD53EB5-9CEA-3687-B435-561FDE2C0CF0} = {AFD53EB5-9CEA-3687-B435-561FDE2C0CF0}
		{E928DDD6-06A5-3EA9-B861-0DC47B96E528} = {E928DDD6-06A5-3EA9-B861-0DC47B96E528}
		{97AA20EB-CDBD-39C9-B010-34AE89C0928A} = {97AA20EB-CDBD-39C9-B010-34AE89C0928A}
		{5D496FD4-6505-3B8A-9689-F58C81272A3F} = {5D496FD4-6505-3B8A-9689-F58C81272A3F}
		{D2A4AE3E-01D7-3FAD-A0E2-26DB80C95827} = {D2A4AE3E-01D7-3FAD-A0E2-26DB80C95827}
		{BA2C8058-BCB0-3C66-A737-51F02E458BBB} = {BA2C8058-BCB0-3C66-A737-51F02E458BBB}
	EndProjectSection
EndProject
Project("{8BC9CEB8-8B4A-11D0-8D11-00A0C91BC942}") = "scripts_events", "src\server\scripts\scripts_events.vcxproj", "{5E127FFB-A6DE-3CCC-B8CF-6B76DFFC8B1D}"
	ProjectSection(ProjectDependencies) = postProject
		{2DF5BA17-FDCC-3D5F-B07D-8EDC673FC792} = {2DF5BA17-FDCC-3D5F-B07D-8EDC673FC792}
		{5746EE2B-DDA6-3213-9440-0EF3CA40737E} = {5746EE2B-DDA6-3213-9440-0EF3CA40737E}
		{69C44556-F244-3F44-9D2E-C2D70F3682D5} = {69C44556-F244-3F44-9D2E-C2D70F3682D5}
		{E877669F-FDAB-3BD4-98D6-BAE3D825615F} = {E877669F-FDAB-3BD4-98D6-BAE3D825615F}
		{2314C1D3-2D8F-36FD-AAA7-7C317D20CF80} = {2314C1D3-2D8F-36FD-AAA7-7C317D20CF80}
		{60323DC6-AAD4-3C76-902A-1C409E962331} = {60323DC6-AAD4-3C76-902A-1C409E962331}
		{AFD53EB5-9CEA-3687-B435-561FDE2C0CF0} = {AFD53EB5-9CEA-3687-B435-561FDE2C0CF0}
		{E928DDD6-06A5-3EA9-B861-0DC47B96E528} = {E928DDD6-06A5-3EA9-B861-0DC47B96E528}
		{97AA20EB-CDBD-39C9-B010-34AE89C0928A} = {97AA20EB-CDBD-39C9-B010-34AE89C0928A}
		{5D496FD4-6505-3B8A-9689-F58C81272A3F} = {5D496FD4-6505-3B8A-9689-F58C81272A3F}
		{D2A4AE3E-01D7-3FAD-A0E2-26DB80C95827} = {D2A4AE3E-01D7-3FAD-A0E2-26DB80C95827}
		{BA2C8058-BCB0-3C66-A737-51F02E458BBB} = {BA2C8058-BCB0-3C66-A737-51F02E458BBB}
	EndProjectSection
EndProject
Project("{8BC9CEB8-8B4A-11D0-8D11-00A0C91BC942}") = "scripts_kalimdor", "src\server\scripts\scripts_kalimdor.vcxproj", "{8D9D069B-BB3F-3BAA-AE89-63C96B978B30}"
	ProjectSection(ProjectDependencies) = postProject
		{2DF5BA17-FDCC-3D5F-B07D-8EDC673FC792} = {2DF5BA17-FDCC-3D5F-B07D-8EDC673FC792}
		{5746EE2B-DDA6-3213-9440-0EF3CA40737E} = {5746EE2B-DDA6-3213-9440-0EF3CA40737E}
		{69C44556-F244-3F44-9D2E-C2D70F3682D5} = {69C44556-F244-3F44-9D2E-C2D70F3682D5}
		{E877669F-FDAB-3BD4-98D6-BAE3D825615F} = {E877669F-FDAB-3BD4-98D6-BAE3D825615F}
		{2314C1D3-2D8F-36FD-AAA7-7C317D20CF80} = {2314C1D3-2D8F-36FD-AAA7-7C317D20CF80}
		{60323DC6-AAD4-3C76-902A-1C409E962331} = {60323DC6-AAD4-3C76-902A-1C409E962331}
		{AFD53EB5-9CEA-3687-B435-561FDE2C0CF0} = {AFD53EB5-9CEA-3687-B435-561FDE2C0CF0}
		{E928DDD6-06A5-3EA9-B861-0DC47B96E528} = {E928DDD6-06A5-3EA9-B861-0DC47B96E528}
		{97AA20EB-CDBD-39C9-B010-34AE89C0928A} = {97AA20EB-CDBD-39C9-B010-34AE89C0928A}
		{5D496FD4-6505-3B8A-9689-F58C81272A3F} = {5D496FD4-6505-3B8A-9689-F58C81272A3F}
		{D2A4AE3E-01D7-3FAD-A0E2-26DB80C95827} = {D2A4AE3E-01D7-3FAD-A0E2-26DB80C95827}
		{BA2C8058-BCB0-3C66-A737-51F02E458BBB} = {BA2C8058-BCB0-3C66-A737-51F02E458BBB}
	EndProjectSection
EndProject
Project("{8BC9CEB8-8B4A-11D0-8D11-00A0C91BC942}") = "scripts_maelstrom", "src\server\scripts\scripts_maelstrom.vcxproj", "{F23AFDEC-795A-3CF8-ADE1-C87F60C1339E}"
	ProjectSection(ProjectDependencies) = postProject
		{2DF5BA17-FDCC-3D5F-B07D-8EDC673FC792} = {2DF5BA17-FDCC-3D5F-B07D-8EDC673FC792}
		{5746EE2B-DDA6-3213-9440-0EF3CA40737E} = {5746EE2B-DDA6-3213-9440-0EF3CA40737E}
		{69C44556-F244-3F44-9D2E-C2D70F3682D5} = {69C44556-F244-3F44-9D2E-C2D70F3682D5}
		{E877669F-FDAB-3BD4-98D6-BAE3D825615F} = {E877669F-FDAB-3BD4-98D6-BAE3D825615F}
		{2314C1D3-2D8F-36FD-AAA7-7C317D20CF80} = {2314C1D3-2D8F-36FD-AAA7-7C317D20CF80}
		{60323DC6-AAD4-3C76-902A-1C409E962331} = {60323DC6-AAD4-3C76-902A-1C409E962331}
		{AFD53EB5-9CEA-3687-B435-561FDE2C0CF0} = {AFD53EB5-9CEA-3687-B435-561FDE2C0CF0}
		{E928DDD6-06A5-3EA9-B861-0DC47B96E528} = {E928DDD6-06A5-3EA9-B861-0DC47B96E528}
		{97AA20EB-CDBD-39C9-B010-34AE89C0928A} = {97AA20EB-CDBD-39C9-B010-34AE89C0928A}
		{5D496FD4-6505-3B8A-9689-F58C81272A3F} = {5D496FD4-6505-3B8A-9689-F58C81272A3F}
		{D2A4AE3E-01D7-3FAD-A0E2-26DB80C95827} = {D2A4AE3E-01D7-3FAD-A0E2-26DB80C95827}
		{BA2C8058-BCB0-3C66-A737-51F02E458BBB} = {BA2C8058-BCB0-3C66-A737-51F02E458BBB}
	EndProjectSection
EndProject
Project("{8BC9CEB8-8B4A-11D0-8D11-00A0C91BC942}") = "scripts_northrend", "src\server\scripts\scripts_northrend.vcxproj", "{41281FD8-1ED2-3F68-99DA-8C06B10A88BD}"
	ProjectSection(ProjectDependencies) = postProject
		{2DF5BA17-FDCC-3D5F-B07D-8EDC673FC792} = {2DF5BA17-FDCC-3D5F-B07D-8EDC673FC792}
		{5746EE2B-DDA6-3213-9440-0EF3CA40737E} = {5746EE2B-DDA6-3213-9440-0EF3CA40737E}
		{69C44556-F244-3F44-9D2E-C2D70F3682D5} = {69C44556-F244-3F44-9D2E-C2D70F3682D5}
		{E877669F-FDAB-3BD4-98D6-BAE3D825615F} = {E877669F-FDAB-3BD4-98D6-BAE3D825615F}
		{2314C1D3-2D8F-36FD-AAA7-7C317D20CF80} = {2314C1D3-2D8F-36FD-AAA7-7C317D20CF80}
		{60323DC6-AAD4-3C76-902A-1C409E962331} = {60323DC6-AAD4-3C76-902A-1C409E962331}
		{AFD53EB5-9CEA-3687-B435-561FDE2C0CF0} = {AFD53EB5-9CEA-3687-B435-561FDE2C0CF0}
		{E928DDD6-06A5-3EA9-B861-0DC47B96E528} = {E928DDD6-06A5-3EA9-B861-0DC47B96E528}
		{97AA20EB-CDBD-39C9-B010-34AE89C0928A} = {97AA20EB-CDBD-39C9-B010-34AE89C0928A}
		{5D496FD4-6505-3B8A-9689-F58C81272A3F} = {5D496FD4-6505-3B8A-9689-F58C81272A3F}
		{D2A4AE3E-01D7-3FAD-A0E2-26DB80C95827} = {D2A4AE3E-01D7-3FAD-A0E2-26DB80C95827}
		{BA2C8058-BCB0-3C66-A737-51F02E458BBB} = {BA2C8058-BCB0-3C66-A737-51F02E458BBB}
	EndProjectSection
EndProject
Project("{8BC9CEB8-8B4A-11D0-8D11-00A0C91BC942}") = "scripts_outdoorpvp", "src\server\scripts\scripts_outdoorpvp.vcxproj", "{8A4A0736-0BEE-37D2-844F-462CEBA14DB3}"
	ProjectSection(ProjectDependencies) = postProject
		{2DF5BA17-FDCC-3D5F-B07D-8EDC673FC792} = {2DF5BA17-FDCC-3D5F-B07D-8EDC673FC792}
		{5746EE2B-DDA6-3213-9440-0EF3CA40737E} = {5746EE2B-DDA6-3213-9440-0EF3CA40737E}
		{69C44556-F244-3F44-9D2E-C2D70F3682D5} = {69C44556-F244-3F44-9D2E-C2D70F3682D5}
		{E877669F-FDAB-3BD4-98D6-BAE3D825615F} = {E877669F-FDAB-3BD4-98D6-BAE3D825615F}
		{2314C1D3-2D8F-36FD-AAA7-7C317D20CF80} = {2314C1D3-2D8F-36FD-AAA7-7C317D20CF80}
		{60323DC6-AAD4-3C76-902A-1C409E962331} = {60323DC6-AAD4-3C76-902A-1C409E962331}
		{AFD53EB5-9CEA-3687-B435-561FDE2C0CF0} = {AFD53EB5-9CEA-3687-B435-561FDE2C0CF0}
		{E928DDD6-06A5-3EA9-B861-0DC47B96E528} = {E928DDD6-06A5-3EA9-B861-0DC47B96E528}
		{97AA20EB-CDBD-39C9-B010-34AE89C0928A} = {97AA20EB-CDBD-39C9-B010-34AE89C0928A}
		{5D496FD4-6505-3B8A-9689-F58C81272A3F} = {5D496FD4-6505-3B8A-9689-F58C81272A3F}
		{D2A4AE3E-01D7-3FAD-A0E2-26DB80C95827} = {D2A4AE3E-01D7-3FAD-A0E2-26DB80C95827}
		{BA2C8058-BCB0-3C66-A737-51F02E458BBB} = {BA2C8058-BCB0-3C66-A737-51F02E458BBB}
	EndProjectSection
EndProject
Project("{8BC9CEB8-8B4A-11D0-8D11-00A0C91BC942}") = "scripts_outland", "src\server\scripts\scripts_outland.vcxproj", "{A2139A2C-7E7A-38EE-A254-7A888B4C1E56}"
	ProjectSection(ProjectDependencies) = postProject
		{2DF5BA17-FDCC-3D5F-B07D-8EDC673FC792} = {2DF5BA17-FDCC-3D5F-B07D-8EDC673FC792}
		{5746EE2B-DDA6-3213-9440-0EF3CA40737E} = {5746EE2B-DDA6-3213-9440-0EF3CA40737E}
		{69C44556-F244-3F44-9D2E-C2D70F3682D5} = {69C44556-F244-3F44-9D2E-C2D70F3682D5}
		{E877669F-FDAB-3BD4-98D6-BAE3D825615F} = {E877669F-FDAB-3BD4-98D6-BAE3D825615F}
		{2314C1D3-2D8F-36FD-AAA7-7C317D20CF80} = {2314C1D3-2D8F-36FD-AAA7-7C317D20CF80}
		{60323DC6-AAD4-3C76-902A-1C409E962331} = {60323DC6-AAD4-3C76-902A-1C409E962331}
		{AFD53EB5-9CEA-3687-B435-561FDE2C0CF0} = {AFD53EB5-9CEA-3687-B435-561FDE2C0CF0}
		{E928DDD6-06A5-3EA9-B861-0DC47B96E528} = {E928DDD6-06A5-3EA9-B861-0DC47B96E528}
		{97AA20EB-CDBD-39C9-B010-34AE89C0928A} = {97AA20EB-CDBD-39C9-B010-34AE89C0928A}
		{5D496FD4-6505-3B8A-9689-F58C81272A3F} = {5D496FD4-6505-3B8A-9689-F58C81272A3F}
		{D2A4AE3E-01D7-3FAD-A0E2-26DB80C95827} = {D2A4AE3E-01D7-3FAD-A0E2-26DB80C95827}
		{BA2C8058-BCB0-3C66-A737-51F02E458BBB} = {BA2C8058-BCB0-3C66-A737-51F02E458BBB}
	EndProjectSection
EndProject
Project("{8BC9CEB8-8B4A-11D0-8D11-00A0C91BC942}") = "scripts_pet", "src\server\scripts\scripts_pet.vcxproj", "{8B45A4C9-CF2B-3D3D-BF2A-86508FC8ABCE}"
	ProjectSection(ProjectDependencies) = postProject
		{2DF5BA17-FDCC-3D5F-B07D-8EDC673FC792} = {2DF5BA17-FDCC-3D5F-B07D-8EDC673FC792}
		{5746EE2B-DDA6-3213-9440-0EF3CA40737E} = {5746EE2B-DDA6-3213-9440-0EF3CA40737E}
		{69C44556-F244-3F44-9D2E-C2D70F3682D5} = {69C44556-F244-3F44-9D2E-C2D70F3682D5}
		{E877669F-FDAB-3BD4-98D6-BAE3D825615F} = {E877669F-FDAB-3BD4-98D6-BAE3D825615F}
		{2314C1D3-2D8F-36FD-AAA7-7C317D20CF80} = {2314C1D3-2D8F-36FD-AAA7-7C317D20CF80}
		{60323DC6-AAD4-3C76-902A-1C409E962331} = {60323DC6-AAD4-3C76-902A-1C409E962331}
		{AFD53EB5-9CEA-3687-B435-561FDE2C0CF0} = {AFD53EB5-9CEA-3687-B435-561FDE2C0CF0}
		{E928DDD6-06A5-3EA9-B861-0DC47B96E528} = {E928DDD6-06A5-3EA9-B861-0DC47B96E528}
		{97AA20EB-CDBD-39C9-B010-34AE89C0928A} = {97AA20EB-CDBD-39C9-B010-34AE89C0928A}
		{5D496FD4-6505-3B8A-9689-F58C81272A3F} = {5D496FD4-6505-3B8A-9689-F58C81272A3F}
		{D2A4AE3E-01D7-3FAD-A0E2-26DB80C95827} = {D2A4AE3E-01D7-3FAD-A0E2-26DB80C95827}
		{BA2C8058-BCB0-3C66-A737-51F02E458BBB} = {BA2C8058-BCB0-3C66-A737-51F02E458BBB}
	EndProjectSection
EndProject
Project("{8BC9CEB8-8B4A-11D0-8D11-00A0C91BC942}") = "scripts_spells", "src\server\scripts\scripts_spells.vcxproj", "{59558E0F-614B-3568-BC07-15DFF5BEAD96}"
	ProjectSection(ProjectDependencies) = postProject
		{2DF5BA17-FDCC-3D5F-B07D-8EDC673FC792} = {2DF5BA17-FDCC-3D5F-B07D-8EDC673FC792}
		{5746EE2B-DDA6-3213-9440-0EF3CA40737E} = {5746EE2B-DDA6-3213-9440-0EF3CA40737E}
		{69C44556-F244-3F44-9D2E-C2D70F3682D5} = {69C44556-F244-3F44-9D2E-C2D70F3682D5}
		{E877669F-FDAB-3BD4-98D6-BAE3D825615F} = {E877669F-FDAB-3BD4-98D6-BAE3D825615F}
		{2314C1D3-2D8F-36FD-AAA7-7C317D20CF80} = {2314C1D3-2D8F-36FD-AAA7-7C317D20CF80}
		{60323DC6-AAD4-3C76-902A-1C409E962331} = {60323DC6-AAD4-3C76-902A-1C409E962331}
		{AFD53EB5-9CEA-3687-B435-561FDE2C0CF0} = {AFD53EB5-9CEA-3687-B435-561FDE2C0CF0}
		{E928DDD6-06A5-3EA9-B861-0DC47B96E528} = {E928DDD6-06A5-3EA9-B861-0DC47B96E528}
		{97AA20EB-CDBD-39C9-B010-34AE89C0928A} = {97AA20EB-CDBD-39C9-B010-34AE89C0928A}
		{5D496FD4-6505-3B8A-9689-F58C81272A3F} = {5D496FD4-6505-3B8A-9689-F58C81272A3F}
		{D2A4AE3E-01D7-3FAD-A0E2-26DB80C95827} = {D2A4AE3E-01D7-3FAD-A0E2-26DB80C95827}
		{BA2C8058-BCB0-3C66-A737-51F02E458BBB} = {BA2C8058-BCB0-3C66-A737-51F02E458BBB}
	EndProjectSection
EndProject
Project("{8BC9CEB8-8B4A-11D0-8D11-00A0C91BC942}") = "scripts_world", "src\server\scripts\scripts_world.vcxproj", "{424EE1CC-D3A8-34A9-9C14-4039C4AF55E6}"
	ProjectSection(ProjectDependencies) = postProject
		{2DF5BA17-FDCC-3D5F-B07D-8EDC673FC792} = {2DF5BA17-FDCC-3D5F-B07D-8EDC673FC792}
		{5746EE2B-DDA6-3213-9440-0EF3CA40737E} = {5746EE2B-DDA6-3213-9440-0EF3CA40737E}
		{69C44556-F244-3F44-9D2E-C2D70F3682D5} = {69C44556-F244-3F44-9D2E-C2D70F3682D5}
		{E877669F-FDAB-3BD4-98D6-BAE3D825615F} = {E877669F-FDAB-3BD4-98D6-BAE3D825615F}
		{2314C1D3-2D8F-36FD-AAA7-7C317D20CF80} = {2314C1D3-2D8F-36FD-AAA7-7C317D20CF80}
		{60323DC6-AAD4-3C76-902A-1C409E962331} = {60323DC6-AAD4-3C76-902A-1C409E962331}
		{AFD53EB5-9CEA-3687-B435-561FDE2C0CF0} = {AFD53EB5-9CEA-3687-B435-561FDE2C0CF0}
		{E928DDD6-06A5-3EA9-B861-0DC47B96E528} = {E928DDD6-06A5-3EA9-B861-0DC47B96E528}
		{97AA20EB-CDBD-39C9-B010-34AE89C0928A} = {97AA20EB-CDBD-39C9-B010-34AE89C0928A}
		{5D496FD4-6505-3B8A-9689-F58C81272A3F} = {5D496FD4-6505-3B8A-9689-F58C81272A3F}
		{D2A4AE3E-01D7-3FAD-A0E2-26DB80C95827} = {D2A4AE3E-01D7-3FAD-A0E2-26DB80C95827}
		{BA2C8058-BCB0-3C66-A737-51F02E458BBB} = {BA2C8058-BCB0-3C66-A737-51F02E458BBB}
	EndProjectSection
EndProject
Project("{8BC9CEB8-8B4A-11D0-8D11-00A0C91BC942}") = "shared", "src\server\shared\shared.vcxproj", "{D2A4AE3E-01D7-3FAD-A0E2-26DB80C95827}"
	ProjectSection(ProjectDependencies) = postProject
		{2DF5BA17-FDCC-3D5F-B07D-8EDC673FC792} = {2DF5BA17-FDCC-3D5F-B07D-8EDC673FC792}
		{5746EE2B-DDA6-3213-9440-0EF3CA40737E} = {5746EE2B-DDA6-3213-9440-0EF3CA40737E}
		{69C44556-F244-3F44-9D2E-C2D70F3682D5} = {69C44556-F244-3F44-9D2E-C2D70F3682D5}
		{E877669F-FDAB-3BD4-98D6-BAE3D825615F} = {E877669F-FDAB-3BD4-98D6-BAE3D825615F}
		{2314C1D3-2D8F-36FD-AAA7-7C317D20CF80} = {2314C1D3-2D8F-36FD-AAA7-7C317D20CF80}
		{60323DC6-AAD4-3C76-902A-1C409E962331} = {60323DC6-AAD4-3C76-902A-1C409E962331}
		{E928DDD6-06A5-3EA9-B861-0DC47B96E528} = {E928DDD6-06A5-3EA9-B861-0DC47B96E528}
		{97AA20EB-CDBD-39C9-B010-34AE89C0928A} = {97AA20EB-CDBD-39C9-B010-34AE89C0928A}
		{5D496FD4-6505-3B8A-9689-F58C81272A3F} = {5D496FD4-6505-3B8A-9689-F58C81272A3F}
		{BA2C8058-BCB0-3C66-A737-51F02E458BBB} = {BA2C8058-BCB0-3C66-A737-51F02E458BBB}
	EndProjectSection
EndProject
Project("{8BC9CEB8-8B4A-11D0-8D11-00A0C91BC942}") = "vmap4assembler", "src\tools\vmap4_assembler\vmap4assembler.vcxproj", "{3EE0E2AF-C05C-3707-9D9A-A1015DFFE033}"
	ProjectSection(ProjectDependencies) = postProject
		{2DF5BA17-FDCC-3D5F-B07D-8EDC673FC792} = {2DF5BA17-FDCC-3D5F-B07D-8EDC673FC792}
		{5746EE2B-DDA6-3213-9440-0EF3CA40737E} = {5746EE2B-DDA6-3213-9440-0EF3CA40737E}
		{6C67E0EF-7B0A-36C7-98FE-56F8FE568952} = {6C67E0EF-7B0A-36C7-98FE-56F8FE568952}
		{69C44556-F244-3F44-9D2E-C2D70F3682D5} = {69C44556-F244-3F44-9D2E-C2D70F3682D5}
		{2314C1D3-2D8F-36FD-AAA7-7C317D20CF80} = {2314C1D3-2D8F-36FD-AAA7-7C317D20CF80}
		{60323DC6-AAD4-3C76-902A-1C409E962331} = {60323DC6-AAD4-3C76-902A-1C409E962331}
		{BA2C8058-BCB0-3C66-A737-51F02E458BBB} = {BA2C8058-BCB0-3C66-A737-51F02E458BBB}
	EndProjectSection
EndProject
Project("{8BC9CEB8-8B4A-11D0-8D11-00A0C91BC942}") = "vmap4extractor", "src\tools\vmap4_extractor\vmap4extractor.vcxproj", "{29E2C2CE-D7A8-3CAF-A1F7-5E759C605E4C}"
	ProjectSection(ProjectDependencies) = postProject
		{2DF5BA17-FDCC-3D5F-B07D-8EDC673FC792} = {2DF5BA17-FDCC-3D5F-B07D-8EDC673FC792}
		{5746EE2B-DDA6-3213-9440-0EF3CA40737E} = {5746EE2B-DDA6-3213-9440-0EF3CA40737E}
		{C7FD13F6-F76C-3459-AB07-76061E13BDA4} = {C7FD13F6-F76C-3459-AB07-76061E13BDA4}
		{6C67E0EF-7B0A-36C7-98FE-56F8FE568952} = {6C67E0EF-7B0A-36C7-98FE-56F8FE568952}
		{69C44556-F244-3F44-9D2E-C2D70F3682D5} = {69C44556-F244-3F44-9D2E-C2D70F3682D5}
		{256354D1-4CA2-3E7F-BD43-F3DC76422ABB} = {256354D1-4CA2-3E7F-BD43-F3DC76422ABB}
		{2314C1D3-2D8F-36FD-AAA7-7C317D20CF80} = {2314C1D3-2D8F-36FD-AAA7-7C317D20CF80}
		{60323DC6-AAD4-3C76-902A-1C409E962331} = {60323DC6-AAD4-3C76-902A-1C409E962331}
		{BA2C8058-BCB0-3C66-A737-51F02E458BBB} = {BA2C8058-BCB0-3C66-A737-51F02E458BBB}
	EndProjectSection
EndProject
Project("{8BC9CEB8-8B4A-11D0-8D11-00A0C91BC942}") = "worldserver", "src\server\worldserver\worldserver.vcxproj", "{94051C69-A157-38FB-8122-DE84B1251103}"
	ProjectSection(ProjectDependencies) = postProject
		{2DF5BA17-FDCC-3D5F-B07D-8EDC673FC792} = {2DF5BA17-FDCC-3D5F-B07D-8EDC673FC792}
		{5746EE2B-DDA6-3213-9440-0EF3CA40737E} = {5746EE2B-DDA6-3213-9440-0EF3CA40737E}
		{69C44556-F244-3F44-9D2E-C2D70F3682D5} = {69C44556-F244-3F44-9D2E-C2D70F3682D5}
		{E877669F-FDAB-3BD4-98D6-BAE3D825615F} = {E877669F-FDAB-3BD4-98D6-BAE3D825615F}
		{2314C1D3-2D8F-36FD-AAA7-7C317D20CF80} = {2314C1D3-2D8F-36FD-AAA7-7C317D20CF80}
		{60323DC6-AAD4-3C76-902A-1C409E962331} = {60323DC6-AAD4-3C76-902A-1C409E962331}
		{AFD53EB5-9CEA-3687-B435-561FDE2C0CF0} = {AFD53EB5-9CEA-3687-B435-561FDE2C0CF0}
		{E928DDD6-06A5-3EA9-B861-0DC47B96E528} = {E928DDD6-06A5-3EA9-B861-0DC47B96E528}
		{97AA20EB-CDBD-39C9-B010-34AE89C0928A} = {97AA20EB-CDBD-39C9-B010-34AE89C0928A}
		{5D496FD4-6505-3B8A-9689-F58C81272A3F} = {5D496FD4-6505-3B8A-9689-F58C81272A3F}
		{FDC556A3-3A21-3176-8D8D-1D9FAC09E758} = {FDC556A3-3A21-3176-8D8D-1D9FAC09E758}
		{5507FB67-7F9C-3DC2-B348-77A9B819A6EF} = {5507FB67-7F9C-3DC2-B348-77A9B819A6EF}
		{9F273261-F761-3839-B2DA-F8DCC322BF3E} = {9F273261-F761-3839-B2DA-F8DCC322BF3E}
		{31652602-8C70-39C4-8172-0C2C2A14622C} = {31652602-8C70-39C4-8172-0C2C2A14622C}
		{5E127FFB-A6DE-3CCC-B8CF-6B76DFFC8B1D} = {5E127FFB-A6DE-3CCC-B8CF-6B76DFFC8B1D}
		{8D9D069B-BB3F-3BAA-AE89-63C96B978B30} = {8D9D069B-BB3F-3BAA-AE89-63C96B978B30}
		{F23AFDEC-795A-3CF8-ADE1-C87F60C1339E} = {F23AFDEC-795A-3CF8-ADE1-C87F60C1339E}
		{41281FD8-1ED2-3F68-99DA-8C06B10A88BD} = {41281FD8-1ED2-3F68-99DA-8C06B10A88BD}
		{8A4A0736-0BEE-37D2-844F-462CEBA14DB3} = {8A4A0736-0BEE-37D2-844F-462CEBA14DB3}
		{A2139A2C-7E7A-38EE-A254-7A888B4C1E56} = {A2139A2C-7E7A-38EE-A254-7A888B4C1E56}
		{8B45A4C9-CF2B-3D3D-BF2A-86508FC8ABCE} = {8B45A4C9-CF2B-3D3D-BF2A-86508FC8ABCE}
		{59558E0F-614B-3568-BC07-15DFF5BEAD96} = {59558E0F-614B-3568-BC07-15DFF5BEAD96}
		{424EE1CC-D3A8-34A9-9C14-4039C4AF55E6} = {424EE1CC-D3A8-34A9-9C14-4039C4AF55E6}
		{D2A4AE3E-01D7-3FAD-A0E2-26DB80C95827} = {D2A4AE3E-01D7-3FAD-A0E2-26DB80C95827}
		{BA2C8058-BCB0-3C66-A737-51F02E458BBB} = {BA2C8058-BCB0-3C66-A737-51F02E458BBB}
	EndProjectSection
EndProject
Project("{8BC9CEB8-8B4A-11D0-8D11-00A0C91BC942}") = "zlib", "dep\zlib\zlib.vcxproj", "{BA2C8058-BCB0-3C66-A737-51F02E458BBB}"
	ProjectSection(ProjectDependencies) = postProject
		{5746EE2B-DDA6-3213-9440-0EF3CA40737E} = {5746EE2B-DDA6-3213-9440-0EF3CA40737E}
	EndProjectSection
EndProject
Global
	GlobalSection(SolutionConfigurationPlatforms) = preSolution
		Debug|x64 = Debug|x64
		Release|x64 = Release|x64
		MinSizeRel|x64 = MinSizeRel|x64
		RelWithDebInfo|x64 = RelWithDebInfo|x64
	EndGlobalSection
	GlobalSection(ProjectConfigurationPlatforms) = postSolution
		{C19C8EC4-8565-32C9-8EED-2AD9FF4CCAC9}.Debug|x64.ActiveCfg = Debug|x64
		{C19C8EC4-8565-32C9-8EED-2AD9FF4CCAC9}.Debug|x64.Build.0 = Debug|x64
		{C19C8EC4-8565-32C9-8EED-2AD9FF4CCAC9}.Release|x64.ActiveCfg = Release|x64
		{C19C8EC4-8565-32C9-8EED-2AD9FF4CCAC9}.Release|x64.Build.0 = Release|x64
		{C19C8EC4-8565-32C9-8EED-2AD9FF4CCAC9}.MinSizeRel|x64.ActiveCfg = MinSizeRel|x64
		{C19C8EC4-8565-32C9-8EED-2AD9FF4CCAC9}.MinSizeRel|x64.Build.0 = MinSizeRel|x64
		{C19C8EC4-8565-32C9-8EED-2AD9FF4CCAC9}.RelWithDebInfo|x64.ActiveCfg = RelWithDebInfo|x64
		{C19C8EC4-8565-32C9-8EED-2AD9FF4CCAC9}.RelWithDebInfo|x64.Build.0 = RelWithDebInfo|x64
		{2DF5BA17-FDCC-3D5F-B07D-8EDC673FC792}.Debug|x64.ActiveCfg = Debug|x64
		{2DF5BA17-FDCC-3D5F-B07D-8EDC673FC792}.Debug|x64.Build.0 = Debug|x64
		{2DF5BA17-FDCC-3D5F-B07D-8EDC673FC792}.Release|x64.ActiveCfg = Release|x64
		{2DF5BA17-FDCC-3D5F-B07D-8EDC673FC792}.Release|x64.Build.0 = Release|x64
		{2DF5BA17-FDCC-3D5F-B07D-8EDC673FC792}.MinSizeRel|x64.ActiveCfg = MinSizeRel|x64
		{2DF5BA17-FDCC-3D5F-B07D-8EDC673FC792}.MinSizeRel|x64.Build.0 = MinSizeRel|x64
		{2DF5BA17-FDCC-3D5F-B07D-8EDC673FC792}.RelWithDebInfo|x64.ActiveCfg = RelWithDebInfo|x64
		{2DF5BA17-FDCC-3D5F-B07D-8EDC673FC792}.RelWithDebInfo|x64.Build.0 = RelWithDebInfo|x64
		{8C078497-5383-322F-8D12-6857D55BB5C9}.Debug|x64.ActiveCfg = Debug|x64
		{8C078497-5383-322F-8D12-6857D55BB5C9}.Release|x64.ActiveCfg = Release|x64
		{8C078497-5383-322F-8D12-6857D55BB5C9}.MinSizeRel|x64.ActiveCfg = MinSizeRel|x64
		{8C078497-5383-322F-8D12-6857D55BB5C9}.RelWithDebInfo|x64.ActiveCfg = RelWithDebInfo|x64
		{14D81770-274A-3DEE-A940-8604743F86D7}.Debug|x64.ActiveCfg = Debug|x64
		{14D81770-274A-3DEE-A940-8604743F86D7}.Debug|x64.Build.0 = Debug|x64
		{14D81770-274A-3DEE-A940-8604743F86D7}.Release|x64.ActiveCfg = Release|x64
		{14D81770-274A-3DEE-A940-8604743F86D7}.Release|x64.Build.0 = Release|x64
		{14D81770-274A-3DEE-A940-8604743F86D7}.MinSizeRel|x64.ActiveCfg = MinSizeRel|x64
		{14D81770-274A-3DEE-A940-8604743F86D7}.MinSizeRel|x64.Build.0 = MinSizeRel|x64
		{14D81770-274A-3DEE-A940-8604743F86D7}.RelWithDebInfo|x64.ActiveCfg = RelWithDebInfo|x64
		{14D81770-274A-3DEE-A940-8604743F86D7}.RelWithDebInfo|x64.Build.0 = RelWithDebInfo|x64
		{5746EE2B-DDA6-3213-9440-0EF3CA40737E}.Debug|x64.ActiveCfg = Debug|x64
		{5746EE2B-DDA6-3213-9440-0EF3CA40737E}.Debug|x64.Build.0 = Debug|x64
		{5746EE2B-DDA6-3213-9440-0EF3CA40737E}.Release|x64.ActiveCfg = Release|x64
		{5746EE2B-DDA6-3213-9440-0EF3CA40737E}.Release|x64.Build.0 = Release|x64
		{5746EE2B-DDA6-3213-9440-0EF3CA40737E}.MinSizeRel|x64.ActiveCfg = MinSizeRel|x64
		{5746EE2B-DDA6-3213-9440-0EF3CA40737E}.MinSizeRel|x64.Build.0 = MinSizeRel|x64
		{5746EE2B-DDA6-3213-9440-0EF3CA40737E}.RelWithDebInfo|x64.ActiveCfg = RelWithDebInfo|x64
		{5746EE2B-DDA6-3213-9440-0EF3CA40737E}.RelWithDebInfo|x64.Build.0 = RelWithDebInfo|x64
		{EA2D28E5-AA25-33E7-9466-9107CADE0750}.Debug|x64.ActiveCfg = Debug|x64
		{EA2D28E5-AA25-33E7-9466-9107CADE0750}.Debug|x64.Build.0 = Debug|x64
		{EA2D28E5-AA25-33E7-9466-9107CADE0750}.Release|x64.ActiveCfg = Release|x64
		{EA2D28E5-AA25-33E7-9466-9107CADE0750}.Release|x64.Build.0 = Release|x64
		{EA2D28E5-AA25-33E7-9466-9107CADE0750}.MinSizeRel|x64.ActiveCfg = MinSizeRel|x64
		{EA2D28E5-AA25-33E7-9466-9107CADE0750}.MinSizeRel|x64.Build.0 = MinSizeRel|x64
		{EA2D28E5-AA25-33E7-9466-9107CADE0750}.RelWithDebInfo|x64.ActiveCfg = RelWithDebInfo|x64
		{EA2D28E5-AA25-33E7-9466-9107CADE0750}.RelWithDebInfo|x64.Build.0 = RelWithDebInfo|x64
		{C7FD13F6-F76C-3459-AB07-76061E13BDA4}.Debug|x64.ActiveCfg = Debug|x64
		{C7FD13F6-F76C-3459-AB07-76061E13BDA4}.Debug|x64.Build.0 = Debug|x64
		{C7FD13F6-F76C-3459-AB07-76061E13BDA4}.Release|x64.ActiveCfg = Release|x64
		{C7FD13F6-F76C-3459-AB07-76061E13BDA4}.Release|x64.Build.0 = Release|x64
		{C7FD13F6-F76C-3459-AB07-76061E13BDA4}.MinSizeRel|x64.ActiveCfg = MinSizeRel|x64
		{C7FD13F6-F76C-3459-AB07-76061E13BDA4}.MinSizeRel|x64.Build.0 = MinSizeRel|x64
		{C7FD13F6-F76C-3459-AB07-76061E13BDA4}.RelWithDebInfo|x64.ActiveCfg = RelWithDebInfo|x64
		{C7FD13F6-F76C-3459-AB07-76061E13BDA4}.RelWithDebInfo|x64.Build.0 = RelWithDebInfo|x64
		{6C67E0EF-7B0A-36C7-98FE-56F8FE568952}.Debug|x64.ActiveCfg = Debug|x64
		{6C67E0EF-7B0A-36C7-98FE-56F8FE568952}.Debug|x64.Build.0 = Debug|x64
		{6C67E0EF-7B0A-36C7-98FE-56F8FE568952}.Release|x64.ActiveCfg = Release|x64
		{6C67E0EF-7B0A-36C7-98FE-56F8FE568952}.Release|x64.Build.0 = Release|x64
		{6C67E0EF-7B0A-36C7-98FE-56F8FE568952}.MinSizeRel|x64.ActiveCfg = MinSizeRel|x64
		{6C67E0EF-7B0A-36C7-98FE-56F8FE568952}.MinSizeRel|x64.Build.0 = MinSizeRel|x64
		{6C67E0EF-7B0A-36C7-98FE-56F8FE568952}.RelWithDebInfo|x64.ActiveCfg = RelWithDebInfo|x64
		{6C67E0EF-7B0A-36C7-98FE-56F8FE568952}.RelWithDebInfo|x64.Build.0 = RelWithDebInfo|x64
		{AC728945-6E50-348E-B79F-497A5FC260FD}.Debug|x64.ActiveCfg = Debug|x64
		{AC728945-6E50-348E-B79F-497A5FC260FD}.Release|x64.ActiveCfg = Release|x64
		{AC728945-6E50-348E-B79F-497A5FC260FD}.MinSizeRel|x64.ActiveCfg = MinSizeRel|x64
		{AC728945-6E50-348E-B79F-497A5FC260FD}.RelWithDebInfo|x64.ActiveCfg = RelWithDebInfo|x64
		{69C44556-F244-3F44-9D2E-C2D70F3682D5}.Debug|x64.ActiveCfg = Debug|x64
		{69C44556-F244-3F44-9D2E-C2D70F3682D5}.Debug|x64.Build.0 = Debug|x64
		{69C44556-F244-3F44-9D2E-C2D70F3682D5}.Release|x64.ActiveCfg = Release|x64
		{69C44556-F244-3F44-9D2E-C2D70F3682D5}.Release|x64.Build.0 = Release|x64
		{69C44556-F244-3F44-9D2E-C2D70F3682D5}.MinSizeRel|x64.ActiveCfg = MinSizeRel|x64
		{69C44556-F244-3F44-9D2E-C2D70F3682D5}.MinSizeRel|x64.Build.0 = MinSizeRel|x64
		{69C44556-F244-3F44-9D2E-C2D70F3682D5}.RelWithDebInfo|x64.ActiveCfg = RelWithDebInfo|x64
		{69C44556-F244-3F44-9D2E-C2D70F3682D5}.RelWithDebInfo|x64.Build.0 = RelWithDebInfo|x64
		{E4FBE681-0EAD-3265-A1A2-3E19D3401C53}.Debug|x64.ActiveCfg = Debug|x64
		{E4FBE681-0EAD-3265-A1A2-3E19D3401C53}.Debug|x64.Build.0 = Debug|x64
		{E4FBE681-0EAD-3265-A1A2-3E19D3401C53}.Release|x64.ActiveCfg = Release|x64
		{E4FBE681-0EAD-3265-A1A2-3E19D3401C53}.Release|x64.Build.0 = Release|x64
		{E4FBE681-0EAD-3265-A1A2-3E19D3401C53}.MinSizeRel|x64.ActiveCfg = MinSizeRel|x64
		{E4FBE681-0EAD-3265-A1A2-3E19D3401C53}.MinSizeRel|x64.Build.0 = MinSizeRel|x64
		{E4FBE681-0EAD-3265-A1A2-3E19D3401C53}.RelWithDebInfo|x64.ActiveCfg = RelWithDebInfo|x64
		{E4FBE681-0EAD-3265-A1A2-3E19D3401C53}.RelWithDebInfo|x64.Build.0 = RelWithDebInfo|x64
		{E877669F-FDAB-3BD4-98D6-BAE3D825615F}.Debug|x64.ActiveCfg = Debug|x64
		{E877669F-FDAB-3BD4-98D6-BAE3D825615F}.Debug|x64.Build.0 = Debug|x64
		{E877669F-FDAB-3BD4-98D6-BAE3D825615F}.Release|x64.ActiveCfg = Release|x64
		{E877669F-FDAB-3BD4-98D6-BAE3D825615F}.Release|x64.Build.0 = Release|x64
		{E877669F-FDAB-3BD4-98D6-BAE3D825615F}.MinSizeRel|x64.ActiveCfg = MinSizeRel|x64
		{E877669F-FDAB-3BD4-98D6-BAE3D825615F}.MinSizeRel|x64.Build.0 = MinSizeRel|x64
		{E877669F-FDAB-3BD4-98D6-BAE3D825615F}.RelWithDebInfo|x64.ActiveCfg = RelWithDebInfo|x64
		{E877669F-FDAB-3BD4-98D6-BAE3D825615F}.RelWithDebInfo|x64.Build.0 = RelWithDebInfo|x64
		{4AEC235F-9837-3A37-8F07-55AB7115EACA}.Debug|x64.ActiveCfg = Debug|x64
		{4AEC235F-9837-3A37-8F07-55AB7115EACA}.Debug|x64.Build.0 = Debug|x64
		{4AEC235F-9837-3A37-8F07-55AB7115EACA}.Release|x64.ActiveCfg = Release|x64
		{4AEC235F-9837-3A37-8F07-55AB7115EACA}.Release|x64.Build.0 = Release|x64
		{4AEC235F-9837-3A37-8F07-55AB7115EACA}.MinSizeRel|x64.ActiveCfg = MinSizeRel|x64
		{4AEC235F-9837-3A37-8F07-55AB7115EACA}.MinSizeRel|x64.Build.0 = MinSizeRel|x64
		{4AEC235F-9837-3A37-8F07-55AB7115EACA}.RelWithDebInfo|x64.ActiveCfg = RelWithDebInfo|x64
		{4AEC235F-9837-3A37-8F07-55AB7115EACA}.RelWithDebInfo|x64.Build.0 = RelWithDebInfo|x64
		{256354D1-4CA2-3E7F-BD43-F3DC76422ABB}.Debug|x64.ActiveCfg = Debug|x64
		{256354D1-4CA2-3E7F-BD43-F3DC76422ABB}.Debug|x64.Build.0 = Debug|x64
		{256354D1-4CA2-3E7F-BD43-F3DC76422ABB}.Release|x64.ActiveCfg = Release|x64
		{256354D1-4CA2-3E7F-BD43-F3DC76422ABB}.Release|x64.Build.0 = Release|x64
		{256354D1-4CA2-3E7F-BD43-F3DC76422ABB}.MinSizeRel|x64.ActiveCfg = MinSizeRel|x64
		{256354D1-4CA2-3E7F-BD43-F3DC76422ABB}.MinSizeRel|x64.Build.0 = MinSizeRel|x64
		{256354D1-4CA2-3E7F-BD43-F3DC76422ABB}.RelWithDebInfo|x64.ActiveCfg = RelWithDebInfo|x64
		{256354D1-4CA2-3E7F-BD43-F3DC76422ABB}.RelWithDebInfo|x64.Build.0 = RelWithDebInfo|x64
		{2314C1D3-2D8F-36FD-AAA7-7C317D20CF80}.Debug|x64.ActiveCfg = Debug|x64
		{2314C1D3-2D8F-36FD-AAA7-7C317D20CF80}.Debug|x64.Build.0 = Debug|x64
		{2314C1D3-2D8F-36FD-AAA7-7C317D20CF80}.Release|x64.ActiveCfg = Release|x64
		{2314C1D3-2D8F-36FD-AAA7-7C317D20CF80}.Release|x64.Build.0 = Release|x64
		{2314C1D3-2D8F-36FD-AAA7-7C317D20CF80}.MinSizeRel|x64.ActiveCfg = MinSizeRel|x64
		{2314C1D3-2D8F-36FD-AAA7-7C317D20CF80}.MinSizeRel|x64.Build.0 = MinSizeRel|x64
		{2314C1D3-2D8F-36FD-AAA7-7C317D20CF80}.RelWithDebInfo|x64.ActiveCfg = RelWithDebInfo|x64
		{2314C1D3-2D8F-36FD-AAA7-7C317D20CF80}.RelWithDebInfo|x64.Build.0 = RelWithDebInfo|x64
		{60323DC6-AAD4-3C76-902A-1C409E962331}.Debug|x64.ActiveCfg = Debug|x64
		{60323DC6-AAD4-3C76-902A-1C409E962331}.Debug|x64.Build.0 = Debug|x64
		{60323DC6-AAD4-3C76-902A-1C409E962331}.Release|x64.ActiveCfg = Release|x64
		{60323DC6-AAD4-3C76-902A-1C409E962331}.Release|x64.Build.0 = Release|x64
		{60323DC6-AAD4-3C76-902A-1C409E962331}.MinSizeRel|x64.ActiveCfg = MinSizeRel|x64
		{60323DC6-AAD4-3C76-902A-1C409E962331}.MinSizeRel|x64.Build.0 = MinSizeRel|x64
		{60323DC6-AAD4-3C76-902A-1C409E962331}.RelWithDebInfo|x64.ActiveCfg = RelWithDebInfo|x64
		{60323DC6-AAD4-3C76-902A-1C409E962331}.RelWithDebInfo|x64.Build.0 = RelWithDebInfo|x64
		{AFD53EB5-9CEA-3687-B435-561FDE2C0CF0}.Debug|x64.ActiveCfg = Debug|x64
		{AFD53EB5-9CEA-3687-B435-561FDE2C0CF0}.Debug|x64.Build.0 = Debug|x64
		{AFD53EB5-9CEA-3687-B435-561FDE2C0CF0}.Release|x64.ActiveCfg = Release|x64
		{AFD53EB5-9CEA-3687-B435-561FDE2C0CF0}.Release|x64.Build.0 = Release|x64
		{AFD53EB5-9CEA-3687-B435-561FDE2C0CF0}.MinSizeRel|x64.ActiveCfg = MinSizeRel|x64
		{AFD53EB5-9CEA-3687-B435-561FDE2C0CF0}.MinSizeRel|x64.Build.0 = MinSizeRel|x64
		{AFD53EB5-9CEA-3687-B435-561FDE2C0CF0}.RelWithDebInfo|x64.ActiveCfg = RelWithDebInfo|x64
		{AFD53EB5-9CEA-3687-B435-561FDE2C0CF0}.RelWithDebInfo|x64.Build.0 = RelWithDebInfo|x64
		{E928DDD6-06A5-3EA9-B861-0DC47B96E528}.Debug|x64.ActiveCfg = Debug|x64
		{E928DDD6-06A5-3EA9-B861-0DC47B96E528}.Debug|x64.Build.0 = Debug|x64
		{E928DDD6-06A5-3EA9-B861-0DC47B96E528}.Release|x64.ActiveCfg = Release|x64
		{E928DDD6-06A5-3EA9-B861-0DC47B96E528}.Release|x64.Build.0 = Release|x64
		{E928DDD6-06A5-3EA9-B861-0DC47B96E528}.MinSizeRel|x64.ActiveCfg = MinSizeRel|x64
		{E928DDD6-06A5-3EA9-B861-0DC47B96E528}.MinSizeRel|x64.Build.0 = MinSizeRel|x64
		{E928DDD6-06A5-3EA9-B861-0DC47B96E528}.RelWithDebInfo|x64.ActiveCfg = RelWithDebInfo|x64
		{E928DDD6-06A5-3EA9-B861-0DC47B96E528}.RelWithDebInfo|x64.Build.0 = RelWithDebInfo|x64
		{A300411C-DD50-36D5-89EF-CB73D6F94C07}.Debug|x64.ActiveCfg = Debug|x64
		{A300411C-DD50-36D5-89EF-CB73D6F94C07}.Debug|x64.Build.0 = Debug|x64
		{A300411C-DD50-36D5-89EF-CB73D6F94C07}.Release|x64.ActiveCfg = Release|x64
		{A300411C-DD50-36D5-89EF-CB73D6F94C07}.Release|x64.Build.0 = Release|x64
		{A300411C-DD50-36D5-89EF-CB73D6F94C07}.MinSizeRel|x64.ActiveCfg = MinSizeRel|x64
		{A300411C-DD50-36D5-89EF-CB73D6F94C07}.MinSizeRel|x64.Build.0 = MinSizeRel|x64
		{A300411C-DD50-36D5-89EF-CB73D6F94C07}.RelWithDebInfo|x64.ActiveCfg = RelWithDebInfo|x64
		{A300411C-DD50-36D5-89EF-CB73D6F94C07}.RelWithDebInfo|x64.Build.0 = RelWithDebInfo|x64
		{6ABFA45A-AEF9-3517-A587-1A5555A7D7CF}.Debug|x64.ActiveCfg = Debug|x64
		{6ABFA45A-AEF9-3517-A587-1A5555A7D7CF}.Debug|x64.Build.0 = Debug|x64
		{6ABFA45A-AEF9-3517-A587-1A5555A7D7CF}.Release|x64.ActiveCfg = Release|x64
		{6ABFA45A-AEF9-3517-A587-1A5555A7D7CF}.Release|x64.Build.0 = Release|x64
		{6ABFA45A-AEF9-3517-A587-1A5555A7D7CF}.MinSizeRel|x64.ActiveCfg = MinSizeRel|x64
		{6ABFA45A-AEF9-3517-A587-1A5555A7D7CF}.MinSizeRel|x64.Build.0 = MinSizeRel|x64
		{6ABFA45A-AEF9-3517-A587-1A5555A7D7CF}.RelWithDebInfo|x64.ActiveCfg = RelWithDebInfo|x64
		{6ABFA45A-AEF9-3517-A587-1A5555A7D7CF}.RelWithDebInfo|x64.Build.0 = RelWithDebInfo|x64
		{97AA20EB-CDBD-39C9-B010-34AE89C0928A}.Debug|x64.ActiveCfg = Debug|x64
		{97AA20EB-CDBD-39C9-B010-34AE89C0928A}.Debug|x64.Build.0 = Debug|x64
		{97AA20EB-CDBD-39C9-B010-34AE89C0928A}.Release|x64.ActiveCfg = Release|x64
		{97AA20EB-CDBD-39C9-B010-34AE89C0928A}.Release|x64.Build.0 = Release|x64
		{97AA20EB-CDBD-39C9-B010-34AE89C0928A}.MinSizeRel|x64.ActiveCfg = MinSizeRel|x64
		{97AA20EB-CDBD-39C9-B010-34AE89C0928A}.MinSizeRel|x64.Build.0 = MinSizeRel|x64
		{97AA20EB-CDBD-39C9-B010-34AE89C0928A}.RelWithDebInfo|x64.ActiveCfg = RelWithDebInfo|x64
		{97AA20EB-CDBD-39C9-B010-34AE89C0928A}.RelWithDebInfo|x64.Build.0 = RelWithDebInfo|x64
		{5D496FD4-6505-3B8A-9689-F58C81272A3F}.Debug|x64.ActiveCfg = Debug|x64
		{5D496FD4-6505-3B8A-9689-F58C81272A3F}.Debug|x64.Build.0 = Debug|x64
		{5D496FD4-6505-3B8A-9689-F58C81272A3F}.Release|x64.ActiveCfg = Release|x64
		{5D496FD4-6505-3B8A-9689-F58C81272A3F}.Release|x64.Build.0 = Release|x64
		{5D496FD4-6505-3B8A-9689-F58C81272A3F}.MinSizeRel|x64.ActiveCfg = MinSizeRel|x64
		{5D496FD4-6505-3B8A-9689-F58C81272A3F}.MinSizeRel|x64.Build.0 = MinSizeRel|x64
		{5D496FD4-6505-3B8A-9689-F58C81272A3F}.RelWithDebInfo|x64.ActiveCfg = RelWithDebInfo|x64
		{5D496FD4-6505-3B8A-9689-F58C81272A3F}.RelWithDebInfo|x64.Build.0 = RelWithDebInfo|x64
		{65A0EC5A-0F78-3BAC-B0EC-303A808E96E3}.Debug|x64.ActiveCfg = Debug|x64
		{65A0EC5A-0F78-3BAC-B0EC-303A808E96E3}.Debug|x64.Build.0 = Debug|x64
		{65A0EC5A-0F78-3BAC-B0EC-303A808E96E3}.Release|x64.ActiveCfg = Release|x64
		{65A0EC5A-0F78-3BAC-B0EC-303A808E96E3}.Release|x64.Build.0 = Release|x64
		{65A0EC5A-0F78-3BAC-B0EC-303A808E96E3}.MinSizeRel|x64.ActiveCfg = MinSizeRel|x64
		{65A0EC5A-0F78-3BAC-B0EC-303A808E96E3}.MinSizeRel|x64.Build.0 = MinSizeRel|x64
		{65A0EC5A-0F78-3BAC-B0EC-303A808E96E3}.RelWithDebInfo|x64.ActiveCfg = RelWithDebInfo|x64
		{65A0EC5A-0F78-3BAC-B0EC-303A808E96E3}.RelWithDebInfo|x64.Build.0 = RelWithDebInfo|x64
		{FDC556A3-3A21-3176-8D8D-1D9FAC09E758}.Debug|x64.ActiveCfg = Debug|x64
		{FDC556A3-3A21-3176-8D8D-1D9FAC09E758}.Debug|x64.Build.0 = Debug|x64
		{FDC556A3-3A21-3176-8D8D-1D9FAC09E758}.Release|x64.ActiveCfg = Release|x64
		{FDC556A3-3A21-3176-8D8D-1D9FAC09E758}.Release|x64.Build.0 = Release|x64
		{FDC556A3-3A21-3176-8D8D-1D9FAC09E758}.MinSizeRel|x64.ActiveCfg = MinSizeRel|x64
		{FDC556A3-3A21-3176-8D8D-1D9FAC09E758}.MinSizeRel|x64.Build.0 = MinSizeRel|x64
		{FDC556A3-3A21-3176-8D8D-1D9FAC09E758}.RelWithDebInfo|x64.ActiveCfg = RelWithDebInfo|x64
		{FDC556A3-3A21-3176-8D8D-1D9FAC09E758}.RelWithDebInfo|x64.Build.0 = RelWithDebInfo|x64
		{5507FB67-7F9C-3DC2-B348-77A9B819A6EF}.Debug|x64.ActiveCfg = Debug|x64
		{5507FB67-7F9C-3DC2-B348-77A9B819A6EF}.Debug|x64.Build.0 = Debug|x64
		{5507FB67-7F9C-3DC2-B348-77A9B819A6EF}.Release|x64.ActiveCfg = Release|x64
		{5507FB67-7F9C-3DC2-B348-77A9B819A6EF}.Release|x64.Build.0 = Release|x64
		{5507FB67-7F9C-3DC2-B348-77A9B819A6EF}.MinSizeRel|x64.ActiveCfg = MinSizeRel|x64
		{5507FB67-7F9C-3DC2-B348-77A9B819A6EF}.MinSizeRel|x64.Build.0 = MinSizeRel|x64
		{5507FB67-7F9C-3DC2-B348-77A9B819A6EF}.RelWithDebInfo|x64.ActiveCfg = RelWithDebInfo|x64
		{5507FB67-7F9C-3DC2-B348-77A9B819A6EF}.RelWithDebInfo|x64.Build.0 = RelWithDebInfo|x64
		{9F273261-F761-3839-B2DA-F8DCC322BF3E}.Debug|x64.ActiveCfg = Debug|x64
		{9F273261-F761-3839-B2DA-F8DCC322BF3E}.Debug|x64.Build.0 = Debug|x64
		{9F273261-F761-3839-B2DA-F8DCC322BF3E}.Release|x64.ActiveCfg = Release|x64
		{9F273261-F761-3839-B2DA-F8DCC322BF3E}.Release|x64.Build.0 = Release|x64
		{9F273261-F761-3839-B2DA-F8DCC322BF3E}.MinSizeRel|x64.ActiveCfg = MinSizeRel|x64
		{9F273261-F761-3839-B2DA-F8DCC322BF3E}.MinSizeRel|x64.Build.0 = MinSizeRel|x64
		{9F273261-F761-3839-B2DA-F8DCC322BF3E}.RelWithDebInfo|x64.ActiveCfg = RelWithDebInfo|x64
		{9F273261-F761-3839-B2DA-F8DCC322BF3E}.RelWithDebInfo|x64.Build.0 = RelWithDebInfo|x64
		{31652602-8C70-39C4-8172-0C2C2A14622C}.Debug|x64.ActiveCfg = Debug|x64
		{31652602-8C70-39C4-8172-0C2C2A14622C}.Debug|x64.Build.0 = Debug|x64
		{31652602-8C70-39C4-8172-0C2C2A14622C}.Release|x64.ActiveCfg = Release|x64
		{31652602-8C70-39C4-8172-0C2C2A14622C}.Release|x64.Build.0 = Release|x64
		{31652602-8C70-39C4-8172-0C2C2A14622C}.MinSizeRel|x64.ActiveCfg = MinSizeRel|x64
		{31652602-8C70-39C4-8172-0C2C2A14622C}.MinSizeRel|x64.Build.0 = MinSizeRel|x64
		{31652602-8C70-39C4-8172-0C2C2A14622C}.RelWithDebInfo|x64.ActiveCfg = RelWithDebInfo|x64
		{31652602-8C70-39C4-8172-0C2C2A14622C}.RelWithDebInfo|x64.Build.0 = RelWithDebInfo|x64
		{5E127FFB-A6DE-3CCC-B8CF-6B76DFFC8B1D}.Debug|x64.ActiveCfg = Debug|x64
		{5E127FFB-A6DE-3CCC-B8CF-6B76DFFC8B1D}.Debug|x64.Build.0 = Debug|x64
		{5E127FFB-A6DE-3CCC-B8CF-6B76DFFC8B1D}.Release|x64.ActiveCfg = Release|x64
		{5E127FFB-A6DE-3CCC-B8CF-6B76DFFC8B1D}.Release|x64.Build.0 = Release|x64
		{5E127FFB-A6DE-3CCC-B8CF-6B76DFFC8B1D}.MinSizeRel|x64.ActiveCfg = MinSizeRel|x64
		{5E127FFB-A6DE-3CCC-B8CF-6B76DFFC8B1D}.MinSizeRel|x64.Build.0 = MinSizeRel|x64
		{5E127FFB-A6DE-3CCC-B8CF-6B76DFFC8B1D}.RelWithDebInfo|x64.ActiveCfg = RelWithDebInfo|x64
		{5E127FFB-A6DE-3CCC-B8CF-6B76DFFC8B1D}.RelWithDebInfo|x64.Build.0 = RelWithDebInfo|x64
		{8D9D069B-BB3F-3BAA-AE89-63C96B978B30}.Debug|x64.ActiveCfg = Debug|x64
		{8D9D069B-BB3F-3BAA-AE89-63C96B978B30}.Debug|x64.Build.0 = Debug|x64
		{8D9D069B-BB3F-3BAA-AE89-63C96B978B30}.Release|x64.ActiveCfg = Release|x64
		{8D9D069B-BB3F-3BAA-AE89-63C96B978B30}.Release|x64.Build.0 = Release|x64
		{8D9D069B-BB3F-3BAA-AE89-63C96B978B30}.MinSizeRel|x64.ActiveCfg = MinSizeRel|x64
		{8D9D069B-BB3F-3BAA-AE89-63C96B978B30}.MinSizeRel|x64.Build.0 = MinSizeRel|x64
		{8D9D069B-BB3F-3BAA-AE89-63C96B978B30}.RelWithDebInfo|x64.ActiveCfg = RelWithDebInfo|x64
		{8D9D069B-BB3F-3BAA-AE89-63C96B978B30}.RelWithDebInfo|x64.Build.0 = RelWithDebInfo|x64
		{F23AFDEC-795A-3CF8-ADE1-C87F60C1339E}.Debug|x64.ActiveCfg = Debug|x64
		{F23AFDEC-795A-3CF8-ADE1-C87F60C1339E}.Debug|x64.Build.0 = Debug|x64
		{F23AFDEC-795A-3CF8-ADE1-C87F60C1339E}.Release|x64.ActiveCfg = Release|x64
		{F23AFDEC-795A-3CF8-ADE1-C87F60C1339E}.Release|x64.Build.0 = Release|x64
		{F23AFDEC-795A-3CF8-ADE1-C87F60C1339E}.MinSizeRel|x64.ActiveCfg = MinSizeRel|x64
		{F23AFDEC-795A-3CF8-ADE1-C87F60C1339E}.MinSizeRel|x64.Build.0 = MinSizeRel|x64
		{F23AFDEC-795A-3CF8-ADE1-C87F60C1339E}.RelWithDebInfo|x64.ActiveCfg = RelWithDebInfo|x64
		{F23AFDEC-795A-3CF8-ADE1-C87F60C1339E}.RelWithDebInfo|x64.Build.0 = RelWithDebInfo|x64
		{41281FD8-1ED2-3F68-99DA-8C06B10A88BD}.Debug|x64.ActiveCfg = Debug|x64
		{41281FD8-1ED2-3F68-99DA-8C06B10A88BD}.Debug|x64.Build.0 = Debug|x64
		{41281FD8-1ED2-3F68-99DA-8C06B10A88BD}.Release|x64.ActiveCfg = Release|x64
		{41281FD8-1ED2-3F68-99DA-8C06B10A88BD}.Release|x64.Build.0 = Release|x64
		{41281FD8-1ED2-3F68-99DA-8C06B10A88BD}.MinSizeRel|x64.ActiveCfg = MinSizeRel|x64
		{41281FD8-1ED2-3F68-99DA-8C06B10A88BD}.MinSizeRel|x64.Build.0 = MinSizeRel|x64
		{41281FD8-1ED2-3F68-99DA-8C06B10A88BD}.RelWithDebInfo|x64.ActiveCfg = RelWithDebInfo|x64
		{41281FD8-1ED2-3F68-99DA-8C06B10A88BD}.RelWithDebInfo|x64.Build.0 = RelWithDebInfo|x64
		{8A4A0736-0BEE-37D2-844F-462CEBA14DB3}.Debug|x64.ActiveCfg = Debug|x64
		{8A4A0736-0BEE-37D2-844F-462CEBA14DB3}.Debug|x64.Build.0 = Debug|x64
		{8A4A0736-0BEE-37D2-844F-462CEBA14DB3}.Release|x64.ActiveCfg = Release|x64
		{8A4A0736-0BEE-37D2-844F-462CEBA14DB3}.Release|x64.Build.0 = Release|x64
		{8A4A0736-0BEE-37D2-844F-462CEBA14DB3}.MinSizeRel|x64.ActiveCfg = MinSizeRel|x64
		{8A4A0736-0BEE-37D2-844F-462CEBA14DB3}.MinSizeRel|x64.Build.0 = MinSizeRel|x64
		{8A4A0736-0BEE-37D2-844F-462CEBA14DB3}.RelWithDebInfo|x64.ActiveCfg = RelWithDebInfo|x64
		{8A4A0736-0BEE-37D2-844F-462CEBA14DB3}.RelWithDebInfo|x64.Build.0 = RelWithDebInfo|x64
		{A2139A2C-7E7A-38EE-A254-7A888B4C1E56}.Debug|x64.ActiveCfg = Debug|x64
		{A2139A2C-7E7A-38EE-A254-7A888B4C1E56}.Debug|x64.Build.0 = Debug|x64
		{A2139A2C-7E7A-38EE-A254-7A888B4C1E56}.Release|x64.ActiveCfg = Release|x64
		{A2139A2C-7E7A-38EE-A254-7A888B4C1E56}.Release|x64.Build.0 = Release|x64
		{A2139A2C-7E7A-38EE-A254-7A888B4C1E56}.MinSizeRel|x64.ActiveCfg = MinSizeRel|x64
		{A2139A2C-7E7A-38EE-A254-7A888B4C1E56}.MinSizeRel|x64.Build.0 = MinSizeRel|x64
		{A2139A2C-7E7A-38EE-A254-7A888B4C1E56}.RelWithDebInfo|x64.ActiveCfg = RelWithDebInfo|x64
		{A2139A2C-7E7A-38EE-A254-7A888B4C1E56}.RelWithDebInfo|x64.Build.0 = RelWithDebInfo|x64
		{8B45A4C9-CF2B-3D3D-BF2A-86508FC8ABCE}.Debug|x64.ActiveCfg = Debug|x64
		{8B45A4C9-CF2B-3D3D-BF2A-86508FC8ABCE}.Debug|x64.Build.0 = Debug|x64
		{8B45A4C9-CF2B-3D3D-BF2A-86508FC8ABCE}.Release|x64.ActiveCfg = Release|x64
		{8B45A4C9-CF2B-3D3D-BF2A-86508FC8ABCE}.Release|x64.Build.0 = Release|x64
		{8B45A4C9-CF2B-3D3D-BF2A-86508FC8ABCE}.MinSizeRel|x64.ActiveCfg = MinSizeRel|x64
		{8B45A4C9-CF2B-3D3D-BF2A-86508FC8ABCE}.MinSizeRel|x64.Build.0 = MinSizeRel|x64
		{8B45A4C9-CF2B-3D3D-BF2A-86508FC8ABCE}.RelWithDebInfo|x64.ActiveCfg = RelWithDebInfo|x64
		{8B45A4C9-CF2B-3D3D-BF2A-86508FC8ABCE}.RelWithDebInfo|x64.Build.0 = RelWithDebInfo|x64
		{59558E0F-614B-3568-BC07-15DFF5BEAD96}.Debug|x64.ActiveCfg = Debug|x64
		{59558E0F-614B-3568-BC07-15DFF5BEAD96}.Debug|x64.Build.0 = Debug|x64
		{59558E0F-614B-3568-BC07-15DFF5BEAD96}.Release|x64.ActiveCfg = Release|x64
		{59558E0F-614B-3568-BC07-15DFF5BEAD96}.Release|x64.Build.0 = Release|x64
		{59558E0F-614B-3568-BC07-15DFF5BEAD96}.MinSizeRel|x64.ActiveCfg = MinSizeRel|x64
		{59558E0F-614B-3568-BC07-15DFF5BEAD96}.MinSizeRel|x64.Build.0 = MinSizeRel|x64
		{59558E0F-614B-3568-BC07-15DFF5BEAD96}.RelWithDebInfo|x64.ActiveCfg = RelWithDebInfo|x64
		{59558E0F-614B-3568-BC07-15DFF5BEAD96}.RelWithDebInfo|x64.Build.0 = RelWithDebInfo|x64
		{424EE1CC-D3A8-34A9-9C14-4039C4AF55E6}.Debug|x64.ActiveCfg = Debug|x64
		{424EE1CC-D3A8-34A9-9C14-4039C4AF55E6}.Debug|x64.Build.0 = Debug|x64
		{424EE1CC-D3A8-34A9-9C14-4039C4AF55E6}.Release|x64.ActiveCfg = Release|x64
		{424EE1CC-D3A8-34A9-9C14-4039C4AF55E6}.Release|x64.Build.0 = Release|x64
		{424EE1CC-D3A8-34A9-9C14-4039C4AF55E6}.MinSizeRel|x64.ActiveCfg = MinSizeRel|x64
		{424EE1CC-D3A8-34A9-9C14-4039C4AF55E6}.MinSizeRel|x64.Build.0 = MinSizeRel|x64
		{424EE1CC-D3A8-34A9-9C14-4039C4AF55E6}.RelWithDebInfo|x64.ActiveCfg = RelWithDebInfo|x64
		{424EE1CC-D3A8-34A9-9C14-4039C4AF55E6}.RelWithDebInfo|x64.Build.0 = RelWithDebInfo|x64
		{D2A4AE3E-01D7-3FAD-A0E2-26DB80C95827}.Debug|x64.ActiveCfg = Debug|x64
		{D2A4AE3E-01D7-3FAD-A0E2-26DB80C95827}.Debug|x64.Build.0 = Debug|x64
		{D2A4AE3E-01D7-3FAD-A0E2-26DB80C95827}.Release|x64.ActiveCfg = Release|x64
		{D2A4AE3E-01D7-3FAD-A0E2-26DB80C95827}.Release|x64.Build.0 = Release|x64
		{D2A4AE3E-01D7-3FAD-A0E2-26DB80C95827}.MinSizeRel|x64.ActiveCfg = MinSizeRel|x64
		{D2A4AE3E-01D7-3FAD-A0E2-26DB80C95827}.MinSizeRel|x64.Build.0 = MinSizeRel|x64
		{D2A4AE3E-01D7-3FAD-A0E2-26DB80C95827}.RelWithDebInfo|x64.ActiveCfg = RelWithDebInfo|x64
		{D2A4AE3E-01D7-3FAD-A0E2-26DB80C95827}.RelWithDebInfo|x64.Build.0 = RelWithDebInfo|x64
		{3EE0E2AF-C05C-3707-9D9A-A1015DFFE033}.Debug|x64.ActiveCfg = Debug|x64
		{3EE0E2AF-C05C-3707-9D9A-A1015DFFE033}.Debug|x64.Build.0 = Debug|x64
		{3EE0E2AF-C05C-3707-9D9A-A1015DFFE033}.Release|x64.ActiveCfg = Release|x64
		{3EE0E2AF-C05C-3707-9D9A-A1015DFFE033}.Release|x64.Build.0 = Release|x64
		{3EE0E2AF-C05C-3707-9D9A-A1015DFFE033}.MinSizeRel|x64.ActiveCfg = MinSizeRel|x64
		{3EE0E2AF-C05C-3707-9D9A-A1015DFFE033}.MinSizeRel|x64.Build.0 = MinSizeRel|x64
		{3EE0E2AF-C05C-3707-9D9A-A1015DFFE033}.RelWithDebInfo|x64.ActiveCfg = RelWithDebInfo|x64
		{3EE0E2AF-C05C-3707-9D9A-A1015DFFE033}.RelWithDebInfo|x64.Build.0 = RelWithDebInfo|x64
		{29E2C2CE-D7A8-3CAF-A1F7-5E759C605E4C}.Debug|x64.ActiveCfg = Debug|x64
		{29E2C2CE-D7A8-3CAF-A1F7-5E759C605E4C}.Debug|x64.Build.0 = Debug|x64
		{29E2C2CE-D7A8-3CAF-A1F7-5E759C605E4C}.Release|x64.ActiveCfg = Release|x64
		{29E2C2CE-D7A8-3CAF-A1F7-5E759C605E4C}.Release|x64.Build.0 = Release|x64
		{29E2C2CE-D7A8-3CAF-A1F7-5E759C605E4C}.MinSizeRel|x64.ActiveCfg = MinSizeRel|x64
		{29E2C2CE-D7A8-3CAF-A1F7-5E759C605E4C}.MinSizeRel|x64.Build.0 = MinSizeRel|x64
		{29E2C2CE-D7A8-3CAF-A1F7-5E759C605E4C}.RelWithDebInfo|x64.ActiveCfg = RelWithDebInfo|x64
		{29E2C2CE-D7A8-3CAF-A1F7-5E759C605E4C}.RelWithDebInfo|x64.Build.0 = RelWithDebInfo|x64
		{94051C69-A157-38FB-8122-DE84B1251103}.Debug|x64.ActiveCfg = Debug|x64
		{94051C69-A157-38FB-8122-DE84B1251103}.Debug|x64.Build.0 = Debug|x64
		{94051C69-A157-38FB-8122-DE84B1251103}.Release|x64.ActiveCfg = Release|x64
		{94051C69-A157-38FB-8122-DE84B1251103}.Release|x64.Build.0 = Release|x64
		{94051C69-A157-38FB-8122-DE84B1251103}.MinSizeRel|x64.ActiveCfg = MinSizeRel|x64
		{94051C69-A157-38FB-8122-DE84B1251103}.MinSizeRel|x64.Build.0 = MinSizeRel|x64
		{94051C69-A157-38FB-8122-DE84B1251103}.RelWithDebInfo|x64.ActiveCfg = RelWithDebInfo|x64
		{94051C69-A157-38FB-8122-DE84B1251103}.RelWithDebInfo|x64.Build.0 = RelWithDebInfo|x64
		{BA2C8058-BCB0-3C66-A737-51F02E458BBB}.Debug|x64.ActiveCfg = Debug|x64
		{BA2C8058-BCB0-3C66-A737-51F02E458BBB}.Debug|x64.Build.0 = Debug|x64
		{BA2C8058-BCB0-3C66-A737-51F02E458BBB}.Release|x64.ActiveCfg = Release|x64
		{BA2C8058-BCB0-3C66-A737-51F02E458BBB}.Release|x64.Build.0 = Release|x64
		{BA2C8058-BCB0-3C66-A737-51F02E458BBB}.MinSizeRel|x64.ActiveCfg = MinSizeRel|x64
		{BA2C8058-BCB0-3C66-A737-51F02E458BBB}.MinSizeRel|x64.Build.0 = MinSizeRel|x64
		{BA2C8058-BCB0-3C66-A737-51F02E458BBB}.RelWithDebInfo|x64.ActiveCfg = RelWithDebInfo|x64
		{BA2C8058-BCB0-3C66-A737-51F02E458BBB}.RelWithDebInfo|x64.Build.0 = RelWithDebInfo|x64
	EndGlobalSection
	GlobalSection(ExtensibilityGlobals) = postSolution
		SolutionGuid = {20CE184F-C0C7-3A6C-9550-7CFE32458CD9}
	EndGlobalSection
	GlobalSection(ExtensibilityAddIns) = postSolution
	EndGlobalSection
EndGlobal
